
Microsoft Visual Studio Solution File, Format Version 12.00
# Visual Studio Version 16
VisualStudioVersion = 16.0.32407.337
MinimumVisualStudioVersion = 10.0.40219.1
Project("{8BC9CEB8-8B4A-11D0-8D11-00A0C91BC942}") = "Win_getopt", "..\..\subprojects\wingetopt\VS.2022\Win_getopt.vcxproj", "{621B44CE-B314-4E05-B214-5DC70F2B4798}"
EndProject
Project("{8BC9CEB8-8B4A-11D0-8D11-00A0C91BC942}") = "opensea-common", "..\..\subprojects\opensea-common\Make\VS.2022\opensea-common\opensea-common\opensea-common.vcxproj", "{FBCBA2F1-3BF8-4A25-B815-E228E1AEDCFF}"
EndProject
Project("{8BC9CEB8-8B4A-11D0-8D11-00A0C91BC942}") = "opensea-operationsLib", "..\..\subprojects\opensea-operations\Make\VS.2022\opensea-operations\opensea-operations\opensea-operations.vcxproj", "{A0771494-8717-48AB-A0E5-49191252FF2C}"
	ProjectSection(ProjectDependencies) = postProject
		{7DAC7F63-E808-47FD-BEEB-33E4A870008B} = {7DAC7F63-E808-47FD-BEEB-33E4A870008B}
		{FBCBA2F1-3BF8-4A25-B815-E228E1AEDCFF} = {FBCBA2F1-3BF8-4A25-B815-E228E1AEDCFF}
	EndProjectSection
EndProject
Project("{8BC9CEB8-8B4A-11D0-8D11-00A0C91BC942}") = "opensea-operations-DLL", "..\..\subprojects\opensea-operations\Make\VS.2022\opensea-operations\opensea-operations-DLL\opensea-operations-DLL.vcxproj", "{D73F51F3-3C0C-4E82-A0C2-10823534A5D8}"
	ProjectSection(ProjectDependencies) = postProject
		{EC785B2D-14C3-4AAF-AF33-595BFC96343C} = {EC785B2D-14C3-4AAF-AF33-595BFC96343C}
		{FBCBA2F1-3BF8-4A25-B815-E228E1AEDCFF} = {FBCBA2F1-3BF8-4A25-B815-E228E1AEDCFF}
	EndProjectSection
EndProject
Project("{8BC9CEB8-8B4A-11D0-8D11-00A0C91BC942}") = "opensea-transportLib", "..\..\subprojects\opensea-transport\Make\VS.2022\opensea-transport\opensea-transport\opensea-transport.vcxproj", "{7DAC7F63-E808-47FD-BEEB-33E4A870008B}"
	ProjectSection(ProjectDependencies) = postProject
		{FBCBA2F1-3BF8-4A25-B815-E228E1AEDCFF} = {FBCBA2F1-3BF8-4A25-B815-E228E1AEDCFF}
	EndProjectSection
EndProject
Project("{8BC9CEB8-8B4A-11D0-8D11-00A0C91BC942}") = "opensea-transport-DLL", "..\..\subprojects\opensea-transport\Make\VS.2022\opensea-transport\opensea-transport-DLL\opensea-transport-DLL.vcxproj", "{EC785B2D-14C3-4AAF-AF33-595BFC96343C}"
	ProjectSection(ProjectDependencies) = postProject
		{FBCBA2F1-3BF8-4A25-B815-E228E1AEDCFF} = {FBCBA2F1-3BF8-4A25-B815-E228E1AEDCFF}
	EndProjectSection
EndProject
Project("{8BC9CEB8-8B4A-11D0-8D11-00A0C91BC942}") = "OpenSeaChest_Sample", "OpenSeaChest_Sample\OpenSeaChest_Sample.vcxproj", "{03588254-A97A-44A4-8670-65FBA5B60CBD}"
	ProjectSection(ProjectDependencies) = postProject
		{621B44CE-B314-4E05-B214-5DC70F2B4798} = {621B44CE-B314-4E05-B214-5DC70F2B4798}
		{7DAC7F63-E808-47FD-BEEB-33E4A870008B} = {7DAC7F63-E808-47FD-BEEB-33E4A870008B}
		{A0771494-8717-48AB-A0E5-49191252FF2C} = {A0771494-8717-48AB-A0E5-49191252FF2C}
		{FBCBA2F1-3BF8-4A25-B815-E228E1AEDCFF} = {FBCBA2F1-3BF8-4A25-B815-E228E1AEDCFF}
	EndProjectSection
EndProject
Project("{8BC9CEB8-8B4A-11D0-8D11-00A0C91BC942}") = "OpenSeaChest_Basics", "OpenSeaChest_Basics\OpenSeaChest_Basics.vcxproj", "{5794F5B0-B7C5-40F0-9C2E-6D1B224F1060}"
	ProjectSection(ProjectDependencies) = postProject
		{621B44CE-B314-4E05-B214-5DC70F2B4798} = {621B44CE-B314-4E05-B214-5DC70F2B4798}
		{7DAC7F63-E808-47FD-BEEB-33E4A870008B} = {7DAC7F63-E808-47FD-BEEB-33E4A870008B}
		{A0771494-8717-48AB-A0E5-49191252FF2C} = {A0771494-8717-48AB-A0E5-49191252FF2C}
		{A319438D-D2E5-4CA2-91C4-12769AA9A2EB} = {A319438D-D2E5-4CA2-91C4-12769AA9A2EB}
		{FBCBA2F1-3BF8-4A25-B815-E228E1AEDCFF} = {FBCBA2F1-3BF8-4A25-B815-E228E1AEDCFF}
	EndProjectSection
EndProject
Project("{8BC9CEB8-8B4A-11D0-8D11-00A0C91BC942}") = "OpenSeaChest_Configure", "OpenSeaChest_Configure\OpenSeaChest_Configure.vcxproj", "{C8E9CA68-8233-4C84-92D7-7476596D1BBC}"
	ProjectSection(ProjectDependencies) = postProject
		{621B44CE-B314-4E05-B214-5DC70F2B4798} = {621B44CE-B314-4E05-B214-5DC70F2B4798}
		{7DAC7F63-E808-47FD-BEEB-33E4A870008B} = {7DAC7F63-E808-47FD-BEEB-33E4A870008B}
		{A0771494-8717-48AB-A0E5-49191252FF2C} = {A0771494-8717-48AB-A0E5-49191252FF2C}
		{FBCBA2F1-3BF8-4A25-B815-E228E1AEDCFF} = {FBCBA2F1-3BF8-4A25-B815-E228E1AEDCFF}
	EndProjectSection
EndProject
Project("{8BC9CEB8-8B4A-11D0-8D11-00A0C91BC942}") = "OpenSeaChest_Erase", "OpenSeaChest_Erase\OpenSeaChest_Erase.vcxproj", "{609A2F5E-363B-41CA-8BE5-455832C4DB29}"
	ProjectSection(ProjectDependencies) = postProject
		{621B44CE-B314-4E05-B214-5DC70F2B4798} = {621B44CE-B314-4E05-B214-5DC70F2B4798}
		{7DAC7F63-E808-47FD-BEEB-33E4A870008B} = {7DAC7F63-E808-47FD-BEEB-33E4A870008B}
		{A0771494-8717-48AB-A0E5-49191252FF2C} = {A0771494-8717-48AB-A0E5-49191252FF2C}
		{FBCBA2F1-3BF8-4A25-B815-E228E1AEDCFF} = {FBCBA2F1-3BF8-4A25-B815-E228E1AEDCFF}
	EndProjectSection
EndProject
Project("{8BC9CEB8-8B4A-11D0-8D11-00A0C91BC942}") = "OpenSeaChest_Firmware", "OpenSeaChest_Firmware\OpenSeaChest_Firmware.vcxproj", "{205622FC-74B8-4801-9CCB-21D2EC769992}"
	ProjectSection(ProjectDependencies) = postProject
		{621B44CE-B314-4E05-B214-5DC70F2B4798} = {621B44CE-B314-4E05-B214-5DC70F2B4798}
		{7DAC7F63-E808-47FD-BEEB-33E4A870008B} = {7DAC7F63-E808-47FD-BEEB-33E4A870008B}
		{A0771494-8717-48AB-A0E5-49191252FF2C} = {A0771494-8717-48AB-A0E5-49191252FF2C}
		{FBCBA2F1-3BF8-4A25-B815-E228E1AEDCFF} = {FBCBA2F1-3BF8-4A25-B815-E228E1AEDCFF}
	EndProjectSection
EndProject
Project("{8BC9CEB8-8B4A-11D0-8D11-00A0C91BC942}") = "OpenSeaChest_Format", "OpenSeaChest_Format\OpenSeaChest_Format.vcxproj", "{065695AE-87D9-4BA3-A758-6D05BE2C32D8}"
	ProjectSection(ProjectDependencies) = postProject
		{621B44CE-B314-4E05-B214-5DC70F2B4798} = {621B44CE-B314-4E05-B214-5DC70F2B4798}
		{7DAC7F63-E808-47FD-BEEB-33E4A870008B} = {7DAC7F63-E808-47FD-BEEB-33E4A870008B}
		{A0771494-8717-48AB-A0E5-49191252FF2C} = {A0771494-8717-48AB-A0E5-49191252FF2C}
		{FBCBA2F1-3BF8-4A25-B815-E228E1AEDCFF} = {FBCBA2F1-3BF8-4A25-B815-E228E1AEDCFF}
	EndProjectSection
EndProject
Project("{8BC9CEB8-8B4A-11D0-8D11-00A0C91BC942}") = "OpenSeaChest_GenericTests", "OpenSeaChest_GenericTests\OpenSeaChest_GenericTests.vcxproj", "{E9EFA15F-B003-4A57-B6CF-D2BB0CFEF711}"
	ProjectSection(ProjectDependencies) = postProject
		{621B44CE-B314-4E05-B214-5DC70F2B4798} = {621B44CE-B314-4E05-B214-5DC70F2B4798}
		{7DAC7F63-E808-47FD-BEEB-33E4A870008B} = {7DAC7F63-E808-47FD-BEEB-33E4A870008B}
		{A0771494-8717-48AB-A0E5-49191252FF2C} = {A0771494-8717-48AB-A0E5-49191252FF2C}
		{FBCBA2F1-3BF8-4A25-B815-E228E1AEDCFF} = {FBCBA2F1-3BF8-4A25-B815-E228E1AEDCFF}
	EndProjectSection
EndProject
Project("{8BC9CEB8-8B4A-11D0-8D11-00A0C91BC942}") = "OpenSeaChest_Info", "OpenSeaChest_Info\OpenSeaChest_Info.vcxproj", "{6E349242-B6C9-417F-AC21-AC547B8E79F0}"
	ProjectSection(ProjectDependencies) = postProject
		{621B44CE-B314-4E05-B214-5DC70F2B4798} = {621B44CE-B314-4E05-B214-5DC70F2B4798}
		{7DAC7F63-E808-47FD-BEEB-33E4A870008B} = {7DAC7F63-E808-47FD-BEEB-33E4A870008B}
		{A0771494-8717-48AB-A0E5-49191252FF2C} = {A0771494-8717-48AB-A0E5-49191252FF2C}
		{A319438D-D2E5-4CA2-91C4-12769AA9A2EB} = {A319438D-D2E5-4CA2-91C4-12769AA9A2EB}
		{FBCBA2F1-3BF8-4A25-B815-E228E1AEDCFF} = {FBCBA2F1-3BF8-4A25-B815-E228E1AEDCFF}
	EndProjectSection
EndProject
Project("{8BC9CEB8-8B4A-11D0-8D11-00A0C91BC942}") = "OpenSeaChest_PowerControl", "OpenSeaChest_PowerControl\OpenSeaChest_PowerControl.vcxproj", "{A298F477-CB54-454E-8231-2490B12A137A}"
	ProjectSection(ProjectDependencies) = postProject
		{621B44CE-B314-4E05-B214-5DC70F2B4798} = {621B44CE-B314-4E05-B214-5DC70F2B4798}
		{7DAC7F63-E808-47FD-BEEB-33E4A870008B} = {7DAC7F63-E808-47FD-BEEB-33E4A870008B}
		{A0771494-8717-48AB-A0E5-49191252FF2C} = {A0771494-8717-48AB-A0E5-49191252FF2C}
		{FBCBA2F1-3BF8-4A25-B815-E228E1AEDCFF} = {FBCBA2F1-3BF8-4A25-B815-E228E1AEDCFF}
	EndProjectSection
EndProject
Project("{8BC9CEB8-8B4A-11D0-8D11-00A0C91BC942}") = "OpenSeaChest_SMART", "OpenSeaChest_SMART\OpenSeaChest_SMART.vcxproj", "{1C6E7DEA-F554-46BA-85F8-CDEA738CD1B1}"
	ProjectSection(ProjectDependencies) = postProject
		{621B44CE-B314-4E05-B214-5DC70F2B4798} = {621B44CE-B314-4E05-B214-5DC70F2B4798}
		{7DAC7F63-E808-47FD-BEEB-33E4A870008B} = {7DAC7F63-E808-47FD-BEEB-33E4A870008B}
		{A0771494-8717-48AB-A0E5-49191252FF2C} = {A0771494-8717-48AB-A0E5-49191252FF2C}
		{A319438D-D2E5-4CA2-91C4-12769AA9A2EB} = {A319438D-D2E5-4CA2-91C4-12769AA9A2EB}
		{FBCBA2F1-3BF8-4A25-B815-E228E1AEDCFF} = {FBCBA2F1-3BF8-4A25-B815-E228E1AEDCFF}
	EndProjectSection
EndProject
Project("{8BC9CEB8-8B4A-11D0-8D11-00A0C91BC942}") = "OpenSeaChest_ZBD", "OpenSeaChest_ZBD\OpenSeaChest_ZBD.vcxproj", "{BA02E703-CDB7-4FD6-8986-C5DBAAEE6062}"
	ProjectSection(ProjectDependencies) = postProject
		{621B44CE-B314-4E05-B214-5DC70F2B4798} = {621B44CE-B314-4E05-B214-5DC70F2B4798}
		{7DAC7F63-E808-47FD-BEEB-33E4A870008B} = {7DAC7F63-E808-47FD-BEEB-33E4A870008B}
		{A0771494-8717-48AB-A0E5-49191252FF2C} = {A0771494-8717-48AB-A0E5-49191252FF2C}
		{FBCBA2F1-3BF8-4A25-B815-E228E1AEDCFF} = {FBCBA2F1-3BF8-4A25-B815-E228E1AEDCFF}
	EndProjectSection
EndProject
Project("{8BC9CEB8-8B4A-11D0-8D11-00A0C91BC942}") = "OpenSeaChest_Logs", "OpenSeaChest_Logs\OpenSeaChest_Logs.vcxproj", "{79FF5FB4-358D-4A8C-A053-54AB6707E879}"
	ProjectSection(ProjectDependencies) = postProject
		{621B44CE-B314-4E05-B214-5DC70F2B4798} = {621B44CE-B314-4E05-B214-5DC70F2B4798}
		{7DAC7F63-E808-47FD-BEEB-33E4A870008B} = {7DAC7F63-E808-47FD-BEEB-33E4A870008B}
		{A0771494-8717-48AB-A0E5-49191252FF2C} = {A0771494-8717-48AB-A0E5-49191252FF2C}
		{FBCBA2F1-3BF8-4A25-B815-E228E1AEDCFF} = {FBCBA2F1-3BF8-4A25-B815-E228E1AEDCFF}
	EndProjectSection
EndProject
Project("{8BC9CEB8-8B4A-11D0-8D11-00A0C91BC942}") = "OpenSeaChest_NVMe", "OpenSeaChest_NVMe\OpenSeaChest_NVMe.vcxproj", "{582757F6-595F-4014-8D72-264597FC9434}"
	ProjectSection(ProjectDependencies) = postProject
		{621B44CE-B314-4E05-B214-5DC70F2B4798} = {621B44CE-B314-4E05-B214-5DC70F2B4798}
		{7DAC7F63-E808-47FD-BEEB-33E4A870008B} = {7DAC7F63-E808-47FD-BEEB-33E4A870008B}
		{A0771494-8717-48AB-A0E5-49191252FF2C} = {A0771494-8717-48AB-A0E5-49191252FF2C}
		{FBCBA2F1-3BF8-4A25-B815-E228E1AEDCFF} = {FBCBA2F1-3BF8-4A25-B815-E228E1AEDCFF}
	EndProjectSection
EndProject
Project("{8BC9CEB8-8B4A-11D0-8D11-00A0C91BC942}") = "OpenSeaChest_PassthroughTest", "OpenSeaChest_PassthroughTest\OpenSeaChest_PassthroughTest.vcxproj", "{E93481C6-7D47-4DEB-9505-71CB8AC98112}"
	ProjectSection(ProjectDependencies) = postProject
		{621B44CE-B314-4E05-B214-5DC70F2B4798} = {621B44CE-B314-4E05-B214-5DC70F2B4798}
		{7DAC7F63-E808-47FD-BEEB-33E4A870008B} = {7DAC7F63-E808-47FD-BEEB-33E4A870008B}
		{A0771494-8717-48AB-A0E5-49191252FF2C} = {A0771494-8717-48AB-A0E5-49191252FF2C}
		{FBCBA2F1-3BF8-4A25-B815-E228E1AEDCFF} = {FBCBA2F1-3BF8-4A25-B815-E228E1AEDCFF}
	EndProjectSection
EndProject
Project("{8BC9CEB8-8B4A-11D0-8D11-00A0C91BC942}") = "OpenSeaChest_Security", "OpenSeaChest_Security\OpenSeaChest_Security.vcxproj", "{6D1D0047-48D8-4637-AFC2-BBAAE99962A6}"
	ProjectSection(ProjectDependencies) = postProject
		{621B44CE-B314-4E05-B214-5DC70F2B4798} = {621B44CE-B314-4E05-B214-5DC70F2B4798}
		{7DAC7F63-E808-47FD-BEEB-33E4A870008B} = {7DAC7F63-E808-47FD-BEEB-33E4A870008B}
		{A0771494-8717-48AB-A0E5-49191252FF2C} = {A0771494-8717-48AB-A0E5-49191252FF2C}
		{FBCBA2F1-3BF8-4A25-B815-E228E1AEDCFF} = {FBCBA2F1-3BF8-4A25-B815-E228E1AEDCFF}
	EndProjectSection
EndProject
Project("{8BC9CEB8-8B4A-11D0-8D11-00A0C91BC942}") = "OpenSeaChest_Reservations", "OpenSeaChest_Reservations\OpenSeaChest_Reservations.vcxproj", "{926C8C5D-B6E6-4516-836F-70F9488378A1}"
	ProjectSection(ProjectDependencies) = postProject
		{621B44CE-B314-4E05-B214-5DC70F2B4798} = {621B44CE-B314-4E05-B214-5DC70F2B4798}
		{7DAC7F63-E808-47FD-BEEB-33E4A870008B} = {7DAC7F63-E808-47FD-BEEB-33E4A870008B}
		{A0771494-8717-48AB-A0E5-49191252FF2C} = {A0771494-8717-48AB-A0E5-49191252FF2C}
		{FBCBA2F1-3BF8-4A25-B815-E228E1AEDCFF} = {FBCBA2F1-3BF8-4A25-B815-E228E1AEDCFF}
	EndProjectSection
EndProject
Project("{8BC9CEB8-8B4A-11D0-8D11-00A0C91BC942}") = "OpenSeaChest_Raw", "OpenSeaChest_Raw\OpenSeaChest_Raw.vcxproj", "{A275B070-D641-414D-AE6A-7796F6D6BE2A}"
	ProjectSection(ProjectDependencies) = postProject
		{621B44CE-B314-4E05-B214-5DC70F2B4798} = {621B44CE-B314-4E05-B214-5DC70F2B4798}
		{7DAC7F63-E808-47FD-BEEB-33E4A870008B} = {7DAC7F63-E808-47FD-BEEB-33E4A870008B}
		{A0771494-8717-48AB-A0E5-49191252FF2C} = {A0771494-8717-48AB-A0E5-49191252FF2C}
		{FBCBA2F1-3BF8-4A25-B815-E228E1AEDCFF} = {FBCBA2F1-3BF8-4A25-B815-E228E1AEDCFF}
	EndProjectSection
EndProject
Project("{8BC9CEB8-8B4A-11D0-8D11-00A0C91BC942}") = "openSeaChest_Defect", "openSeaChest_Defect\openSeaChest_Defect.vcxproj", "{2A5F37B2-60C0-4CCD-B43A-71FC72923ACB}"
	ProjectSection(ProjectDependencies) = postProject
		{621B44CE-B314-4E05-B214-5DC70F2B4798} = {621B44CE-B314-4E05-B214-5DC70F2B4798}
		{7DAC7F63-E808-47FD-BEEB-33E4A870008B} = {7DAC7F63-E808-47FD-BEEB-33E4A870008B}
		{A0771494-8717-48AB-A0E5-49191252FF2C} = {A0771494-8717-48AB-A0E5-49191252FF2C}
		{FBCBA2F1-3BF8-4A25-B815-E228E1AEDCFF} = {FBCBA2F1-3BF8-4A25-B815-E228E1AEDCFF}
	EndProjectSection
EndProject
Project("{8BC9CEB8-8B4A-11D0-8D11-00A0C91BC942}") = "opensea-jsonformat", "..\..\subprojects\opensea-jsonformat\Make\VS.2022\opensea-jsonformat\opensea-jsonformat\opensea-jsonformat.vcxproj", "{A319438D-D2E5-4CA2-91C4-12769AA9A2EB}"
	ProjectSection(ProjectDependencies) = postProject
		{7DAC7F63-E808-47FD-BEEB-33E4A870008B} = {7DAC7F63-E808-47FD-BEEB-33E4A870008B}
		{A0771494-8717-48AB-A0E5-49191252FF2C} = {A0771494-8717-48AB-A0E5-49191252FF2C}
		{FBCBA2F1-3BF8-4A25-B815-E228E1AEDCFF} = {FBCBA2F1-3BF8-4A25-B815-E228E1AEDCFF}
	EndProjectSection
EndProject
Global
	GlobalSection(SolutionConfigurationPlatforms) = preSolution
		Debug|ARM = Debug|ARM
		Debug|ARM64 = Debug|ARM64
		Debug|x64 = Debug|x64
		Debug|x86 = Debug|x86
		Release|ARM = Release|ARM
		Release|ARM64 = Release|ARM64
		Release|x64 = Release|x64
		Release|x86 = Release|x86
		Static-Debug|ARM = Static-Debug|ARM
		Static-Debug|ARM64 = Static-Debug|ARM64
		Static-Debug|x64 = Static-Debug|x64
		Static-Debug|x86 = Static-Debug|x86
		Static-Release|ARM = Static-Release|ARM
		Static-Release|ARM64 = Static-Release|ARM64
		Static-Release|x64 = Static-Release|x64
		Static-Release|x86 = Static-Release|x86
	EndGlobalSection
	GlobalSection(ProjectConfigurationPlatforms) = postSolution
		{621B44CE-B314-4E05-B214-5DC70F2B4798}.Debug|ARM.ActiveCfg = Debug|ARM
		{621B44CE-B314-4E05-B214-5DC70F2B4798}.Debug|ARM.Build.0 = Debug|ARM
		{621B44CE-B314-4E05-B214-5DC70F2B4798}.Debug|ARM64.ActiveCfg = Debug|ARM64
		{621B44CE-B314-4E05-B214-5DC70F2B4798}.Debug|ARM64.Build.0 = Debug|ARM64
		{621B44CE-B314-4E05-B214-5DC70F2B4798}.Debug|x64.ActiveCfg = Debug|x64
		{621B44CE-B314-4E05-B214-5DC70F2B4798}.Debug|x64.Build.0 = Debug|x64
		{621B44CE-B314-4E05-B214-5DC70F2B4798}.Debug|x86.ActiveCfg = Debug|Win32
		{621B44CE-B314-4E05-B214-5DC70F2B4798}.Debug|x86.Build.0 = Debug|Win32
		{621B44CE-B314-4E05-B214-5DC70F2B4798}.Release|ARM.ActiveCfg = Release|ARM
		{621B44CE-B314-4E05-B214-5DC70F2B4798}.Release|ARM.Build.0 = Release|ARM
		{621B44CE-B314-4E05-B214-5DC70F2B4798}.Release|ARM64.ActiveCfg = Release|ARM64
		{621B44CE-B314-4E05-B214-5DC70F2B4798}.Release|ARM64.Build.0 = Release|ARM64
		{621B44CE-B314-4E05-B214-5DC70F2B4798}.Release|x64.ActiveCfg = Release|x64
		{621B44CE-B314-4E05-B214-5DC70F2B4798}.Release|x64.Build.0 = Release|x64
		{621B44CE-B314-4E05-B214-5DC70F2B4798}.Release|x86.ActiveCfg = Release|Win32
		{621B44CE-B314-4E05-B214-5DC70F2B4798}.Release|x86.Build.0 = Release|Win32
		{621B44CE-B314-4E05-B214-5DC70F2B4798}.Static-Debug|ARM.ActiveCfg = Static-Debug|ARM
		{621B44CE-B314-4E05-B214-5DC70F2B4798}.Static-Debug|ARM.Build.0 = Static-Debug|ARM
		{621B44CE-B314-4E05-B214-5DC70F2B4798}.Static-Debug|ARM64.ActiveCfg = Static-Debug|ARM64
		{621B44CE-B314-4E05-B214-5DC70F2B4798}.Static-Debug|ARM64.Build.0 = Static-Debug|ARM64
		{621B44CE-B314-4E05-B214-5DC70F2B4798}.Static-Debug|x64.ActiveCfg = Static-Debug|x64
		{621B44CE-B314-4E05-B214-5DC70F2B4798}.Static-Debug|x64.Build.0 = Static-Debug|x64
		{621B44CE-B314-4E05-B214-5DC70F2B4798}.Static-Debug|x86.ActiveCfg = Static-Debug|Win32
		{621B44CE-B314-4E05-B214-5DC70F2B4798}.Static-Debug|x86.Build.0 = Static-Debug|Win32
		{621B44CE-B314-4E05-B214-5DC70F2B4798}.Static-Release|ARM.ActiveCfg = Static-Release|ARM
		{621B44CE-B314-4E05-B214-5DC70F2B4798}.Static-Release|ARM.Build.0 = Static-Release|ARM
		{621B44CE-B314-4E05-B214-5DC70F2B4798}.Static-Release|ARM64.ActiveCfg = Static-Release|ARM64
		{621B44CE-B314-4E05-B214-5DC70F2B4798}.Static-Release|ARM64.Build.0 = Static-Release|ARM64
		{621B44CE-B314-4E05-B214-5DC70F2B4798}.Static-Release|x64.ActiveCfg = Static-Release|x64
		{621B44CE-B314-4E05-B214-5DC70F2B4798}.Static-Release|x64.Build.0 = Static-Release|x64
		{621B44CE-B314-4E05-B214-5DC70F2B4798}.Static-Release|x86.ActiveCfg = Static-Release|Win32
		{621B44CE-B314-4E05-B214-5DC70F2B4798}.Static-Release|x86.Build.0 = Static-Release|Win32
		{FBCBA2F1-3BF8-4A25-B815-E228E1AEDCFF}.Debug|ARM.ActiveCfg = Debug|ARM
		{FBCBA2F1-3BF8-4A25-B815-E228E1AEDCFF}.Debug|ARM.Build.0 = Debug|ARM
		{FBCBA2F1-3BF8-4A25-B815-E228E1AEDCFF}.Debug|ARM64.ActiveCfg = Debug|ARM64
		{FBCBA2F1-3BF8-4A25-B815-E228E1AEDCFF}.Debug|ARM64.Build.0 = Debug|ARM64
		{FBCBA2F1-3BF8-4A25-B815-E228E1AEDCFF}.Debug|x64.ActiveCfg = Debug|x64
		{FBCBA2F1-3BF8-4A25-B815-E228E1AEDCFF}.Debug|x64.Build.0 = Debug|x64
		{FBCBA2F1-3BF8-4A25-B815-E228E1AEDCFF}.Debug|x86.ActiveCfg = Debug|Win32
		{FBCBA2F1-3BF8-4A25-B815-E228E1AEDCFF}.Debug|x86.Build.0 = Debug|Win32
		{FBCBA2F1-3BF8-4A25-B815-E228E1AEDCFF}.Release|ARM.ActiveCfg = Release|ARM
		{FBCBA2F1-3BF8-4A25-B815-E228E1AEDCFF}.Release|ARM.Build.0 = Release|ARM
		{FBCBA2F1-3BF8-4A25-B815-E228E1AEDCFF}.Release|ARM64.ActiveCfg = Release|ARM64
		{FBCBA2F1-3BF8-4A25-B815-E228E1AEDCFF}.Release|ARM64.Build.0 = Release|ARM64
		{FBCBA2F1-3BF8-4A25-B815-E228E1AEDCFF}.Release|x64.ActiveCfg = Release|x64
		{FBCBA2F1-3BF8-4A25-B815-E228E1AEDCFF}.Release|x64.Build.0 = Release|x64
		{FBCBA2F1-3BF8-4A25-B815-E228E1AEDCFF}.Release|x86.ActiveCfg = Release|Win32
		{FBCBA2F1-3BF8-4A25-B815-E228E1AEDCFF}.Release|x86.Build.0 = Release|Win32
		{FBCBA2F1-3BF8-4A25-B815-E228E1AEDCFF}.Static-Debug|ARM.ActiveCfg = Static-Debug|ARM
		{FBCBA2F1-3BF8-4A25-B815-E228E1AEDCFF}.Static-Debug|ARM.Build.0 = Static-Debug|ARM
		{FBCBA2F1-3BF8-4A25-B815-E228E1AEDCFF}.Static-Debug|ARM64.ActiveCfg = Static-Debug|ARM64
		{FBCBA2F1-3BF8-4A25-B815-E228E1AEDCFF}.Static-Debug|ARM64.Build.0 = Static-Debug|ARM64
		{FBCBA2F1-3BF8-4A25-B815-E228E1AEDCFF}.Static-Debug|x64.ActiveCfg = Static-Debug|x64
		{FBCBA2F1-3BF8-4A25-B815-E228E1AEDCFF}.Static-Debug|x64.Build.0 = Static-Debug|x64
		{FBCBA2F1-3BF8-4A25-B815-E228E1AEDCFF}.Static-Debug|x86.ActiveCfg = Static-Debug|Win32
		{FBCBA2F1-3BF8-4A25-B815-E228E1AEDCFF}.Static-Debug|x86.Build.0 = Static-Debug|Win32
		{FBCBA2F1-3BF8-4A25-B815-E228E1AEDCFF}.Static-Release|ARM.ActiveCfg = Static-Release|ARM
		{FBCBA2F1-3BF8-4A25-B815-E228E1AEDCFF}.Static-Release|ARM.Build.0 = Static-Release|ARM
		{FBCBA2F1-3BF8-4A25-B815-E228E1AEDCFF}.Static-Release|ARM64.ActiveCfg = Static-Release|ARM64
		{FBCBA2F1-3BF8-4A25-B815-E228E1AEDCFF}.Static-Release|ARM64.Build.0 = Static-Release|ARM64
		{FBCBA2F1-3BF8-4A25-B815-E228E1AEDCFF}.Static-Release|x64.ActiveCfg = Static-Release|x64
		{FBCBA2F1-3BF8-4A25-B815-E228E1AEDCFF}.Static-Release|x64.Build.0 = Static-Release|x64
		{FBCBA2F1-3BF8-4A25-B815-E228E1AEDCFF}.Static-Release|x86.ActiveCfg = Static-Release|Win32
		{FBCBA2F1-3BF8-4A25-B815-E228E1AEDCFF}.Static-Release|x86.Build.0 = Static-Release|Win32
		{A0771494-8717-48AB-A0E5-49191252FF2C}.Debug|ARM.ActiveCfg = Debug|ARM
		{A0771494-8717-48AB-A0E5-49191252FF2C}.Debug|ARM.Build.0 = Debug|ARM
		{A0771494-8717-48AB-A0E5-49191252FF2C}.Debug|ARM64.ActiveCfg = Debug|ARM64
		{A0771494-8717-48AB-A0E5-49191252FF2C}.Debug|ARM64.Build.0 = Debug|ARM64
		{A0771494-8717-48AB-A0E5-49191252FF2C}.Debug|x64.ActiveCfg = Debug|x64
		{A0771494-8717-48AB-A0E5-49191252FF2C}.Debug|x64.Build.0 = Debug|x64
		{A0771494-8717-48AB-A0E5-49191252FF2C}.Debug|x86.ActiveCfg = Debug|Win32
		{A0771494-8717-48AB-A0E5-49191252FF2C}.Debug|x86.Build.0 = Debug|Win32
		{A0771494-8717-48AB-A0E5-49191252FF2C}.Release|ARM.ActiveCfg = Release|ARM
		{A0771494-8717-48AB-A0E5-49191252FF2C}.Release|ARM.Build.0 = Release|ARM
		{A0771494-8717-48AB-A0E5-49191252FF2C}.Release|ARM64.ActiveCfg = Release|ARM64
		{A0771494-8717-48AB-A0E5-49191252FF2C}.Release|ARM64.Build.0 = Release|ARM64
		{A0771494-8717-48AB-A0E5-49191252FF2C}.Release|x64.ActiveCfg = Release|x64
		{A0771494-8717-48AB-A0E5-49191252FF2C}.Release|x64.Build.0 = Release|x64
		{A0771494-8717-48AB-A0E5-49191252FF2C}.Release|x86.ActiveCfg = Release|Win32
		{A0771494-8717-48AB-A0E5-49191252FF2C}.Release|x86.Build.0 = Release|Win32
		{A0771494-8717-48AB-A0E5-49191252FF2C}.Static-Debug|ARM.ActiveCfg = Static-Debug|ARM
		{A0771494-8717-48AB-A0E5-49191252FF2C}.Static-Debug|ARM.Build.0 = Static-Debug|ARM
		{A0771494-8717-48AB-A0E5-49191252FF2C}.Static-Debug|ARM64.ActiveCfg = Static-Debug|ARM64
		{A0771494-8717-48AB-A0E5-49191252FF2C}.Static-Debug|ARM64.Build.0 = Static-Debug|ARM64
		{A0771494-8717-48AB-A0E5-49191252FF2C}.Static-Debug|x64.ActiveCfg = Static-Debug|x64
		{A0771494-8717-48AB-A0E5-49191252FF2C}.Static-Debug|x64.Build.0 = Static-Debug|x64
		{A0771494-8717-48AB-A0E5-49191252FF2C}.Static-Debug|x86.ActiveCfg = Static-Debug|Win32
		{A0771494-8717-48AB-A0E5-49191252FF2C}.Static-Debug|x86.Build.0 = Static-Debug|Win32
		{A0771494-8717-48AB-A0E5-49191252FF2C}.Static-Release|ARM.ActiveCfg = Static-Release|ARM
		{A0771494-8717-48AB-A0E5-49191252FF2C}.Static-Release|ARM.Build.0 = Static-Release|ARM
		{A0771494-8717-48AB-A0E5-49191252FF2C}.Static-Release|ARM64.ActiveCfg = Static-Release|ARM64
		{A0771494-8717-48AB-A0E5-49191252FF2C}.Static-Release|ARM64.Build.0 = Static-Release|ARM64
		{A0771494-8717-48AB-A0E5-49191252FF2C}.Static-Release|x64.ActiveCfg = Static-Release|x64
		{A0771494-8717-48AB-A0E5-49191252FF2C}.Static-Release|x64.Build.0 = Static-Release|x64
		{A0771494-8717-48AB-A0E5-49191252FF2C}.Static-Release|x86.ActiveCfg = Static-Release|Win32
		{A0771494-8717-48AB-A0E5-49191252FF2C}.Static-Release|x86.Build.0 = Static-Release|Win32
		{D73F51F3-3C0C-4E82-A0C2-10823534A5D8}.Debug|ARM.ActiveCfg = Debug|ARM
		{D73F51F3-3C0C-4E82-A0C2-10823534A5D8}.Debug|ARM.Build.0 = Debug|ARM
		{D73F51F3-3C0C-4E82-A0C2-10823534A5D8}.Debug|ARM64.ActiveCfg = Debug|ARM64
		{D73F51F3-3C0C-4E82-A0C2-10823534A5D8}.Debug|ARM64.Build.0 = Debug|ARM64
		{D73F51F3-3C0C-4E82-A0C2-10823534A5D8}.Debug|x64.ActiveCfg = Debug|x64
		{D73F51F3-3C0C-4E82-A0C2-10823534A5D8}.Debug|x64.Build.0 = Debug|x64
		{D73F51F3-3C0C-4E82-A0C2-10823534A5D8}.Debug|x86.ActiveCfg = Debug|Win32
		{D73F51F3-3C0C-4E82-A0C2-10823534A5D8}.Debug|x86.Build.0 = Debug|Win32
		{D73F51F3-3C0C-4E82-A0C2-10823534A5D8}.Release|ARM.ActiveCfg = Release|ARM
		{D73F51F3-3C0C-4E82-A0C2-10823534A5D8}.Release|ARM.Build.0 = Release|ARM
		{D73F51F3-3C0C-4E82-A0C2-10823534A5D8}.Release|ARM64.ActiveCfg = Release|ARM64
		{D73F51F3-3C0C-4E82-A0C2-10823534A5D8}.Release|ARM64.Build.0 = Release|ARM64
		{D73F51F3-3C0C-4E82-A0C2-10823534A5D8}.Release|x64.ActiveCfg = Release|x64
		{D73F51F3-3C0C-4E82-A0C2-10823534A5D8}.Release|x64.Build.0 = Release|x64
		{D73F51F3-3C0C-4E82-A0C2-10823534A5D8}.Release|x86.ActiveCfg = Release|Win32
		{D73F51F3-3C0C-4E82-A0C2-10823534A5D8}.Release|x86.Build.0 = Release|Win32
		{D73F51F3-3C0C-4E82-A0C2-10823534A5D8}.Static-Debug|ARM.ActiveCfg = Static-Debug|ARM
		{D73F51F3-3C0C-4E82-A0C2-10823534A5D8}.Static-Debug|ARM.Build.0 = Static-Debug|ARM
		{D73F51F3-3C0C-4E82-A0C2-10823534A5D8}.Static-Debug|ARM64.ActiveCfg = Static-Debug|ARM64
		{D73F51F3-3C0C-4E82-A0C2-10823534A5D8}.Static-Debug|ARM64.Build.0 = Static-Debug|ARM64
		{D73F51F3-3C0C-4E82-A0C2-10823534A5D8}.Static-Debug|x64.ActiveCfg = Static-Debug|x64
		{D73F51F3-3C0C-4E82-A0C2-10823534A5D8}.Static-Debug|x64.Build.0 = Static-Debug|x64
		{D73F51F3-3C0C-4E82-A0C2-10823534A5D8}.Static-Debug|x86.ActiveCfg = Static-Debug|Win32
		{D73F51F3-3C0C-4E82-A0C2-10823534A5D8}.Static-Debug|x86.Build.0 = Static-Debug|Win32
		{D73F51F3-3C0C-4E82-A0C2-10823534A5D8}.Static-Release|ARM.ActiveCfg = Static-Release|ARM
		{D73F51F3-3C0C-4E82-A0C2-10823534A5D8}.Static-Release|ARM.Build.0 = Static-Release|ARM
		{D73F51F3-3C0C-4E82-A0C2-10823534A5D8}.Static-Release|ARM64.ActiveCfg = Static-Release|ARM64
		{D73F51F3-3C0C-4E82-A0C2-10823534A5D8}.Static-Release|ARM64.Build.0 = Static-Release|ARM64
		{D73F51F3-3C0C-4E82-A0C2-10823534A5D8}.Static-Release|x64.ActiveCfg = Static-Release|x64
		{D73F51F3-3C0C-4E82-A0C2-10823534A5D8}.Static-Release|x64.Build.0 = Static-Release|x64
		{D73F51F3-3C0C-4E82-A0C2-10823534A5D8}.Static-Release|x86.ActiveCfg = Static-Release|Win32
		{D73F51F3-3C0C-4E82-A0C2-10823534A5D8}.Static-Release|x86.Build.0 = Static-Release|Win32
		{7DAC7F63-E808-47FD-BEEB-33E4A870008B}.Debug|ARM.ActiveCfg = Debug|ARM
		{7DAC7F63-E808-47FD-BEEB-33E4A870008B}.Debug|ARM.Build.0 = Debug|ARM
		{7DAC7F63-E808-47FD-BEEB-33E4A870008B}.Debug|ARM64.ActiveCfg = Debug|ARM64
		{7DAC7F63-E808-47FD-BEEB-33E4A870008B}.Debug|ARM64.Build.0 = Debug|ARM64
		{7DAC7F63-E808-47FD-BEEB-33E4A870008B}.Debug|x64.ActiveCfg = Debug|x64
		{7DAC7F63-E808-47FD-BEEB-33E4A870008B}.Debug|x64.Build.0 = Debug|x64
		{7DAC7F63-E808-47FD-BEEB-33E4A870008B}.Debug|x86.ActiveCfg = Debug|Win32
		{7DAC7F63-E808-47FD-BEEB-33E4A870008B}.Debug|x86.Build.0 = Debug|Win32
		{7DAC7F63-E808-47FD-BEEB-33E4A870008B}.Release|ARM.ActiveCfg = Release|ARM
		{7DAC7F63-E808-47FD-BEEB-33E4A870008B}.Release|ARM.Build.0 = Release|ARM
		{7DAC7F63-E808-47FD-BEEB-33E4A870008B}.Release|ARM64.ActiveCfg = Release|ARM64
		{7DAC7F63-E808-47FD-BEEB-33E4A870008B}.Release|ARM64.Build.0 = Release|ARM64
		{7DAC7F63-E808-47FD-BEEB-33E4A870008B}.Release|x64.ActiveCfg = Release|x64
		{7DAC7F63-E808-47FD-BEEB-33E4A870008B}.Release|x64.Build.0 = Release|x64
		{7DAC7F63-E808-47FD-BEEB-33E4A870008B}.Release|x86.ActiveCfg = Release|Win32
		{7DAC7F63-E808-47FD-BEEB-33E4A870008B}.Release|x86.Build.0 = Release|Win32
		{7DAC7F63-E808-47FD-BEEB-33E4A870008B}.Static-Debug|ARM.ActiveCfg = Static-Debug|ARM
		{7DAC7F63-E808-47FD-BEEB-33E4A870008B}.Static-Debug|ARM.Build.0 = Static-Debug|ARM
		{7DAC7F63-E808-47FD-BEEB-33E4A870008B}.Static-Debug|ARM64.ActiveCfg = Static-Debug|ARM64
		{7DAC7F63-E808-47FD-BEEB-33E4A870008B}.Static-Debug|ARM64.Build.0 = Static-Debug|ARM64
		{7DAC7F63-E808-47FD-BEEB-33E4A870008B}.Static-Debug|x64.ActiveCfg = Static-Debug|x64
		{7DAC7F63-E808-47FD-BEEB-33E4A870008B}.Static-Debug|x64.Build.0 = Static-Debug|x64
		{7DAC7F63-E808-47FD-BEEB-33E4A870008B}.Static-Debug|x86.ActiveCfg = Static-Debug|Win32
		{7DAC7F63-E808-47FD-BEEB-33E4A870008B}.Static-Debug|x86.Build.0 = Static-Debug|Win32
		{7DAC7F63-E808-47FD-BEEB-33E4A870008B}.Static-Release|ARM.ActiveCfg = Static-Release|ARM
		{7DAC7F63-E808-47FD-BEEB-33E4A870008B}.Static-Release|ARM.Build.0 = Static-Release|ARM
		{7DAC7F63-E808-47FD-BEEB-33E4A870008B}.Static-Release|ARM64.ActiveCfg = Static-Release|ARM64
		{7DAC7F63-E808-47FD-BEEB-33E4A870008B}.Static-Release|ARM64.Build.0 = Static-Release|ARM64
		{7DAC7F63-E808-47FD-BEEB-33E4A870008B}.Static-Release|x64.ActiveCfg = Static-Release|x64
		{7DAC7F63-E808-47FD-BEEB-33E4A870008B}.Static-Release|x64.Build.0 = Static-Release|x64
		{7DAC7F63-E808-47FD-BEEB-33E4A870008B}.Static-Release|x86.ActiveCfg = Static-Release|Win32
		{7DAC7F63-E808-47FD-BEEB-33E4A870008B}.Static-Release|x86.Build.0 = Static-Release|Win32
		{EC785B2D-14C3-4AAF-AF33-595BFC96343C}.Debug|ARM.ActiveCfg = Debug|ARM
		{EC785B2D-14C3-4AAF-AF33-595BFC96343C}.Debug|ARM.Build.0 = Debug|ARM
		{EC785B2D-14C3-4AAF-AF33-595BFC96343C}.Debug|ARM64.ActiveCfg = Debug|ARM64
		{EC785B2D-14C3-4AAF-AF33-595BFC96343C}.Debug|ARM64.Build.0 = Debug|ARM64
		{EC785B2D-14C3-4AAF-AF33-595BFC96343C}.Debug|x64.ActiveCfg = Debug|x64
		{EC785B2D-14C3-4AAF-AF33-595BFC96343C}.Debug|x64.Build.0 = Debug|x64
		{EC785B2D-14C3-4AAF-AF33-595BFC96343C}.Debug|x86.ActiveCfg = Debug|Win32
		{EC785B2D-14C3-4AAF-AF33-595BFC96343C}.Debug|x86.Build.0 = Debug|Win32
		{EC785B2D-14C3-4AAF-AF33-595BFC96343C}.Release|ARM.ActiveCfg = Release|ARM
		{EC785B2D-14C3-4AAF-AF33-595BFC96343C}.Release|ARM.Build.0 = Release|ARM
		{EC785B2D-14C3-4AAF-AF33-595BFC96343C}.Release|ARM64.ActiveCfg = Release|ARM64
		{EC785B2D-14C3-4AAF-AF33-595BFC96343C}.Release|ARM64.Build.0 = Release|ARM64
		{EC785B2D-14C3-4AAF-AF33-595BFC96343C}.Release|x64.ActiveCfg = Release|x64
		{EC785B2D-14C3-4AAF-AF33-595BFC96343C}.Release|x64.Build.0 = Release|x64
		{EC785B2D-14C3-4AAF-AF33-595BFC96343C}.Release|x86.ActiveCfg = Release|Win32
		{EC785B2D-14C3-4AAF-AF33-595BFC96343C}.Release|x86.Build.0 = Release|Win32
		{EC785B2D-14C3-4AAF-AF33-595BFC96343C}.Static-Debug|ARM.ActiveCfg = Static-Debug|ARM
		{EC785B2D-14C3-4AAF-AF33-595BFC96343C}.Static-Debug|ARM.Build.0 = Static-Debug|ARM
		{EC785B2D-14C3-4AAF-AF33-595BFC96343C}.Static-Debug|ARM64.ActiveCfg = Static-Debug|ARM64
		{EC785B2D-14C3-4AAF-AF33-595BFC96343C}.Static-Debug|ARM64.Build.0 = Static-Debug|ARM64
		{EC785B2D-14C3-4AAF-AF33-595BFC96343C}.Static-Debug|x64.ActiveCfg = Static-Debug|x64
		{EC785B2D-14C3-4AAF-AF33-595BFC96343C}.Static-Debug|x64.Build.0 = Static-Debug|x64
		{EC785B2D-14C3-4AAF-AF33-595BFC96343C}.Static-Debug|x86.ActiveCfg = Static-Debug|Win32
		{EC785B2D-14C3-4AAF-AF33-595BFC96343C}.Static-Debug|x86.Build.0 = Static-Debug|Win32
		{EC785B2D-14C3-4AAF-AF33-595BFC96343C}.Static-Release|ARM.ActiveCfg = Static-Release|ARM
		{EC785B2D-14C3-4AAF-AF33-595BFC96343C}.Static-Release|ARM.Build.0 = Static-Release|ARM
		{EC785B2D-14C3-4AAF-AF33-595BFC96343C}.Static-Release|ARM64.ActiveCfg = Static-Release|ARM64
		{EC785B2D-14C3-4AAF-AF33-595BFC96343C}.Static-Release|ARM64.Build.0 = Static-Release|ARM64
		{EC785B2D-14C3-4AAF-AF33-595BFC96343C}.Static-Release|x64.ActiveCfg = Static-Release|x64
		{EC785B2D-14C3-4AAF-AF33-595BFC96343C}.Static-Release|x64.Build.0 = Static-Release|x64
		{EC785B2D-14C3-4AAF-AF33-595BFC96343C}.Static-Release|x86.ActiveCfg = Static-Release|Win32
		{EC785B2D-14C3-4AAF-AF33-595BFC96343C}.Static-Release|x86.Build.0 = Static-Release|Win32
		{03588254-A97A-44A4-8670-65FBA5B60CBD}.Debug|ARM.ActiveCfg = Debug|ARM
		{03588254-A97A-44A4-8670-65FBA5B60CBD}.Debug|ARM64.ActiveCfg = Debug|ARM64
		{03588254-A97A-44A4-8670-65FBA5B60CBD}.Debug|x64.ActiveCfg = Debug|x64
		{03588254-A97A-44A4-8670-65FBA5B60CBD}.Debug|x86.ActiveCfg = Debug|Win32
		{03588254-A97A-44A4-8670-65FBA5B60CBD}.Release|ARM.ActiveCfg = Release|ARM
		{03588254-A97A-44A4-8670-65FBA5B60CBD}.Release|ARM64.ActiveCfg = Release|ARM64
		{03588254-A97A-44A4-8670-65FBA5B60CBD}.Release|x64.ActiveCfg = Release|x64
		{03588254-A97A-44A4-8670-65FBA5B60CBD}.Release|x86.ActiveCfg = Release|Win32
		{03588254-A97A-44A4-8670-65FBA5B60CBD}.Static-Debug|ARM.ActiveCfg = Static-Debug|ARM
		{03588254-A97A-44A4-8670-65FBA5B60CBD}.Static-Debug|ARM64.ActiveCfg = Static-Debug|ARM64
		{03588254-A97A-44A4-8670-65FBA5B60CBD}.Static-Debug|x64.ActiveCfg = Static-Debug|x64
		{03588254-A97A-44A4-8670-65FBA5B60CBD}.Static-Debug|x86.ActiveCfg = Static-Debug|Win32
		{03588254-A97A-44A4-8670-65FBA5B60CBD}.Static-Release|ARM.ActiveCfg = Static-Release|ARM
		{03588254-A97A-44A4-8670-65FBA5B60CBD}.Static-Release|ARM64.ActiveCfg = Static-Release|ARM64
		{03588254-A97A-44A4-8670-65FBA5B60CBD}.Static-Release|x64.ActiveCfg = Static-Release|x64
		{03588254-A97A-44A4-8670-65FBA5B60CBD}.Static-Release|x86.ActiveCfg = Static-Release|Win32
		{5794F5B0-B7C5-40F0-9C2E-6D1B224F1060}.Debug|ARM.ActiveCfg = Debug|ARM
		{5794F5B0-B7C5-40F0-9C2E-6D1B224F1060}.Debug|ARM.Build.0 = Debug|ARM
		{5794F5B0-B7C5-40F0-9C2E-6D1B224F1060}.Debug|ARM64.ActiveCfg = Debug|ARM64
		{5794F5B0-B7C5-40F0-9C2E-6D1B224F1060}.Debug|ARM64.Build.0 = Debug|ARM64
		{5794F5B0-B7C5-40F0-9C2E-6D1B224F1060}.Debug|x64.ActiveCfg = Debug|x64
		{5794F5B0-B7C5-40F0-9C2E-6D1B224F1060}.Debug|x64.Build.0 = Debug|x64
		{5794F5B0-B7C5-40F0-9C2E-6D1B224F1060}.Debug|x86.ActiveCfg = Debug|Win32
		{5794F5B0-B7C5-40F0-9C2E-6D1B224F1060}.Debug|x86.Build.0 = Debug|Win32
		{5794F5B0-B7C5-40F0-9C2E-6D1B224F1060}.Release|ARM.ActiveCfg = Release|ARM
		{5794F5B0-B7C5-40F0-9C2E-6D1B224F1060}.Release|ARM.Build.0 = Release|ARM
		{5794F5B0-B7C5-40F0-9C2E-6D1B224F1060}.Release|ARM64.ActiveCfg = Release|ARM64
		{5794F5B0-B7C5-40F0-9C2E-6D1B224F1060}.Release|ARM64.Build.0 = Release|ARM64
		{5794F5B0-B7C5-40F0-9C2E-6D1B224F1060}.Release|x64.ActiveCfg = Release|x64
		{5794F5B0-B7C5-40F0-9C2E-6D1B224F1060}.Release|x64.Build.0 = Release|x64
		{5794F5B0-B7C5-40F0-9C2E-6D1B224F1060}.Release|x86.ActiveCfg = Release|Win32
		{5794F5B0-B7C5-40F0-9C2E-6D1B224F1060}.Release|x86.Build.0 = Release|Win32
		{5794F5B0-B7C5-40F0-9C2E-6D1B224F1060}.Static-Debug|ARM.ActiveCfg = Static-Debug|ARM
		{5794F5B0-B7C5-40F0-9C2E-6D1B224F1060}.Static-Debug|ARM.Build.0 = Static-Debug|ARM
		{5794F5B0-B7C5-40F0-9C2E-6D1B224F1060}.Static-Debug|ARM64.ActiveCfg = Static-Debug|ARM64
		{5794F5B0-B7C5-40F0-9C2E-6D1B224F1060}.Static-Debug|ARM64.Build.0 = Static-Debug|ARM64
		{5794F5B0-B7C5-40F0-9C2E-6D1B224F1060}.Static-Debug|x64.ActiveCfg = Static-Debug|x64
		{5794F5B0-B7C5-40F0-9C2E-6D1B224F1060}.Static-Debug|x64.Build.0 = Static-Debug|x64
		{5794F5B0-B7C5-40F0-9C2E-6D1B224F1060}.Static-Debug|x86.ActiveCfg = Static-Debug|Win32
		{5794F5B0-B7C5-40F0-9C2E-6D1B224F1060}.Static-Debug|x86.Build.0 = Static-Debug|Win32
		{5794F5B0-B7C5-40F0-9C2E-6D1B224F1060}.Static-Release|ARM.ActiveCfg = Static-Release|ARM
		{5794F5B0-B7C5-40F0-9C2E-6D1B224F1060}.Static-Release|ARM.Build.0 = Static-Release|ARM
		{5794F5B0-B7C5-40F0-9C2E-6D1B224F1060}.Static-Release|ARM64.ActiveCfg = Static-Release|ARM64
		{5794F5B0-B7C5-40F0-9C2E-6D1B224F1060}.Static-Release|ARM64.Build.0 = Static-Release|ARM64
		{5794F5B0-B7C5-40F0-9C2E-6D1B224F1060}.Static-Release|x64.ActiveCfg = Static-Release|x64
		{5794F5B0-B7C5-40F0-9C2E-6D1B224F1060}.Static-Release|x64.Build.0 = Static-Release|x64
		{5794F5B0-B7C5-40F0-9C2E-6D1B224F1060}.Static-Release|x86.ActiveCfg = Static-Release|Win32
		{5794F5B0-B7C5-40F0-9C2E-6D1B224F1060}.Static-Release|x86.Build.0 = Static-Release|Win32
		{C8E9CA68-8233-4C84-92D7-7476596D1BBC}.Debug|ARM.ActiveCfg = Debug|ARM
		{C8E9CA68-8233-4C84-92D7-7476596D1BBC}.Debug|ARM.Build.0 = Debug|ARM
		{C8E9CA68-8233-4C84-92D7-7476596D1BBC}.Debug|ARM64.ActiveCfg = Debug|ARM64
		{C8E9CA68-8233-4C84-92D7-7476596D1BBC}.Debug|ARM64.Build.0 = Debug|ARM64
		{C8E9CA68-8233-4C84-92D7-7476596D1BBC}.Debug|x64.ActiveCfg = Debug|x64
		{C8E9CA68-8233-4C84-92D7-7476596D1BBC}.Debug|x64.Build.0 = Debug|x64
		{C8E9CA68-8233-4C84-92D7-7476596D1BBC}.Debug|x86.ActiveCfg = Debug|Win32
		{C8E9CA68-8233-4C84-92D7-7476596D1BBC}.Debug|x86.Build.0 = Debug|Win32
		{C8E9CA68-8233-4C84-92D7-7476596D1BBC}.Release|ARM.ActiveCfg = Release|ARM
		{C8E9CA68-8233-4C84-92D7-7476596D1BBC}.Release|ARM.Build.0 = Release|ARM
		{C8E9CA68-8233-4C84-92D7-7476596D1BBC}.Release|ARM64.ActiveCfg = Release|ARM64
		{C8E9CA68-8233-4C84-92D7-7476596D1BBC}.Release|ARM64.Build.0 = Release|ARM64
		{C8E9CA68-8233-4C84-92D7-7476596D1BBC}.Release|x64.ActiveCfg = Release|x64
		{C8E9CA68-8233-4C84-92D7-7476596D1BBC}.Release|x64.Build.0 = Release|x64
		{C8E9CA68-8233-4C84-92D7-7476596D1BBC}.Release|x86.ActiveCfg = Release|Win32
		{C8E9CA68-8233-4C84-92D7-7476596D1BBC}.Release|x86.Build.0 = Release|Win32
		{C8E9CA68-8233-4C84-92D7-7476596D1BBC}.Static-Debug|ARM.ActiveCfg = Static-Debug|ARM
		{C8E9CA68-8233-4C84-92D7-7476596D1BBC}.Static-Debug|ARM.Build.0 = Static-Debug|ARM
		{C8E9CA68-8233-4C84-92D7-7476596D1BBC}.Static-Debug|ARM64.ActiveCfg = Static-Debug|ARM64
		{C8E9CA68-8233-4C84-92D7-7476596D1BBC}.Static-Debug|ARM64.Build.0 = Static-Debug|ARM64
		{C8E9CA68-8233-4C84-92D7-7476596D1BBC}.Static-Debug|x64.ActiveCfg = Static-Debug|x64
		{C8E9CA68-8233-4C84-92D7-7476596D1BBC}.Static-Debug|x64.Build.0 = Static-Debug|x64
		{C8E9CA68-8233-4C84-92D7-7476596D1BBC}.Static-Debug|x86.ActiveCfg = Static-Debug|Win32
		{C8E9CA68-8233-4C84-92D7-7476596D1BBC}.Static-Debug|x86.Build.0 = Static-Debug|Win32
		{C8E9CA68-8233-4C84-92D7-7476596D1BBC}.Static-Release|ARM.ActiveCfg = Static-Release|ARM
		{C8E9CA68-8233-4C84-92D7-7476596D1BBC}.Static-Release|ARM.Build.0 = Static-Release|ARM
		{C8E9CA68-8233-4C84-92D7-7476596D1BBC}.Static-Release|ARM64.ActiveCfg = Static-Release|ARM64
		{C8E9CA68-8233-4C84-92D7-7476596D1BBC}.Static-Release|ARM64.Build.0 = Static-Release|ARM64
		{C8E9CA68-8233-4C84-92D7-7476596D1BBC}.Static-Release|x64.ActiveCfg = Static-Release|x64
		{C8E9CA68-8233-4C84-92D7-7476596D1BBC}.Static-Release|x64.Build.0 = Static-Release|x64
		{C8E9CA68-8233-4C84-92D7-7476596D1BBC}.Static-Release|x86.ActiveCfg = Static-Release|Win32
		{C8E9CA68-8233-4C84-92D7-7476596D1BBC}.Static-Release|x86.Build.0 = Static-Release|Win32
		{609A2F5E-363B-41CA-8BE5-455832C4DB29}.Debug|ARM.ActiveCfg = Debug|ARM
		{609A2F5E-363B-41CA-8BE5-455832C4DB29}.Debug|ARM.Build.0 = Debug|ARM
		{609A2F5E-363B-41CA-8BE5-455832C4DB29}.Debug|ARM64.ActiveCfg = Debug|ARM64
		{609A2F5E-363B-41CA-8BE5-455832C4DB29}.Debug|ARM64.Build.0 = Debug|ARM64
		{609A2F5E-363B-41CA-8BE5-455832C4DB29}.Debug|x64.ActiveCfg = Debug|x64
		{609A2F5E-363B-41CA-8BE5-455832C4DB29}.Debug|x64.Build.0 = Debug|x64
		{609A2F5E-363B-41CA-8BE5-455832C4DB29}.Debug|x86.ActiveCfg = Debug|Win32
		{609A2F5E-363B-41CA-8BE5-455832C4DB29}.Debug|x86.Build.0 = Debug|Win32
		{609A2F5E-363B-41CA-8BE5-455832C4DB29}.Release|ARM.ActiveCfg = Release|ARM
		{609A2F5E-363B-41CA-8BE5-455832C4DB29}.Release|ARM.Build.0 = Release|ARM
		{609A2F5E-363B-41CA-8BE5-455832C4DB29}.Release|ARM64.ActiveCfg = Release|ARM64
		{609A2F5E-363B-41CA-8BE5-455832C4DB29}.Release|ARM64.Build.0 = Release|ARM64
		{609A2F5E-363B-41CA-8BE5-455832C4DB29}.Release|x64.ActiveCfg = Release|x64
		{609A2F5E-363B-41CA-8BE5-455832C4DB29}.Release|x64.Build.0 = Release|x64
		{609A2F5E-363B-41CA-8BE5-455832C4DB29}.Release|x86.ActiveCfg = Release|Win32
		{609A2F5E-363B-41CA-8BE5-455832C4DB29}.Release|x86.Build.0 = Release|Win32
		{609A2F5E-363B-41CA-8BE5-455832C4DB29}.Static-Debug|ARM.ActiveCfg = Static-Debug|ARM
		{609A2F5E-363B-41CA-8BE5-455832C4DB29}.Static-Debug|ARM.Build.0 = Static-Debug|ARM
		{609A2F5E-363B-41CA-8BE5-455832C4DB29}.Static-Debug|ARM64.ActiveCfg = Static-Debug|ARM64
		{609A2F5E-363B-41CA-8BE5-455832C4DB29}.Static-Debug|ARM64.Build.0 = Static-Debug|ARM64
		{609A2F5E-363B-41CA-8BE5-455832C4DB29}.Static-Debug|x64.ActiveCfg = Static-Debug|x64
		{609A2F5E-363B-41CA-8BE5-455832C4DB29}.Static-Debug|x64.Build.0 = Static-Debug|x64
		{609A2F5E-363B-41CA-8BE5-455832C4DB29}.Static-Debug|x86.ActiveCfg = Static-Debug|Win32
		{609A2F5E-363B-41CA-8BE5-455832C4DB29}.Static-Debug|x86.Build.0 = Static-Debug|Win32
		{609A2F5E-363B-41CA-8BE5-455832C4DB29}.Static-Release|ARM.ActiveCfg = Static-Release|ARM
		{609A2F5E-363B-41CA-8BE5-455832C4DB29}.Static-Release|ARM.Build.0 = Static-Release|ARM
		{609A2F5E-363B-41CA-8BE5-455832C4DB29}.Static-Release|ARM64.ActiveCfg = Static-Release|ARM64
		{609A2F5E-363B-41CA-8BE5-455832C4DB29}.Static-Release|ARM64.Build.0 = Static-Release|ARM64
		{609A2F5E-363B-41CA-8BE5-455832C4DB29}.Static-Release|x64.ActiveCfg = Static-Release|x64
		{609A2F5E-363B-41CA-8BE5-455832C4DB29}.Static-Release|x64.Build.0 = Static-Release|x64
		{609A2F5E-363B-41CA-8BE5-455832C4DB29}.Static-Release|x86.ActiveCfg = Static-Release|Win32
		{609A2F5E-363B-41CA-8BE5-455832C4DB29}.Static-Release|x86.Build.0 = Static-Release|Win32
		{205622FC-74B8-4801-9CCB-21D2EC769992}.Debug|ARM.ActiveCfg = Debug|ARM
		{205622FC-74B8-4801-9CCB-21D2EC769992}.Debug|ARM.Build.0 = Debug|ARM
		{205622FC-74B8-4801-9CCB-21D2EC769992}.Debug|ARM64.ActiveCfg = Debug|ARM64
		{205622FC-74B8-4801-9CCB-21D2EC769992}.Debug|ARM64.Build.0 = Debug|ARM64
		{205622FC-74B8-4801-9CCB-21D2EC769992}.Debug|x64.ActiveCfg = Debug|x64
		{205622FC-74B8-4801-9CCB-21D2EC769992}.Debug|x64.Build.0 = Debug|x64
		{205622FC-74B8-4801-9CCB-21D2EC769992}.Debug|x86.ActiveCfg = Debug|Win32
		{205622FC-74B8-4801-9CCB-21D2EC769992}.Debug|x86.Build.0 = Debug|Win32
		{205622FC-74B8-4801-9CCB-21D2EC769992}.Release|ARM.ActiveCfg = Release|ARM
		{205622FC-74B8-4801-9CCB-21D2EC769992}.Release|ARM.Build.0 = Release|ARM
		{205622FC-74B8-4801-9CCB-21D2EC769992}.Release|ARM64.ActiveCfg = Release|ARM64
		{205622FC-74B8-4801-9CCB-21D2EC769992}.Release|ARM64.Build.0 = Release|ARM64
		{205622FC-74B8-4801-9CCB-21D2EC769992}.Release|x64.ActiveCfg = Release|x64
		{205622FC-74B8-4801-9CCB-21D2EC769992}.Release|x64.Build.0 = Release|x64
		{205622FC-74B8-4801-9CCB-21D2EC769992}.Release|x86.ActiveCfg = Release|Win32
		{205622FC-74B8-4801-9CCB-21D2EC769992}.Release|x86.Build.0 = Release|Win32
		{205622FC-74B8-4801-9CCB-21D2EC769992}.Static-Debug|ARM.ActiveCfg = Static-Debug|ARM
		{205622FC-74B8-4801-9CCB-21D2EC769992}.Static-Debug|ARM.Build.0 = Static-Debug|ARM
		{205622FC-74B8-4801-9CCB-21D2EC769992}.Static-Debug|ARM64.ActiveCfg = Static-Debug|ARM64
		{205622FC-74B8-4801-9CCB-21D2EC769992}.Static-Debug|ARM64.Build.0 = Static-Debug|ARM64
		{205622FC-74B8-4801-9CCB-21D2EC769992}.Static-Debug|x64.ActiveCfg = Static-Debug|x64
		{205622FC-74B8-4801-9CCB-21D2EC769992}.Static-Debug|x64.Build.0 = Static-Debug|x64
		{205622FC-74B8-4801-9CCB-21D2EC769992}.Static-Debug|x86.ActiveCfg = Static-Debug|Win32
		{205622FC-74B8-4801-9CCB-21D2EC769992}.Static-Debug|x86.Build.0 = Static-Debug|Win32
		{205622FC-74B8-4801-9CCB-21D2EC769992}.Static-Release|ARM.ActiveCfg = Static-Release|ARM
		{205622FC-74B8-4801-9CCB-21D2EC769992}.Static-Release|ARM.Build.0 = Static-Release|ARM
		{205622FC-74B8-4801-9CCB-21D2EC769992}.Static-Release|ARM64.ActiveCfg = Static-Release|ARM64
		{205622FC-74B8-4801-9CCB-21D2EC769992}.Static-Release|ARM64.Build.0 = Static-Release|ARM64
		{205622FC-74B8-4801-9CCB-21D2EC769992}.Static-Release|x64.ActiveCfg = Static-Release|x64
		{205622FC-74B8-4801-9CCB-21D2EC769992}.Static-Release|x64.Build.0 = Static-Release|x64
		{205622FC-74B8-4801-9CCB-21D2EC769992}.Static-Release|x86.ActiveCfg = Static-Release|Win32
		{205622FC-74B8-4801-9CCB-21D2EC769992}.Static-Release|x86.Build.0 = Static-Release|Win32
		{065695AE-87D9-4BA3-A758-6D05BE2C32D8}.Debug|ARM.ActiveCfg = Debug|ARM
		{065695AE-87D9-4BA3-A758-6D05BE2C32D8}.Debug|ARM.Build.0 = Debug|ARM
		{065695AE-87D9-4BA3-A758-6D05BE2C32D8}.Debug|ARM64.ActiveCfg = Debug|ARM64
		{065695AE-87D9-4BA3-A758-6D05BE2C32D8}.Debug|ARM64.Build.0 = Debug|ARM64
		{065695AE-87D9-4BA3-A758-6D05BE2C32D8}.Debug|x64.ActiveCfg = Debug|x64
		{065695AE-87D9-4BA3-A758-6D05BE2C32D8}.Debug|x64.Build.0 = Debug|x64
		{065695AE-87D9-4BA3-A758-6D05BE2C32D8}.Debug|x86.ActiveCfg = Debug|Win32
		{065695AE-87D9-4BA3-A758-6D05BE2C32D8}.Debug|x86.Build.0 = Debug|Win32
		{065695AE-87D9-4BA3-A758-6D05BE2C32D8}.Release|ARM.ActiveCfg = Release|ARM
		{065695AE-87D9-4BA3-A758-6D05BE2C32D8}.Release|ARM.Build.0 = Release|ARM
		{065695AE-87D9-4BA3-A758-6D05BE2C32D8}.Release|ARM64.ActiveCfg = Release|ARM64
		{065695AE-87D9-4BA3-A758-6D05BE2C32D8}.Release|ARM64.Build.0 = Release|ARM64
		{065695AE-87D9-4BA3-A758-6D05BE2C32D8}.Release|x64.ActiveCfg = Release|x64
		{065695AE-87D9-4BA3-A758-6D05BE2C32D8}.Release|x64.Build.0 = Release|x64
		{065695AE-87D9-4BA3-A758-6D05BE2C32D8}.Release|x86.ActiveCfg = Release|Win32
		{065695AE-87D9-4BA3-A758-6D05BE2C32D8}.Release|x86.Build.0 = Release|Win32
		{065695AE-87D9-4BA3-A758-6D05BE2C32D8}.Static-Debug|ARM.ActiveCfg = Static-Debug|ARM
		{065695AE-87D9-4BA3-A758-6D05BE2C32D8}.Static-Debug|ARM.Build.0 = Static-Debug|ARM
		{065695AE-87D9-4BA3-A758-6D05BE2C32D8}.Static-Debug|ARM64.ActiveCfg = Static-Debug|ARM64
		{065695AE-87D9-4BA3-A758-6D05BE2C32D8}.Static-Debug|ARM64.Build.0 = Static-Debug|ARM64
		{065695AE-87D9-4BA3-A758-6D05BE2C32D8}.Static-Debug|x64.ActiveCfg = Static-Debug|x64
		{065695AE-87D9-4BA3-A758-6D05BE2C32D8}.Static-Debug|x64.Build.0 = Static-Debug|x64
		{065695AE-87D9-4BA3-A758-6D05BE2C32D8}.Static-Debug|x86.ActiveCfg = Static-Debug|Win32
		{065695AE-87D9-4BA3-A758-6D05BE2C32D8}.Static-Debug|x86.Build.0 = Static-Debug|Win32
		{065695AE-87D9-4BA3-A758-6D05BE2C32D8}.Static-Release|ARM.ActiveCfg = Static-Release|ARM
		{065695AE-87D9-4BA3-A758-6D05BE2C32D8}.Static-Release|ARM.Build.0 = Static-Release|ARM
		{065695AE-87D9-4BA3-A758-6D05BE2C32D8}.Static-Release|ARM64.ActiveCfg = Static-Release|ARM64
		{065695AE-87D9-4BA3-A758-6D05BE2C32D8}.Static-Release|ARM64.Build.0 = Static-Release|ARM64
		{065695AE-87D9-4BA3-A758-6D05BE2C32D8}.Static-Release|x64.ActiveCfg = Static-Release|x64
		{065695AE-87D9-4BA3-A758-6D05BE2C32D8}.Static-Release|x64.Build.0 = Static-Release|x64
		{065695AE-87D9-4BA3-A758-6D05BE2C32D8}.Static-Release|x86.ActiveCfg = Static-Release|Win32
		{065695AE-87D9-4BA3-A758-6D05BE2C32D8}.Static-Release|x86.Build.0 = Static-Release|Win32
		{E9EFA15F-B003-4A57-B6CF-D2BB0CFEF711}.Debug|ARM.ActiveCfg = Debug|ARM
		{E9EFA15F-B003-4A57-B6CF-D2BB0CFEF711}.Debug|ARM.Build.0 = Debug|ARM
		{E9EFA15F-B003-4A57-B6CF-D2BB0CFEF711}.Debug|ARM64.ActiveCfg = Debug|ARM64
		{E9EFA15F-B003-4A57-B6CF-D2BB0CFEF711}.Debug|ARM64.Build.0 = Debug|ARM64
		{E9EFA15F-B003-4A57-B6CF-D2BB0CFEF711}.Debug|x64.ActiveCfg = Debug|x64
		{E9EFA15F-B003-4A57-B6CF-D2BB0CFEF711}.Debug|x64.Build.0 = Debug|x64
		{E9EFA15F-B003-4A57-B6CF-D2BB0CFEF711}.Debug|x86.ActiveCfg = Debug|Win32
		{E9EFA15F-B003-4A57-B6CF-D2BB0CFEF711}.Debug|x86.Build.0 = Debug|Win32
		{E9EFA15F-B003-4A57-B6CF-D2BB0CFEF711}.Release|ARM.ActiveCfg = Release|ARM
		{E9EFA15F-B003-4A57-B6CF-D2BB0CFEF711}.Release|ARM.Build.0 = Release|ARM
		{E9EFA15F-B003-4A57-B6CF-D2BB0CFEF711}.Release|ARM64.ActiveCfg = Release|ARM64
		{E9EFA15F-B003-4A57-B6CF-D2BB0CFEF711}.Release|ARM64.Build.0 = Release|ARM64
		{E9EFA15F-B003-4A57-B6CF-D2BB0CFEF711}.Release|x64.ActiveCfg = Release|x64
		{E9EFA15F-B003-4A57-B6CF-D2BB0CFEF711}.Release|x64.Build.0 = Release|x64
		{E9EFA15F-B003-4A57-B6CF-D2BB0CFEF711}.Release|x86.ActiveCfg = Release|Win32
		{E9EFA15F-B003-4A57-B6CF-D2BB0CFEF711}.Release|x86.Build.0 = Release|Win32
		{E9EFA15F-B003-4A57-B6CF-D2BB0CFEF711}.Static-Debug|ARM.ActiveCfg = Static-Debug|ARM
		{E9EFA15F-B003-4A57-B6CF-D2BB0CFEF711}.Static-Debug|ARM.Build.0 = Static-Debug|ARM
		{E9EFA15F-B003-4A57-B6CF-D2BB0CFEF711}.Static-Debug|ARM64.ActiveCfg = Static-Debug|ARM64
		{E9EFA15F-B003-4A57-B6CF-D2BB0CFEF711}.Static-Debug|ARM64.Build.0 = Static-Debug|ARM64
		{E9EFA15F-B003-4A57-B6CF-D2BB0CFEF711}.Static-Debug|x64.ActiveCfg = Static-Debug|x64
		{E9EFA15F-B003-4A57-B6CF-D2BB0CFEF711}.Static-Debug|x64.Build.0 = Static-Debug|x64
		{E9EFA15F-B003-4A57-B6CF-D2BB0CFEF711}.Static-Debug|x86.ActiveCfg = Static-Debug|Win32
		{E9EFA15F-B003-4A57-B6CF-D2BB0CFEF711}.Static-Debug|x86.Build.0 = Static-Debug|Win32
		{E9EFA15F-B003-4A57-B6CF-D2BB0CFEF711}.Static-Release|ARM.ActiveCfg = Static-Release|ARM
		{E9EFA15F-B003-4A57-B6CF-D2BB0CFEF711}.Static-Release|ARM.Build.0 = Static-Release|ARM
		{E9EFA15F-B003-4A57-B6CF-D2BB0CFEF711}.Static-Release|ARM64.ActiveCfg = Static-Release|ARM64
		{E9EFA15F-B003-4A57-B6CF-D2BB0CFEF711}.Static-Release|ARM64.Build.0 = Static-Release|ARM64
		{E9EFA15F-B003-4A57-B6CF-D2BB0CFEF711}.Static-Release|x64.ActiveCfg = Static-Release|x64
		{E9EFA15F-B003-4A57-B6CF-D2BB0CFEF711}.Static-Release|x64.Build.0 = Static-Release|x64
		{E9EFA15F-B003-4A57-B6CF-D2BB0CFEF711}.Static-Release|x86.ActiveCfg = Static-Release|Win32
		{E9EFA15F-B003-4A57-B6CF-D2BB0CFEF711}.Static-Release|x86.Build.0 = Static-Release|Win32
		{6E349242-B6C9-417F-AC21-AC547B8E79F0}.Debug|ARM.ActiveCfg = Debug|ARM
		{6E349242-B6C9-417F-AC21-AC547B8E79F0}.Debug|ARM.Build.0 = Debug|ARM
		{6E349242-B6C9-417F-AC21-AC547B8E79F0}.Debug|ARM64.ActiveCfg = Debug|ARM64
		{6E349242-B6C9-417F-AC21-AC547B8E79F0}.Debug|ARM64.Build.0 = Debug|ARM64
		{6E349242-B6C9-417F-AC21-AC547B8E79F0}.Debug|x64.ActiveCfg = Debug|x64
		{6E349242-B6C9-417F-AC21-AC547B8E79F0}.Debug|x64.Build.0 = Debug|x64
		{6E349242-B6C9-417F-AC21-AC547B8E79F0}.Debug|x86.ActiveCfg = Debug|Win32
		{6E349242-B6C9-417F-AC21-AC547B8E79F0}.Debug|x86.Build.0 = Debug|Win32
		{6E349242-B6C9-417F-AC21-AC547B8E79F0}.Release|ARM.ActiveCfg = Release|ARM
		{6E349242-B6C9-417F-AC21-AC547B8E79F0}.Release|ARM.Build.0 = Release|ARM
		{6E349242-B6C9-417F-AC21-AC547B8E79F0}.Release|ARM64.ActiveCfg = Release|ARM64
		{6E349242-B6C9-417F-AC21-AC547B8E79F0}.Release|ARM64.Build.0 = Release|ARM64
		{6E349242-B6C9-417F-AC21-AC547B8E79F0}.Release|x64.ActiveCfg = Release|x64
		{6E349242-B6C9-417F-AC21-AC547B8E79F0}.Release|x64.Build.0 = Release|x64
		{6E349242-B6C9-417F-AC21-AC547B8E79F0}.Release|x86.ActiveCfg = Release|Win32
		{6E349242-B6C9-417F-AC21-AC547B8E79F0}.Release|x86.Build.0 = Release|Win32
		{6E349242-B6C9-417F-AC21-AC547B8E79F0}.Static-Debug|ARM.ActiveCfg = Static-Debug|ARM
		{6E349242-B6C9-417F-AC21-AC547B8E79F0}.Static-Debug|ARM.Build.0 = Static-Debug|ARM
		{6E349242-B6C9-417F-AC21-AC547B8E79F0}.Static-Debug|ARM64.ActiveCfg = Static-Debug|ARM64
		{6E349242-B6C9-417F-AC21-AC547B8E79F0}.Static-Debug|ARM64.Build.0 = Static-Debug|ARM64
		{6E349242-B6C9-417F-AC21-AC547B8E79F0}.Static-Debug|x64.ActiveCfg = Static-Debug|x64
		{6E349242-B6C9-417F-AC21-AC547B8E79F0}.Static-Debug|x64.Build.0 = Static-Debug|x64
		{6E349242-B6C9-417F-AC21-AC547B8E79F0}.Static-Debug|x86.ActiveCfg = Static-Debug|Win32
		{6E349242-B6C9-417F-AC21-AC547B8E79F0}.Static-Debug|x86.Build.0 = Static-Debug|Win32
		{6E349242-B6C9-417F-AC21-AC547B8E79F0}.Static-Release|ARM.ActiveCfg = Static-Release|ARM
		{6E349242-B6C9-417F-AC21-AC547B8E79F0}.Static-Release|ARM.Build.0 = Static-Release|ARM
		{6E349242-B6C9-417F-AC21-AC547B8E79F0}.Static-Release|ARM64.ActiveCfg = Static-Release|ARM64
		{6E349242-B6C9-417F-AC21-AC547B8E79F0}.Static-Release|ARM64.Build.0 = Static-Release|ARM64
		{6E349242-B6C9-417F-AC21-AC547B8E79F0}.Static-Release|x64.ActiveCfg = Static-Release|x64
		{6E349242-B6C9-417F-AC21-AC547B8E79F0}.Static-Release|x64.Build.0 = Static-Release|x64
		{6E349242-B6C9-417F-AC21-AC547B8E79F0}.Static-Release|x86.ActiveCfg = Static-Release|Win32
		{6E349242-B6C9-417F-AC21-AC547B8E79F0}.Static-Release|x86.Build.0 = Static-Release|Win32
		{A298F477-CB54-454E-8231-2490B12A137A}.Debug|ARM.ActiveCfg = Debug|ARM
		{A298F477-CB54-454E-8231-2490B12A137A}.Debug|ARM.Build.0 = Debug|ARM
		{A298F477-CB54-454E-8231-2490B12A137A}.Debug|ARM64.ActiveCfg = Debug|ARM64
		{A298F477-CB54-454E-8231-2490B12A137A}.Debug|ARM64.Build.0 = Debug|ARM64
		{A298F477-CB54-454E-8231-2490B12A137A}.Debug|x64.ActiveCfg = Debug|x64
		{A298F477-CB54-454E-8231-2490B12A137A}.Debug|x64.Build.0 = Debug|x64
		{A298F477-CB54-454E-8231-2490B12A137A}.Debug|x86.ActiveCfg = Debug|Win32
		{A298F477-CB54-454E-8231-2490B12A137A}.Debug|x86.Build.0 = Debug|Win32
		{A298F477-CB54-454E-8231-2490B12A137A}.Release|ARM.ActiveCfg = Release|ARM
		{A298F477-CB54-454E-8231-2490B12A137A}.Release|ARM.Build.0 = Release|ARM
		{A298F477-CB54-454E-8231-2490B12A137A}.Release|ARM64.ActiveCfg = Release|ARM64
		{A298F477-CB54-454E-8231-2490B12A137A}.Release|ARM64.Build.0 = Release|ARM64
		{A298F477-CB54-454E-8231-2490B12A137A}.Release|x64.ActiveCfg = Release|x64
		{A298F477-CB54-454E-8231-2490B12A137A}.Release|x64.Build.0 = Release|x64
		{A298F477-CB54-454E-8231-2490B12A137A}.Release|x86.ActiveCfg = Release|Win32
		{A298F477-CB54-454E-8231-2490B12A137A}.Release|x86.Build.0 = Release|Win32
		{A298F477-CB54-454E-8231-2490B12A137A}.Static-Debug|ARM.ActiveCfg = Static-Debug|ARM
		{A298F477-CB54-454E-8231-2490B12A137A}.Static-Debug|ARM.Build.0 = Static-Debug|ARM
		{A298F477-CB54-454E-8231-2490B12A137A}.Static-Debug|ARM64.ActiveCfg = Static-Debug|ARM64
		{A298F477-CB54-454E-8231-2490B12A137A}.Static-Debug|ARM64.Build.0 = Static-Debug|ARM64
		{A298F477-CB54-454E-8231-2490B12A137A}.Static-Debug|x64.ActiveCfg = Static-Debug|x64
		{A298F477-CB54-454E-8231-2490B12A137A}.Static-Debug|x64.Build.0 = Static-Debug|x64
		{A298F477-CB54-454E-8231-2490B12A137A}.Static-Debug|x86.ActiveCfg = Static-Debug|Win32
		{A298F477-CB54-454E-8231-2490B12A137A}.Static-Debug|x86.Build.0 = Static-Debug|Win32
		{A298F477-CB54-454E-8231-2490B12A137A}.Static-Release|ARM.ActiveCfg = Static-Release|ARM
		{A298F477-CB54-454E-8231-2490B12A137A}.Static-Release|ARM.Build.0 = Static-Release|ARM
		{A298F477-CB54-454E-8231-2490B12A137A}.Static-Release|ARM64.ActiveCfg = Static-Release|ARM64
		{A298F477-CB54-454E-8231-2490B12A137A}.Static-Release|ARM64.Build.0 = Static-Release|ARM64
		{A298F477-CB54-454E-8231-2490B12A137A}.Static-Release|x64.ActiveCfg = Static-Release|x64
		{A298F477-CB54-454E-8231-2490B12A137A}.Static-Release|x64.Build.0 = Static-Release|x64
		{A298F477-CB54-454E-8231-2490B12A137A}.Static-Release|x86.ActiveCfg = Static-Release|Win32
		{A298F477-CB54-454E-8231-2490B12A137A}.Static-Release|x86.Build.0 = Static-Release|Win32
		{1C6E7DEA-F554-46BA-85F8-CDEA738CD1B1}.Debug|ARM.ActiveCfg = Debug|ARM
		{1C6E7DEA-F554-46BA-85F8-CDEA738CD1B1}.Debug|ARM.Build.0 = Debug|ARM
		{1C6E7DEA-F554-46BA-85F8-CDEA738CD1B1}.Debug|ARM64.ActiveCfg = Debug|ARM64
		{1C6E7DEA-F554-46BA-85F8-CDEA738CD1B1}.Debug|ARM64.Build.0 = Debug|ARM64
		{1C6E7DEA-F554-46BA-85F8-CDEA738CD1B1}.Debug|x64.ActiveCfg = Debug|x64
		{1C6E7DEA-F554-46BA-85F8-CDEA738CD1B1}.Debug|x64.Build.0 = Debug|x64
		{1C6E7DEA-F554-46BA-85F8-CDEA738CD1B1}.Debug|x86.ActiveCfg = Debug|Win32
		{1C6E7DEA-F554-46BA-85F8-CDEA738CD1B1}.Debug|x86.Build.0 = Debug|Win32
		{1C6E7DEA-F554-46BA-85F8-CDEA738CD1B1}.Release|ARM.ActiveCfg = Release|ARM
		{1C6E7DEA-F554-46BA-85F8-CDEA738CD1B1}.Release|ARM.Build.0 = Release|ARM
		{1C6E7DEA-F554-46BA-85F8-CDEA738CD1B1}.Release|ARM64.ActiveCfg = Release|ARM64
		{1C6E7DEA-F554-46BA-85F8-CDEA738CD1B1}.Release|ARM64.Build.0 = Release|ARM64
		{1C6E7DEA-F554-46BA-85F8-CDEA738CD1B1}.Release|x64.ActiveCfg = Release|x64
		{1C6E7DEA-F554-46BA-85F8-CDEA738CD1B1}.Release|x64.Build.0 = Release|x64
		{1C6E7DEA-F554-46BA-85F8-CDEA738CD1B1}.Release|x86.ActiveCfg = Release|Win32
		{1C6E7DEA-F554-46BA-85F8-CDEA738CD1B1}.Release|x86.Build.0 = Release|Win32
		{1C6E7DEA-F554-46BA-85F8-CDEA738CD1B1}.Static-Debug|ARM.ActiveCfg = Static-Debug|ARM
		{1C6E7DEA-F554-46BA-85F8-CDEA738CD1B1}.Static-Debug|ARM.Build.0 = Static-Debug|ARM
		{1C6E7DEA-F554-46BA-85F8-CDEA738CD1B1}.Static-Debug|ARM64.ActiveCfg = Static-Debug|ARM64
		{1C6E7DEA-F554-46BA-85F8-CDEA738CD1B1}.Static-Debug|ARM64.Build.0 = Static-Debug|ARM64
		{1C6E7DEA-F554-46BA-85F8-CDEA738CD1B1}.Static-Debug|x64.ActiveCfg = Static-Debug|x64
		{1C6E7DEA-F554-46BA-85F8-CDEA738CD1B1}.Static-Debug|x64.Build.0 = Static-Debug|x64
		{1C6E7DEA-F554-46BA-85F8-CDEA738CD1B1}.Static-Debug|x86.ActiveCfg = Static-Debug|Win32
		{1C6E7DEA-F554-46BA-85F8-CDEA738CD1B1}.Static-Debug|x86.Build.0 = Static-Debug|Win32
		{1C6E7DEA-F554-46BA-85F8-CDEA738CD1B1}.Static-Release|ARM.ActiveCfg = Static-Release|ARM
		{1C6E7DEA-F554-46BA-85F8-CDEA738CD1B1}.Static-Release|ARM.Build.0 = Static-Release|ARM
		{1C6E7DEA-F554-46BA-85F8-CDEA738CD1B1}.Static-Release|ARM64.ActiveCfg = Static-Release|ARM64
		{1C6E7DEA-F554-46BA-85F8-CDEA738CD1B1}.Static-Release|ARM64.Build.0 = Static-Release|ARM64
		{1C6E7DEA-F554-46BA-85F8-CDEA738CD1B1}.Static-Release|x64.ActiveCfg = Static-Release|x64
		{1C6E7DEA-F554-46BA-85F8-CDEA738CD1B1}.Static-Release|x64.Build.0 = Static-Release|x64
		{1C6E7DEA-F554-46BA-85F8-CDEA738CD1B1}.Static-Release|x86.ActiveCfg = Static-Release|Win32
		{1C6E7DEA-F554-46BA-85F8-CDEA738CD1B1}.Static-Release|x86.Build.0 = Static-Release|Win32
		{BA02E703-CDB7-4FD6-8986-C5DBAAEE6062}.Debug|ARM.ActiveCfg = Debug|ARM
		{BA02E703-CDB7-4FD6-8986-C5DBAAEE6062}.Debug|ARM.Build.0 = Debug|ARM
		{BA02E703-CDB7-4FD6-8986-C5DBAAEE6062}.Debug|ARM64.ActiveCfg = Debug|ARM64
		{BA02E703-CDB7-4FD6-8986-C5DBAAEE6062}.Debug|ARM64.Build.0 = Debug|ARM64
		{BA02E703-CDB7-4FD6-8986-C5DBAAEE6062}.Debug|x64.ActiveCfg = Debug|x64
		{BA02E703-CDB7-4FD6-8986-C5DBAAEE6062}.Debug|x64.Build.0 = Debug|x64
		{BA02E703-CDB7-4FD6-8986-C5DBAAEE6062}.Debug|x86.ActiveCfg = Debug|Win32
		{BA02E703-CDB7-4FD6-8986-C5DBAAEE6062}.Debug|x86.Build.0 = Debug|Win32
		{BA02E703-CDB7-4FD6-8986-C5DBAAEE6062}.Release|ARM.ActiveCfg = Release|ARM
		{BA02E703-CDB7-4FD6-8986-C5DBAAEE6062}.Release|ARM.Build.0 = Release|ARM
		{BA02E703-CDB7-4FD6-8986-C5DBAAEE6062}.Release|ARM64.ActiveCfg = Release|ARM64
		{BA02E703-CDB7-4FD6-8986-C5DBAAEE6062}.Release|ARM64.Build.0 = Release|ARM64
		{BA02E703-CDB7-4FD6-8986-C5DBAAEE6062}.Release|x64.ActiveCfg = Release|x64
		{BA02E703-CDB7-4FD6-8986-C5DBAAEE6062}.Release|x64.Build.0 = Release|x64
		{BA02E703-CDB7-4FD6-8986-C5DBAAEE6062}.Release|x86.ActiveCfg = Release|Win32
		{BA02E703-CDB7-4FD6-8986-C5DBAAEE6062}.Release|x86.Build.0 = Release|Win32
		{BA02E703-CDB7-4FD6-8986-C5DBAAEE6062}.Static-Debug|ARM.ActiveCfg = Static-Debug|ARM
		{BA02E703-CDB7-4FD6-8986-C5DBAAEE6062}.Static-Debug|ARM.Build.0 = Static-Debug|ARM
		{BA02E703-CDB7-4FD6-8986-C5DBAAEE6062}.Static-Debug|ARM64.ActiveCfg = Static-Debug|ARM64
		{BA02E703-CDB7-4FD6-8986-C5DBAAEE6062}.Static-Debug|ARM64.Build.0 = Static-Debug|ARM64
		{BA02E703-CDB7-4FD6-8986-C5DBAAEE6062}.Static-Debug|x64.ActiveCfg = Static-Debug|x64
		{BA02E703-CDB7-4FD6-8986-C5DBAAEE6062}.Static-Debug|x64.Build.0 = Static-Debug|x64
		{BA02E703-CDB7-4FD6-8986-C5DBAAEE6062}.Static-Debug|x86.ActiveCfg = Static-Debug|Win32
		{BA02E703-CDB7-4FD6-8986-C5DBAAEE6062}.Static-Debug|x86.Build.0 = Static-Debug|Win32
		{BA02E703-CDB7-4FD6-8986-C5DBAAEE6062}.Static-Release|ARM.ActiveCfg = Static-Release|ARM
		{BA02E703-CDB7-4FD6-8986-C5DBAAEE6062}.Static-Release|ARM.Build.0 = Static-Release|ARM
		{BA02E703-CDB7-4FD6-8986-C5DBAAEE6062}.Static-Release|ARM64.ActiveCfg = Static-Release|ARM64
		{BA02E703-CDB7-4FD6-8986-C5DBAAEE6062}.Static-Release|ARM64.Build.0 = Static-Release|ARM64
		{BA02E703-CDB7-4FD6-8986-C5DBAAEE6062}.Static-Release|x64.ActiveCfg = Static-Release|x64
		{BA02E703-CDB7-4FD6-8986-C5DBAAEE6062}.Static-Release|x64.Build.0 = Static-Release|x64
		{BA02E703-CDB7-4FD6-8986-C5DBAAEE6062}.Static-Release|x86.ActiveCfg = Static-Release|Win32
		{BA02E703-CDB7-4FD6-8986-C5DBAAEE6062}.Static-Release|x86.Build.0 = Static-Release|Win32
		{79FF5FB4-358D-4A8C-A053-54AB6707E879}.Debug|ARM.ActiveCfg = Debug|ARM
		{79FF5FB4-358D-4A8C-A053-54AB6707E879}.Debug|ARM.Build.0 = Debug|ARM
		{79FF5FB4-358D-4A8C-A053-54AB6707E879}.Debug|ARM64.ActiveCfg = Debug|ARM64
		{79FF5FB4-358D-4A8C-A053-54AB6707E879}.Debug|ARM64.Build.0 = Debug|ARM64
		{79FF5FB4-358D-4A8C-A053-54AB6707E879}.Debug|x64.ActiveCfg = Debug|x64
		{79FF5FB4-358D-4A8C-A053-54AB6707E879}.Debug|x64.Build.0 = Debug|x64
		{79FF5FB4-358D-4A8C-A053-54AB6707E879}.Debug|x86.ActiveCfg = Debug|Win32
		{79FF5FB4-358D-4A8C-A053-54AB6707E879}.Debug|x86.Build.0 = Debug|Win32
		{79FF5FB4-358D-4A8C-A053-54AB6707E879}.Release|ARM.ActiveCfg = Release|ARM
		{79FF5FB4-358D-4A8C-A053-54AB6707E879}.Release|ARM.Build.0 = Release|ARM
		{79FF5FB4-358D-4A8C-A053-54AB6707E879}.Release|ARM64.ActiveCfg = Release|ARM64
		{79FF5FB4-358D-4A8C-A053-54AB6707E879}.Release|ARM64.Build.0 = Release|ARM64
		{79FF5FB4-358D-4A8C-A053-54AB6707E879}.Release|x64.ActiveCfg = Release|x64
		{79FF5FB4-358D-4A8C-A053-54AB6707E879}.Release|x64.Build.0 = Release|x64
		{79FF5FB4-358D-4A8C-A053-54AB6707E879}.Release|x86.ActiveCfg = Release|Win32
		{79FF5FB4-358D-4A8C-A053-54AB6707E879}.Release|x86.Build.0 = Release|Win32
		{79FF5FB4-358D-4A8C-A053-54AB6707E879}.Static-Debug|ARM.ActiveCfg = Static-Debug|ARM
		{79FF5FB4-358D-4A8C-A053-54AB6707E879}.Static-Debug|ARM.Build.0 = Static-Debug|ARM
		{79FF5FB4-358D-4A8C-A053-54AB6707E879}.Static-Debug|ARM64.ActiveCfg = Static-Debug|ARM64
		{79FF5FB4-358D-4A8C-A053-54AB6707E879}.Static-Debug|ARM64.Build.0 = Static-Debug|ARM64
		{79FF5FB4-358D-4A8C-A053-54AB6707E879}.Static-Debug|x64.ActiveCfg = Static-Debug|x64
		{79FF5FB4-358D-4A8C-A053-54AB6707E879}.Static-Debug|x64.Build.0 = Static-Debug|x64
		{79FF5FB4-358D-4A8C-A053-54AB6707E879}.Static-Debug|x86.ActiveCfg = Static-Debug|Win32
		{79FF5FB4-358D-4A8C-A053-54AB6707E879}.Static-Debug|x86.Build.0 = Static-Debug|Win32
		{79FF5FB4-358D-4A8C-A053-54AB6707E879}.Static-Release|ARM.ActiveCfg = Static-Release|ARM
		{79FF5FB4-358D-4A8C-A053-54AB6707E879}.Static-Release|ARM.Build.0 = Static-Release|ARM
		{79FF5FB4-358D-4A8C-A053-54AB6707E879}.Static-Release|ARM64.ActiveCfg = Static-Release|ARM64
		{79FF5FB4-358D-4A8C-A053-54AB6707E879}.Static-Release|ARM64.Build.0 = Static-Release|ARM64
		{79FF5FB4-358D-4A8C-A053-54AB6707E879}.Static-Release|x64.ActiveCfg = Static-Release|x64
		{79FF5FB4-358D-4A8C-A053-54AB6707E879}.Static-Release|x64.Build.0 = Static-Release|x64
		{79FF5FB4-358D-4A8C-A053-54AB6707E879}.Static-Release|x86.ActiveCfg = Static-Release|Win32
		{79FF5FB4-358D-4A8C-A053-54AB6707E879}.Static-Release|x86.Build.0 = Static-Release|Win32
		{582757F6-595F-4014-8D72-264597FC9434}.Debug|ARM.ActiveCfg = Debug|ARM
		{582757F6-595F-4014-8D72-264597FC9434}.Debug|ARM.Build.0 = Debug|ARM
		{582757F6-595F-4014-8D72-264597FC9434}.Debug|ARM64.ActiveCfg = Debug|ARM64
		{582757F6-595F-4014-8D72-264597FC9434}.Debug|ARM64.Build.0 = Debug|ARM64
		{582757F6-595F-4014-8D72-264597FC9434}.Debug|x64.ActiveCfg = Debug|x64
		{582757F6-595F-4014-8D72-264597FC9434}.Debug|x64.Build.0 = Debug|x64
		{582757F6-595F-4014-8D72-264597FC9434}.Debug|x86.ActiveCfg = Debug|Win32
		{582757F6-595F-4014-8D72-264597FC9434}.Debug|x86.Build.0 = Debug|Win32
		{582757F6-595F-4014-8D72-264597FC9434}.Release|ARM.ActiveCfg = Release|ARM
		{582757F6-595F-4014-8D72-264597FC9434}.Release|ARM.Build.0 = Release|ARM
		{582757F6-595F-4014-8D72-264597FC9434}.Release|ARM64.ActiveCfg = Release|ARM64
		{582757F6-595F-4014-8D72-264597FC9434}.Release|ARM64.Build.0 = Release|ARM64
		{582757F6-595F-4014-8D72-264597FC9434}.Release|x64.ActiveCfg = Release|x64
		{582757F6-595F-4014-8D72-264597FC9434}.Release|x64.Build.0 = Release|x64
		{582757F6-595F-4014-8D72-264597FC9434}.Release|x86.ActiveCfg = Release|Win32
		{582757F6-595F-4014-8D72-264597FC9434}.Release|x86.Build.0 = Release|Win32
		{582757F6-595F-4014-8D72-264597FC9434}.Static-Debug|ARM.ActiveCfg = Static-Debug|ARM
		{582757F6-595F-4014-8D72-264597FC9434}.Static-Debug|ARM.Build.0 = Static-Debug|ARM
		{582757F6-595F-4014-8D72-264597FC9434}.Static-Debug|ARM64.ActiveCfg = Static-Debug|ARM64
		{582757F6-595F-4014-8D72-264597FC9434}.Static-Debug|ARM64.Build.0 = Static-Debug|ARM64
		{582757F6-595F-4014-8D72-264597FC9434}.Static-Debug|x64.ActiveCfg = Static-Debug|x64
		{582757F6-595F-4014-8D72-264597FC9434}.Static-Debug|x64.Build.0 = Static-Debug|x64
		{582757F6-595F-4014-8D72-264597FC9434}.Static-Debug|x86.ActiveCfg = Static-Debug|Win32
		{582757F6-595F-4014-8D72-264597FC9434}.Static-Debug|x86.Build.0 = Static-Debug|Win32
		{582757F6-595F-4014-8D72-264597FC9434}.Static-Release|ARM.ActiveCfg = Static-Release|ARM
		{582757F6-595F-4014-8D72-264597FC9434}.Static-Release|ARM.Build.0 = Static-Release|ARM
		{582757F6-595F-4014-8D72-264597FC9434}.Static-Release|ARM64.ActiveCfg = Static-Release|ARM64
		{582757F6-595F-4014-8D72-264597FC9434}.Static-Release|ARM64.Build.0 = Static-Release|ARM64
		{582757F6-595F-4014-8D72-264597FC9434}.Static-Release|x64.ActiveCfg = Static-Release|x64
		{582757F6-595F-4014-8D72-264597FC9434}.Static-Release|x64.Build.0 = Static-Release|x64
		{582757F6-595F-4014-8D72-264597FC9434}.Static-Release|x86.ActiveCfg = Static-Release|Win32
		{582757F6-595F-4014-8D72-264597FC9434}.Static-Release|x86.Build.0 = Static-Release|Win32
		{E93481C6-7D47-4DEB-9505-71CB8AC98112}.Debug|ARM.ActiveCfg = Debug|ARM
		{E93481C6-7D47-4DEB-9505-71CB8AC98112}.Debug|ARM.Build.0 = Debug|ARM
		{E93481C6-7D47-4DEB-9505-71CB8AC98112}.Debug|ARM64.ActiveCfg = Debug|ARM64
		{E93481C6-7D47-4DEB-9505-71CB8AC98112}.Debug|ARM64.Build.0 = Debug|ARM64
		{E93481C6-7D47-4DEB-9505-71CB8AC98112}.Debug|x64.ActiveCfg = Debug|x64
		{E93481C6-7D47-4DEB-9505-71CB8AC98112}.Debug|x64.Build.0 = Debug|x64
		{E93481C6-7D47-4DEB-9505-71CB8AC98112}.Debug|x86.ActiveCfg = Debug|Win32
		{E93481C6-7D47-4DEB-9505-71CB8AC98112}.Debug|x86.Build.0 = Debug|Win32
		{E93481C6-7D47-4DEB-9505-71CB8AC98112}.Release|ARM.ActiveCfg = Release|ARM
		{E93481C6-7D47-4DEB-9505-71CB8AC98112}.Release|ARM.Build.0 = Release|ARM
		{E93481C6-7D47-4DEB-9505-71CB8AC98112}.Release|ARM64.ActiveCfg = Release|ARM64
		{E93481C6-7D47-4DEB-9505-71CB8AC98112}.Release|ARM64.Build.0 = Release|ARM64
		{E93481C6-7D47-4DEB-9505-71CB8AC98112}.Release|x64.ActiveCfg = Release|x64
		{E93481C6-7D47-4DEB-9505-71CB8AC98112}.Release|x64.Build.0 = Release|x64
		{E93481C6-7D47-4DEB-9505-71CB8AC98112}.Release|x86.ActiveCfg = Release|Win32
		{E93481C6-7D47-4DEB-9505-71CB8AC98112}.Release|x86.Build.0 = Release|Win32
		{E93481C6-7D47-4DEB-9505-71CB8AC98112}.Static-Debug|ARM.ActiveCfg = Static-Debug|ARM
		{E93481C6-7D47-4DEB-9505-71CB8AC98112}.Static-Debug|ARM.Build.0 = Static-Debug|ARM
		{E93481C6-7D47-4DEB-9505-71CB8AC98112}.Static-Debug|ARM64.ActiveCfg = Static-Debug|ARM64
		{E93481C6-7D47-4DEB-9505-71CB8AC98112}.Static-Debug|ARM64.Build.0 = Static-Debug|ARM64
		{E93481C6-7D47-4DEB-9505-71CB8AC98112}.Static-Debug|x64.ActiveCfg = Static-Debug|x64
		{E93481C6-7D47-4DEB-9505-71CB8AC98112}.Static-Debug|x64.Build.0 = Static-Debug|x64
		{E93481C6-7D47-4DEB-9505-71CB8AC98112}.Static-Debug|x86.ActiveCfg = Static-Debug|Win32
		{E93481C6-7D47-4DEB-9505-71CB8AC98112}.Static-Debug|x86.Build.0 = Static-Debug|Win32
		{E93481C6-7D47-4DEB-9505-71CB8AC98112}.Static-Release|ARM.ActiveCfg = Static-Release|ARM
		{E93481C6-7D47-4DEB-9505-71CB8AC98112}.Static-Release|ARM.Build.0 = Static-Release|ARM
		{E93481C6-7D47-4DEB-9505-71CB8AC98112}.Static-Release|ARM64.ActiveCfg = Static-Release|ARM64
		{E93481C6-7D47-4DEB-9505-71CB8AC98112}.Static-Release|ARM64.Build.0 = Static-Release|ARM64
		{E93481C6-7D47-4DEB-9505-71CB8AC98112}.Static-Release|x64.ActiveCfg = Static-Release|x64
		{E93481C6-7D47-4DEB-9505-71CB8AC98112}.Static-Release|x64.Build.0 = Static-Release|x64
		{E93481C6-7D47-4DEB-9505-71CB8AC98112}.Static-Release|x86.ActiveCfg = Static-Release|Win32
		{E93481C6-7D47-4DEB-9505-71CB8AC98112}.Static-Release|x86.Build.0 = Static-Release|Win32
		{6D1D0047-48D8-4637-AFC2-BBAAE99962A6}.Debug|ARM.ActiveCfg = Debug|ARM
		{6D1D0047-48D8-4637-AFC2-BBAAE99962A6}.Debug|ARM.Build.0 = Debug|ARM
		{6D1D0047-48D8-4637-AFC2-BBAAE99962A6}.Debug|ARM64.ActiveCfg = Debug|ARM64
		{6D1D0047-48D8-4637-AFC2-BBAAE99962A6}.Debug|ARM64.Build.0 = Debug|ARM64
		{6D1D0047-48D8-4637-AFC2-BBAAE99962A6}.Debug|x64.ActiveCfg = Debug|x64
		{6D1D0047-48D8-4637-AFC2-BBAAE99962A6}.Debug|x64.Build.0 = Debug|x64
		{6D1D0047-48D8-4637-AFC2-BBAAE99962A6}.Debug|x86.ActiveCfg = Debug|Win32
		{6D1D0047-48D8-4637-AFC2-BBAAE99962A6}.Debug|x86.Build.0 = Debug|Win32
		{6D1D0047-48D8-4637-AFC2-BBAAE99962A6}.Release|ARM.ActiveCfg = Release|ARM
		{6D1D0047-48D8-4637-AFC2-BBAAE99962A6}.Release|ARM.Build.0 = Release|ARM
		{6D1D0047-48D8-4637-AFC2-BBAAE99962A6}.Release|ARM64.ActiveCfg = Release|ARM64
		{6D1D0047-48D8-4637-AFC2-BBAAE99962A6}.Release|ARM64.Build.0 = Release|ARM64
		{6D1D0047-48D8-4637-AFC2-BBAAE99962A6}.Release|x64.ActiveCfg = Release|x64
		{6D1D0047-48D8-4637-AFC2-BBAAE99962A6}.Release|x64.Build.0 = Release|x64
		{6D1D0047-48D8-4637-AFC2-BBAAE99962A6}.Release|x86.ActiveCfg = Release|Win32
		{6D1D0047-48D8-4637-AFC2-BBAAE99962A6}.Release|x86.Build.0 = Release|Win32
		{6D1D0047-48D8-4637-AFC2-BBAAE99962A6}.Static-Debug|ARM.ActiveCfg = Static-Debug|ARM
		{6D1D0047-48D8-4637-AFC2-BBAAE99962A6}.Static-Debug|ARM.Build.0 = Static-Debug|ARM
		{6D1D0047-48D8-4637-AFC2-BBAAE99962A6}.Static-Debug|ARM64.ActiveCfg = Static-Debug|ARM64
		{6D1D0047-48D8-4637-AFC2-BBAAE99962A6}.Static-Debug|ARM64.Build.0 = Static-Debug|ARM64
		{6D1D0047-48D8-4637-AFC2-BBAAE99962A6}.Static-Debug|x64.ActiveCfg = Static-Debug|x64
		{6D1D0047-48D8-4637-AFC2-BBAAE99962A6}.Static-Debug|x64.Build.0 = Static-Debug|x64
		{6D1D0047-48D8-4637-AFC2-BBAAE99962A6}.Static-Debug|x86.ActiveCfg = Static-Debug|Win32
		{6D1D0047-48D8-4637-AFC2-BBAAE99962A6}.Static-Debug|x86.Build.0 = Static-Debug|Win32
		{6D1D0047-48D8-4637-AFC2-BBAAE99962A6}.Static-Release|ARM.ActiveCfg = Static-Release|ARM
		{6D1D0047-48D8-4637-AFC2-BBAAE99962A6}.Static-Release|ARM.Build.0 = Static-Release|ARM
		{6D1D0047-48D8-4637-AFC2-BBAAE99962A6}.Static-Release|ARM64.ActiveCfg = Static-Release|ARM64
		{6D1D0047-48D8-4637-AFC2-BBAAE99962A6}.Static-Release|ARM64.Build.0 = Static-Release|ARM64
		{6D1D0047-48D8-4637-AFC2-BBAAE99962A6}.Static-Release|x64.ActiveCfg = Static-Release|x64
		{6D1D0047-48D8-4637-AFC2-BBAAE99962A6}.Static-Release|x64.Build.0 = Static-Release|x64
		{6D1D0047-48D8-4637-AFC2-BBAAE99962A6}.Static-Release|x86.ActiveCfg = Static-Release|Win32
		{6D1D0047-48D8-4637-AFC2-BBAAE99962A6}.Static-Release|x86.Build.0 = Static-Release|Win32
		{926C8C5D-B6E6-4516-836F-70F9488378A1}.Debug|ARM.ActiveCfg = Debug|ARM
		{926C8C5D-B6E6-4516-836F-70F9488378A1}.Debug|ARM.Build.0 = Debug|ARM
		{926C8C5D-B6E6-4516-836F-70F9488378A1}.Debug|ARM64.ActiveCfg = Debug|ARM64
		{926C8C5D-B6E6-4516-836F-70F9488378A1}.Debug|ARM64.Build.0 = Debug|ARM64
		{926C8C5D-B6E6-4516-836F-70F9488378A1}.Debug|x64.ActiveCfg = Debug|x64
		{926C8C5D-B6E6-4516-836F-70F9488378A1}.Debug|x64.Build.0 = Debug|x64
		{926C8C5D-B6E6-4516-836F-70F9488378A1}.Debug|x86.ActiveCfg = Debug|Win32
		{926C8C5D-B6E6-4516-836F-70F9488378A1}.Debug|x86.Build.0 = Debug|Win32
		{926C8C5D-B6E6-4516-836F-70F9488378A1}.Release|ARM.ActiveCfg = Release|ARM
		{926C8C5D-B6E6-4516-836F-70F9488378A1}.Release|ARM.Build.0 = Release|ARM
		{926C8C5D-B6E6-4516-836F-70F9488378A1}.Release|ARM64.ActiveCfg = Release|ARM64
		{926C8C5D-B6E6-4516-836F-70F9488378A1}.Release|ARM64.Build.0 = Release|ARM64
		{926C8C5D-B6E6-4516-836F-70F9488378A1}.Release|x64.ActiveCfg = Release|x64
		{926C8C5D-B6E6-4516-836F-70F9488378A1}.Release|x64.Build.0 = Release|x64
		{926C8C5D-B6E6-4516-836F-70F9488378A1}.Release|x86.ActiveCfg = Release|Win32
		{926C8C5D-B6E6-4516-836F-70F9488378A1}.Release|x86.Build.0 = Release|Win32
		{926C8C5D-B6E6-4516-836F-70F9488378A1}.Static-Debug|ARM.ActiveCfg = Static-Debug|ARM
		{926C8C5D-B6E6-4516-836F-70F9488378A1}.Static-Debug|ARM.Build.0 = Static-Debug|ARM
		{926C8C5D-B6E6-4516-836F-70F9488378A1}.Static-Debug|ARM64.ActiveCfg = Static-Debug|ARM64
		{926C8C5D-B6E6-4516-836F-70F9488378A1}.Static-Debug|ARM64.Build.0 = Static-Debug|ARM64
		{926C8C5D-B6E6-4516-836F-70F9488378A1}.Static-Debug|x64.ActiveCfg = Static-Debug|x64
		{926C8C5D-B6E6-4516-836F-70F9488378A1}.Static-Debug|x64.Build.0 = Static-Debug|x64
		{926C8C5D-B6E6-4516-836F-70F9488378A1}.Static-Debug|x86.ActiveCfg = Debug|Win32
		{926C8C5D-B6E6-4516-836F-70F9488378A1}.Static-Debug|x86.Build.0 = Debug|Win32
		{926C8C5D-B6E6-4516-836F-70F9488378A1}.Static-Release|ARM.ActiveCfg = Static-Release|ARM
		{926C8C5D-B6E6-4516-836F-70F9488378A1}.Static-Release|ARM.Build.0 = Static-Release|ARM
		{926C8C5D-B6E6-4516-836F-70F9488378A1}.Static-Release|ARM64.ActiveCfg = Static-Release|ARM64
		{926C8C5D-B6E6-4516-836F-70F9488378A1}.Static-Release|ARM64.Build.0 = Static-Release|ARM64
		{926C8C5D-B6E6-4516-836F-70F9488378A1}.Static-Release|x64.ActiveCfg = Static-Release|x64
		{926C8C5D-B6E6-4516-836F-70F9488378A1}.Static-Release|x64.Build.0 = Static-Release|x64
		{926C8C5D-B6E6-4516-836F-70F9488378A1}.Static-Release|x86.ActiveCfg = Static-Release|Win32
		{926C8C5D-B6E6-4516-836F-70F9488378A1}.Static-Release|x86.Build.0 = Static-Release|Win32
		{A275B070-D641-414D-AE6A-7796F6D6BE2A}.Debug|ARM.ActiveCfg = Debug|Win32
		{A275B070-D641-414D-AE6A-7796F6D6BE2A}.Debug|ARM64.ActiveCfg = Debug|Win32
		{A275B070-D641-414D-AE6A-7796F6D6BE2A}.Debug|x64.ActiveCfg = Debug|x64
		{A275B070-D641-414D-AE6A-7796F6D6BE2A}.Debug|x64.Build.0 = Debug|x64
		{A275B070-D641-414D-AE6A-7796F6D6BE2A}.Debug|x86.ActiveCfg = Debug|Win32
		{A275B070-D641-414D-AE6A-7796F6D6BE2A}.Debug|x86.Build.0 = Debug|Win32
		{A275B070-D641-414D-AE6A-7796F6D6BE2A}.Release|ARM.ActiveCfg = Release|Win32
		{A275B070-D641-414D-AE6A-7796F6D6BE2A}.Release|ARM64.ActiveCfg = Release|Win32
		{A275B070-D641-414D-AE6A-7796F6D6BE2A}.Release|x64.ActiveCfg = Release|x64
		{A275B070-D641-414D-AE6A-7796F6D6BE2A}.Release|x64.Build.0 = Release|x64
		{A275B070-D641-414D-AE6A-7796F6D6BE2A}.Release|x86.ActiveCfg = Release|Win32
		{A275B070-D641-414D-AE6A-7796F6D6BE2A}.Release|x86.Build.0 = Release|Win32
		{A275B070-D641-414D-AE6A-7796F6D6BE2A}.Static-Debug|ARM.ActiveCfg = Debug|Win32
		{A275B070-D641-414D-AE6A-7796F6D6BE2A}.Static-Debug|ARM.Build.0 = Debug|Win32
		{A275B070-D641-414D-AE6A-7796F6D6BE2A}.Static-Debug|ARM64.ActiveCfg = Debug|Win32
		{A275B070-D641-414D-AE6A-7796F6D6BE2A}.Static-Debug|ARM64.Build.0 = Debug|Win32
		{A275B070-D641-414D-AE6A-7796F6D6BE2A}.Static-Debug|x64.ActiveCfg = Debug|x64
		{A275B070-D641-414D-AE6A-7796F6D6BE2A}.Static-Debug|x64.Build.0 = Debug|x64
		{A275B070-D641-414D-AE6A-7796F6D6BE2A}.Static-Debug|x86.ActiveCfg = Debug|Win32
		{A275B070-D641-414D-AE6A-7796F6D6BE2A}.Static-Debug|x86.Build.0 = Debug|Win32
		{A275B070-D641-414D-AE6A-7796F6D6BE2A}.Static-Release|ARM.ActiveCfg = Debug|Win32
		{A275B070-D641-414D-AE6A-7796F6D6BE2A}.Static-Release|ARM.Build.0 = Debug|Win32
		{A275B070-D641-414D-AE6A-7796F6D6BE2A}.Static-Release|ARM64.ActiveCfg = Debug|Win32
		{A275B070-D641-414D-AE6A-7796F6D6BE2A}.Static-Release|ARM64.Build.0 = Debug|Win32
		{A275B070-D641-414D-AE6A-7796F6D6BE2A}.Static-Release|x64.ActiveCfg = Release|x64
		{A275B070-D641-414D-AE6A-7796F6D6BE2A}.Static-Release|x64.Build.0 = Release|x64
		{A275B070-D641-414D-AE6A-7796F6D6BE2A}.Static-Release|x86.ActiveCfg = Release|Win32
		{A275B070-D641-414D-AE6A-7796F6D6BE2A}.Static-Release|x86.Build.0 = Release|Win32
		{2A5F37B2-60C0-4CCD-B43A-71FC72923ACB}.Debug|ARM.ActiveCfg = Debug|Win32
		{2A5F37B2-60C0-4CCD-B43A-71FC72923ACB}.Debug|ARM64.ActiveCfg = Debug|Win32
		{2A5F37B2-60C0-4CCD-B43A-71FC72923ACB}.Debug|x64.ActiveCfg = Debug|x64
		{2A5F37B2-60C0-4CCD-B43A-71FC72923ACB}.Debug|x64.Build.0 = Debug|x64
		{2A5F37B2-60C0-4CCD-B43A-71FC72923ACB}.Debug|x86.ActiveCfg = Debug|Win32
		{2A5F37B2-60C0-4CCD-B43A-71FC72923ACB}.Debug|x86.Build.0 = Debug|Win32
		{2A5F37B2-60C0-4CCD-B43A-71FC72923ACB}.Release|ARM.ActiveCfg = Release|Win32
		{2A5F37B2-60C0-4CCD-B43A-71FC72923ACB}.Release|ARM64.ActiveCfg = Release|Win32
		{2A5F37B2-60C0-4CCD-B43A-71FC72923ACB}.Release|x64.ActiveCfg = Release|x64
		{2A5F37B2-60C0-4CCD-B43A-71FC72923ACB}.Release|x64.Build.0 = Release|x64
		{2A5F37B2-60C0-4CCD-B43A-71FC72923ACB}.Release|x86.ActiveCfg = Release|Win32
		{2A5F37B2-60C0-4CCD-B43A-71FC72923ACB}.Release|x86.Build.0 = Release|Win32
		{2A5F37B2-60C0-4CCD-B43A-71FC72923ACB}.Static-Debug|ARM.ActiveCfg = Debug|Win32
		{2A5F37B2-60C0-4CCD-B43A-71FC72923ACB}.Static-Debug|ARM.Build.0 = Debug|Win32
		{2A5F37B2-60C0-4CCD-B43A-71FC72923ACB}.Static-Debug|ARM64.ActiveCfg = Debug|Win32
		{2A5F37B2-60C0-4CCD-B43A-71FC72923ACB}.Static-Debug|ARM64.Build.0 = Debug|Win32
		{2A5F37B2-60C0-4CCD-B43A-71FC72923ACB}.Static-Debug|x64.ActiveCfg = Debug|x64
		{2A5F37B2-60C0-4CCD-B43A-71FC72923ACB}.Static-Debug|x64.Build.0 = Debug|x64
		{2A5F37B2-60C0-4CCD-B43A-71FC72923ACB}.Static-Debug|x86.ActiveCfg = Debug|Win32
		{2A5F37B2-60C0-4CCD-B43A-71FC72923ACB}.Static-Debug|x86.Build.0 = Debug|Win32
		{2A5F37B2-60C0-4CCD-B43A-71FC72923ACB}.Static-Release|ARM.ActiveCfg = Debug|Win32
		{2A5F37B2-60C0-4CCD-B43A-71FC72923ACB}.Static-Release|ARM.Build.0 = Debug|Win32
		{2A5F37B2-60C0-4CCD-B43A-71FC72923ACB}.Static-Release|ARM64.ActiveCfg = Debug|Win32
		{2A5F37B2-60C0-4CCD-B43A-71FC72923ACB}.Static-Release|ARM64.Build.0 = Debug|Win32
		{2A5F37B2-60C0-4CCD-B43A-71FC72923ACB}.Static-Release|x64.ActiveCfg = Release|x64
		{2A5F37B2-60C0-4CCD-B43A-71FC72923ACB}.Static-Release|x64.Build.0 = Release|x64
		{2A5F37B2-60C0-4CCD-B43A-71FC72923ACB}.Static-Release|x86.ActiveCfg = Release|Win32
		{2A5F37B2-60C0-4CCD-B43A-71FC72923ACB}.Static-Release|x86.Build.0 = Release|Win32
		{A319438D-D2E5-4CA2-91C4-12769AA9A2EB}.Debug|ARM.ActiveCfg = Debug|ARM
		{A319438D-D2E5-4CA2-91C4-12769AA9A2EB}.Debug|ARM.Build.0 = Debug|ARM
		{A319438D-D2E5-4CA2-91C4-12769AA9A2EB}.Debug|ARM64.ActiveCfg = Debug|ARM64
		{A319438D-D2E5-4CA2-91C4-12769AA9A2EB}.Debug|ARM64.Build.0 = Debug|ARM64
		{A319438D-D2E5-4CA2-91C4-12769AA9A2EB}.Debug|x64.ActiveCfg = Debug|x64
		{A319438D-D2E5-4CA2-91C4-12769AA9A2EB}.Debug|x64.Build.0 = Debug|x64
		{A319438D-D2E5-4CA2-91C4-12769AA9A2EB}.Debug|x86.ActiveCfg = Debug|Win32
		{A319438D-D2E5-4CA2-91C4-12769AA9A2EB}.Debug|x86.Build.0 = Debug|Win32
		{A319438D-D2E5-4CA2-91C4-12769AA9A2EB}.Release|ARM.ActiveCfg = Release|ARM
		{A319438D-D2E5-4CA2-91C4-12769AA9A2EB}.Release|ARM.Build.0 = Release|ARM
		{A319438D-D2E5-4CA2-91C4-12769AA9A2EB}.Release|ARM64.ActiveCfg = Release|ARM64
		{A319438D-D2E5-4CA2-91C4-12769AA9A2EB}.Release|ARM64.Build.0 = Release|ARM64
		{A319438D-D2E5-4CA2-91C4-12769AA9A2EB}.Release|x64.ActiveCfg = Release|x64
		{A319438D-D2E5-4CA2-91C4-12769AA9A2EB}.Release|x64.Build.0 = Release|x64
		{A319438D-D2E5-4CA2-91C4-12769AA9A2EB}.Release|x86.ActiveCfg = Release|Win32
		{A319438D-D2E5-4CA2-91C4-12769AA9A2EB}.Release|x86.Build.0 = Release|Win32
		{A319438D-D2E5-4CA2-91C4-12769AA9A2EB}.Static-Debug|ARM.ActiveCfg = Static-Debug|ARM
		{A319438D-D2E5-4CA2-91C4-12769AA9A2EB}.Static-Debug|ARM.Build.0 = Static-Debug|ARM
		{A319438D-D2E5-4CA2-91C4-12769AA9A2EB}.Static-Debug|ARM64.ActiveCfg = Static-Debug|ARM64
		{A319438D-D2E5-4CA2-91C4-12769AA9A2EB}.Static-Debug|ARM64.Build.0 = Static-Debug|ARM64
		{A319438D-D2E5-4CA2-91C4-12769AA9A2EB}.Static-Debug|x64.ActiveCfg = Static-Debug|x64
		{A319438D-D2E5-4CA2-91C4-12769AA9A2EB}.Static-Debug|x64.Build.0 = Static-Debug|x64
		{A319438D-D2E5-4CA2-91C4-12769AA9A2EB}.Static-Debug|x86.ActiveCfg = Static-Debug|Win32
		{A319438D-D2E5-4CA2-91C4-12769AA9A2EB}.Static-Debug|x86.Build.0 = Static-Debug|Win32
		{A319438D-D2E5-4CA2-91C4-12769AA9A2EB}.Static-Release|ARM.ActiveCfg = Static-Release|ARM
		{A319438D-D2E5-4CA2-91C4-12769AA9A2EB}.Static-Release|ARM.Build.0 = Static-Release|ARM
		{A319438D-D2E5-4CA2-91C4-12769AA9A2EB}.Static-Release|ARM64.ActiveCfg = Static-Release|ARM64
		{A319438D-D2E5-4CA2-91C4-12769AA9A2EB}.Static-Release|ARM64.Build.0 = Static-Release|ARM64
		{A319438D-D2E5-4CA2-91C4-12769AA9A2EB}.Static-Release|x64.ActiveCfg = Static-Release|x64
		{A319438D-D2E5-4CA2-91C4-12769AA9A2EB}.Static-Release|x64.Build.0 = Static-Release|x64
		{A319438D-D2E5-4CA2-91C4-12769AA9A2EB}.Static-Release|x86.ActiveCfg = Static-Release|Win32
		{A319438D-D2E5-4CA2-91C4-12769AA9A2EB}.Static-Release|x86.Build.0 = Static-Release|Win32
	EndGlobalSection
	GlobalSection(SolutionProperties) = preSolution
		HideSolutionNode = FALSE
	EndGlobalSection
	GlobalSection(ExtensibilityGlobals) = postSolution
		SolutionGuid = {C641122A-8CA2-4EFC-AD06-6BA62199491B}
	EndGlobalSection
EndGlobal
