
Microsoft Visual Studio Solution File, Format Version 12.00
# Visual Studio 14
VisualStudioVersion = 14.0.25420.1
MinimumVisualStudioVersion = 10.0.40219.1
Project("{8BC9CEB8-8B4A-11D0-8D11-00A0C91BC942}") = "Win_getopt", "..\..\subprojects\wingetopt\VS.2015\Win_getopt.vcxproj", "{621B44CE-B314-4E05-B214-5DC70F2B4798}"
EndProject
Project("{8BC9CEB8-8B4A-11D0-8D11-00A0C91BC942}") = "opensea-common", "..\..\subprojects\opensea-common\Make\VS.2015\opensea-common\opensea-common\opensea-common.vcxproj", "{FBCBA2F1-3BF8-4A25-B815-E228E1AEDCFF}"
EndProject
Project("{8BC9CEB8-8B4A-11D0-8D11-00A0C91BC942}") = "opensea-operations-Lib", "..\..\subprojects\opensea-operations\Make\VS.2015\opensea-operations\opensea-operations\opensea-operations.vcxproj", "{A0771494-8717-48AB-A0E5-49191252FF2C}"
	ProjectSection(ProjectDependencies) = postProject
		{7DAC7F63-E808-47FD-BEEB-33E4A870008B} = {7DAC7F63-E808-47FD-BEEB-33E4A870008B}
		{FBCBA2F1-3BF8-4A25-B815-E228E1AEDCFF} = {FBCBA2F1-3BF8-4A25-B815-E228E1AEDCFF}
	EndProjectSection
EndProject
Project("{8BC9CEB8-8B4A-11D0-8D11-00A0C91BC942}") = "opensea-operations-DLL", "..\..\subprojects\opensea-operations\Make\VS.2015\opensea-operations\opensea-operations-DLL\opensea-operations-DLL.vcxproj", "{D73F51F3-3C0C-4E82-A0C2-10823534A5D8}"
	ProjectSection(ProjectDependencies) = postProject
		{EC785B2D-14C3-4AAF-AF33-595BFC96343C} = {EC785B2D-14C3-4AAF-AF33-595BFC96343C}
		{FBCBA2F1-3BF8-4A25-B815-E228E1AEDCFF} = {FBCBA2F1-3BF8-4A25-B815-E228E1AEDCFF}
	EndProjectSection
EndProject
Project("{8BC9CEB8-8B4A-11D0-8D11-00A0C91BC942}") = "opensea-transport-Lib", "..\..\subprojects\opensea-transport\Make\VS.2015\opensea-transport\opensea-transport\opensea-transport.vcxproj", "{7DAC7F63-E808-47FD-BEEB-33E4A870008B}"
	ProjectSection(ProjectDependencies) = postProject
		{FBCBA2F1-3BF8-4A25-B815-E228E1AEDCFF} = {FBCBA2F1-3BF8-4A25-B815-E228E1AEDCFF}
	EndProjectSection
EndProject
Project("{8BC9CEB8-8B4A-11D0-8D11-00A0C91BC942}") = "opensea-transport-DLL", "..\..\subprojects\opensea-transport\Make\VS.2015\opensea-transport\opensea-transport-DLL\opensea-transport-DLL.vcxproj", "{EC785B2D-14C3-4AAF-AF33-595BFC96343C}"
	ProjectSection(ProjectDependencies) = postProject
		{FBCBA2F1-3BF8-4A25-B815-E228E1AEDCFF} = {FBCBA2F1-3BF8-4A25-B815-E228E1AEDCFF}
	EndProjectSection
EndProject
Project("{8BC9CEB8-8B4A-11D0-8D11-00A0C91BC942}") = "OpenSeaChest_Sample", "OpenSeaChest_Sample\OpenSeaChest_Sample.vcxproj", "{9F9DF7C9-8D25-435C-B4B1-E0C4CCFE3D51}"
	ProjectSection(ProjectDependencies) = postProject
		{7DAC7F63-E808-47FD-BEEB-33E4A870008B} = {7DAC7F63-E808-47FD-BEEB-33E4A870008B}
		{A0771494-8717-48AB-A0E5-49191252FF2C} = {A0771494-8717-48AB-A0E5-49191252FF2C}
		{621B44CE-B314-4E05-B214-5DC70F2B4798} = {621B44CE-B314-4E05-B214-5DC70F2B4798}
		{FBCBA2F1-3BF8-4A25-B815-E228E1AEDCFF} = {FBCBA2F1-3BF8-4A25-B815-E228E1AEDCFF}
	EndProjectSection
EndProject
Project("{8BC9CEB8-8B4A-11D0-8D11-00A0C91BC942}") = "OpenSeaChest_Basics", "OpenSeaChest_Basics\OpenSeaChest_Basics.vcxproj", "{AFF70C66-FB14-4031-A59C-8F24943EE0DA}"
	ProjectSection(ProjectDependencies) = postProject
		{7DAC7F63-E808-47FD-BEEB-33E4A870008B} = {7DAC7F63-E808-47FD-BEEB-33E4A870008B}
		{A0771494-8717-48AB-A0E5-49191252FF2C} = {A0771494-8717-48AB-A0E5-49191252FF2C}
		{621B44CE-B314-4E05-B214-5DC70F2B4798} = {621B44CE-B314-4E05-B214-5DC70F2B4798}
		{FBCBA2F1-3BF8-4A25-B815-E228E1AEDCFF} = {FBCBA2F1-3BF8-4A25-B815-E228E1AEDCFF}
	EndProjectSection
EndProject
Project("{8BC9CEB8-8B4A-11D0-8D11-00A0C91BC942}") = "OpenSeaChest_Configure", "OpenSeaChest_Configure\OpenSeaChest_Configure.vcxproj", "{9492438C-9147-41E8-B8C9-5566BBF3276D}"
	ProjectSection(ProjectDependencies) = postProject
		{7DAC7F63-E808-47FD-BEEB-33E4A870008B} = {7DAC7F63-E808-47FD-BEEB-33E4A870008B}
		{A0771494-8717-48AB-A0E5-49191252FF2C} = {A0771494-8717-48AB-A0E5-49191252FF2C}
		{621B44CE-B314-4E05-B214-5DC70F2B4798} = {621B44CE-B314-4E05-B214-5DC70F2B4798}
		{FBCBA2F1-3BF8-4A25-B815-E228E1AEDCFF} = {FBCBA2F1-3BF8-4A25-B815-E228E1AEDCFF}
	EndProjectSection
EndProject
Project("{8BC9CEB8-8B4A-11D0-8D11-00A0C91BC942}") = "OpenSeaChest_Erase", "OpenSeaChest_Erase\OpenSeaChest_Erase.vcxproj", "{F0C3E975-0392-4CF8-BB1F-786DF305E045}"
	ProjectSection(ProjectDependencies) = postProject
		{7DAC7F63-E808-47FD-BEEB-33E4A870008B} = {7DAC7F63-E808-47FD-BEEB-33E4A870008B}
		{A0771494-8717-48AB-A0E5-49191252FF2C} = {A0771494-8717-48AB-A0E5-49191252FF2C}
		{621B44CE-B314-4E05-B214-5DC70F2B4798} = {621B44CE-B314-4E05-B214-5DC70F2B4798}
		{FBCBA2F1-3BF8-4A25-B815-E228E1AEDCFF} = {FBCBA2F1-3BF8-4A25-B815-E228E1AEDCFF}
	EndProjectSection
EndProject
Project("{8BC9CEB8-8B4A-11D0-8D11-00A0C91BC942}") = "OpenSeaChest_Firmware", "OpenSeaChest_Firmware\OpenSeaChest_Firmware.vcxproj", "{E10B445E-AF7B-48D5-AA30-520A839D3AE0}"
	ProjectSection(ProjectDependencies) = postProject
		{7DAC7F63-E808-47FD-BEEB-33E4A870008B} = {7DAC7F63-E808-47FD-BEEB-33E4A870008B}
		{A0771494-8717-48AB-A0E5-49191252FF2C} = {A0771494-8717-48AB-A0E5-49191252FF2C}
		{621B44CE-B314-4E05-B214-5DC70F2B4798} = {621B44CE-B314-4E05-B214-5DC70F2B4798}
		{FBCBA2F1-3BF8-4A25-B815-E228E1AEDCFF} = {FBCBA2F1-3BF8-4A25-B815-E228E1AEDCFF}
	EndProjectSection
EndProject
Project("{8BC9CEB8-8B4A-11D0-8D11-00A0C91BC942}") = "OpenSeaChest_Format", "OpenSeaChest_Format\OpenSeaChest_Format.vcxproj", "{FD115B9E-7D4A-4ED8-A980-4C90C2F8F15F}"
	ProjectSection(ProjectDependencies) = postProject
		{7DAC7F63-E808-47FD-BEEB-33E4A870008B} = {7DAC7F63-E808-47FD-BEEB-33E4A870008B}
		{A0771494-8717-48AB-A0E5-49191252FF2C} = {A0771494-8717-48AB-A0E5-49191252FF2C}
		{621B44CE-B314-4E05-B214-5DC70F2B4798} = {621B44CE-B314-4E05-B214-5DC70F2B4798}
		{FBCBA2F1-3BF8-4A25-B815-E228E1AEDCFF} = {FBCBA2F1-3BF8-4A25-B815-E228E1AEDCFF}
	EndProjectSection
EndProject
Project("{8BC9CEB8-8B4A-11D0-8D11-00A0C91BC942}") = "OpenSeaChest_GenericTests", "OpenSeaChest_GenericTests\OpenSeaChest_GenericTests.vcxproj", "{960F7699-DD4A-4B7F-BA6C-3758659089EE}"
	ProjectSection(ProjectDependencies) = postProject
		{7DAC7F63-E808-47FD-BEEB-33E4A870008B} = {7DAC7F63-E808-47FD-BEEB-33E4A870008B}
		{A0771494-8717-48AB-A0E5-49191252FF2C} = {A0771494-8717-48AB-A0E5-49191252FF2C}
		{621B44CE-B314-4E05-B214-5DC70F2B4798} = {621B44CE-B314-4E05-B214-5DC70F2B4798}
		{FBCBA2F1-3BF8-4A25-B815-E228E1AEDCFF} = {FBCBA2F1-3BF8-4A25-B815-E228E1AEDCFF}
	EndProjectSection
EndProject
Project("{8BC9CEB8-8B4A-11D0-8D11-00A0C91BC942}") = "OpenSeaChest_Info", "OpenSeaChest_Info\OpenSeaChest_Info.vcxproj", "{D48937F1-0799-444A-82DE-594D9DFD2AC2}"
	ProjectSection(ProjectDependencies) = postProject
		{7DAC7F63-E808-47FD-BEEB-33E4A870008B} = {7DAC7F63-E808-47FD-BEEB-33E4A870008B}
		{A0771494-8717-48AB-A0E5-49191252FF2C} = {A0771494-8717-48AB-A0E5-49191252FF2C}
		{621B44CE-B314-4E05-B214-5DC70F2B4798} = {621B44CE-B314-4E05-B214-5DC70F2B4798}
		{FBCBA2F1-3BF8-4A25-B815-E228E1AEDCFF} = {FBCBA2F1-3BF8-4A25-B815-E228E1AEDCFF}
	EndProjectSection
EndProject
Project("{8BC9CEB8-8B4A-11D0-8D11-00A0C91BC942}") = "OpenSeaChest_PowerControl", "OpenSeaChest_PowerControl\OpenSeaChest_PowerControl.vcxproj", "{9CB786D9-A947-4748-A433-58624D3B1856}"
	ProjectSection(ProjectDependencies) = postProject
		{7DAC7F63-E808-47FD-BEEB-33E4A870008B} = {7DAC7F63-E808-47FD-BEEB-33E4A870008B}
		{A0771494-8717-48AB-A0E5-49191252FF2C} = {A0771494-8717-48AB-A0E5-49191252FF2C}
		{621B44CE-B314-4E05-B214-5DC70F2B4798} = {621B44CE-B314-4E05-B214-5DC70F2B4798}
		{FBCBA2F1-3BF8-4A25-B815-E228E1AEDCFF} = {FBCBA2F1-3BF8-4A25-B815-E228E1AEDCFF}
	EndProjectSection
EndProject
Project("{8BC9CEB8-8B4A-11D0-8D11-00A0C91BC942}") = "OpenSeaChest_SMART", "OpenSeaChest_SMART\OpenSeaChest_SMART.vcxproj", "{CC7740F4-A4A2-4E3D-BDF4-485826BE4AA6}"
	ProjectSection(ProjectDependencies) = postProject
		{7DAC7F63-E808-47FD-BEEB-33E4A870008B} = {7DAC7F63-E808-47FD-BEEB-33E4A870008B}
		{A0771494-8717-48AB-A0E5-49191252FF2C} = {A0771494-8717-48AB-A0E5-49191252FF2C}
		{621B44CE-B314-4E05-B214-5DC70F2B4798} = {621B44CE-B314-4E05-B214-5DC70F2B4798}
		{FBCBA2F1-3BF8-4A25-B815-E228E1AEDCFF} = {FBCBA2F1-3BF8-4A25-B815-E228E1AEDCFF}
	EndProjectSection
EndProject
Project("{8BC9CEB8-8B4A-11D0-8D11-00A0C91BC942}") = "OpenSeaChest_ZBD", "OpenSeaChest_ZBD\OpenSeaChest_ZBD.vcxproj", "{7A152E47-364C-41DF-B0B0-B192E73052C3}"
	ProjectSection(ProjectDependencies) = postProject
		{7DAC7F63-E808-47FD-BEEB-33E4A870008B} = {7DAC7F63-E808-47FD-BEEB-33E4A870008B}
		{A0771494-8717-48AB-A0E5-49191252FF2C} = {A0771494-8717-48AB-A0E5-49191252FF2C}
		{621B44CE-B314-4E05-B214-5DC70F2B4798} = {621B44CE-B314-4E05-B214-5DC70F2B4798}
		{FBCBA2F1-3BF8-4A25-B815-E228E1AEDCFF} = {FBCBA2F1-3BF8-4A25-B815-E228E1AEDCFF}
	EndProjectSection
EndProject
Project("{8BC9CEB8-8B4A-11D0-8D11-00A0C91BC942}") = "OpenSeaChest_Logs", "OpenSeaChest_Logs\OpenSeaChest_Logs.vcxproj", "{761A438C-7BF3-4624-851A-E8FFEC4B1B8A}"
	ProjectSection(ProjectDependencies) = postProject
		{7DAC7F63-E808-47FD-BEEB-33E4A870008B} = {7DAC7F63-E808-47FD-BEEB-33E4A870008B}
		{A0771494-8717-48AB-A0E5-49191252FF2C} = {A0771494-8717-48AB-A0E5-49191252FF2C}
		{621B44CE-B314-4E05-B214-5DC70F2B4798} = {621B44CE-B314-4E05-B214-5DC70F2B4798}
		{FBCBA2F1-3BF8-4A25-B815-E228E1AEDCFF} = {FBCBA2F1-3BF8-4A25-B815-E228E1AEDCFF}
	EndProjectSection
EndProject
Project("{8BC9CEB8-8B4A-11D0-8D11-00A0C91BC942}") = "OpenSeaChest_NVMe", "OpenSeaChest_NVMe\OpenSeaChest_NVMe.vcxproj", "{582757F6-595F-4014-8D72-264597FC9434}"
	ProjectSection(ProjectDependencies) = postProject
		{7DAC7F63-E808-47FD-BEEB-33E4A870008B} = {7DAC7F63-E808-47FD-BEEB-33E4A870008B}
		{A0771494-8717-48AB-A0E5-49191252FF2C} = {A0771494-8717-48AB-A0E5-49191252FF2C}
		{621B44CE-B314-4E05-B214-5DC70F2B4798} = {621B44CE-B314-4E05-B214-5DC70F2B4798}
		{FBCBA2F1-3BF8-4A25-B815-E228E1AEDCFF} = {FBCBA2F1-3BF8-4A25-B815-E228E1AEDCFF}
	EndProjectSection
EndProject
Project("{8BC9CEB8-8B4A-11D0-8D11-00A0C91BC942}") = "OpenSeaChest_PassthroughTest", "OpenSeaChest_PassthroughTest\OpenSeaChest_PassthroughTest.vcxproj", "{E93481C6-7D47-4DEB-9505-71CB8AC98112}"
	ProjectSection(ProjectDependencies) = postProject
		{7DAC7F63-E808-47FD-BEEB-33E4A870008B} = {7DAC7F63-E808-47FD-BEEB-33E4A870008B}
		{A0771494-8717-48AB-A0E5-49191252FF2C} = {A0771494-8717-48AB-A0E5-49191252FF2C}
		{621B44CE-B314-4E05-B214-5DC70F2B4798} = {621B44CE-B314-4E05-B214-5DC70F2B4798}
		{FBCBA2F1-3BF8-4A25-B815-E228E1AEDCFF} = {FBCBA2F1-3BF8-4A25-B815-E228E1AEDCFF}
	EndProjectSection
EndProject
Project("{8BC9CEB8-8B4A-11D0-8D11-00A0C91BC942}") = "OpenSeaChest_Security", "OpenSeaChest_Security\OpenSeaChest_Security.vcxproj", "{6D1D0047-48D8-4637-AFC2-BBAAE99962A6}"
	ProjectSection(ProjectDependencies) = postProject
		{7DAC7F63-E808-47FD-BEEB-33E4A870008B} = {7DAC7F63-E808-47FD-BEEB-33E4A870008B}
		{A0771494-8717-48AB-A0E5-49191252FF2C} = {A0771494-8717-48AB-A0E5-49191252FF2C}
		{621B44CE-B314-4E05-B214-5DC70F2B4798} = {621B44CE-B314-4E05-B214-5DC70F2B4798}
		{FBCBA2F1-3BF8-4A25-B815-E228E1AEDCFF} = {FBCBA2F1-3BF8-4A25-B815-E228E1AEDCFF}
	EndProjectSection
EndProject
Project("{8BC9CEB8-8B4A-11D0-8D11-00A0C91BC942}") = "OpenSeaChest_Reservations", "OpenSeaChest_Reservations\OpenSeaChest_Reservations.vcxproj", "{1FC37576-14E6-47A0-B50F-AEF276A18A4B}"
	ProjectSection(ProjectDependencies) = postProject
		{7DAC7F63-E808-47FD-BEEB-33E4A870008B} = {7DAC7F63-E808-47FD-BEEB-33E4A870008B}
		{A0771494-8717-48AB-A0E5-49191252FF2C} = {A0771494-8717-48AB-A0E5-49191252FF2C}
		{621B44CE-B314-4E05-B214-5DC70F2B4798} = {621B44CE-B314-4E05-B214-5DC70F2B4798}
		{FBCBA2F1-3BF8-4A25-B815-E228E1AEDCFF} = {FBCBA2F1-3BF8-4A25-B815-E228E1AEDCFF}
	EndProjectSection
EndProject
Global
	GlobalSection(SolutionConfigurationPlatforms) = preSolution
		Debug|x64 = Debug|x64
		Debug|x86 = Debug|x86
		Release|x64 = Release|x64
		Release|x86 = Release|x86
		Static-Debug|x64 = Static-Debug|x64
		Static-Debug|x86 = Static-Debug|x86
		Static-Release|x64 = Static-Release|x64
		Static-Release|x86 = Static-Release|x86
	EndGlobalSection
	GlobalSection(ProjectConfigurationPlatforms) = postSolution
		{621B44CE-B314-4E05-B214-5DC70F2B4798}.Debug|x64.ActiveCfg = Debug|x64
		{621B44CE-B314-4E05-B214-5DC70F2B4798}.Debug|x64.Build.0 = Debug|x64
		{621B44CE-B314-4E05-B214-5DC70F2B4798}.Debug|x86.ActiveCfg = Debug|Win32
		{621B44CE-B314-4E05-B214-5DC70F2B4798}.Debug|x86.Build.0 = Debug|Win32
		{621B44CE-B314-4E05-B214-5DC70F2B4798}.Release|x64.ActiveCfg = Release|x64
		{621B44CE-B314-4E05-B214-5DC70F2B4798}.Release|x64.Build.0 = Release|x64
		{621B44CE-B314-4E05-B214-5DC70F2B4798}.Release|x86.ActiveCfg = Release|Win32
		{621B44CE-B314-4E05-B214-5DC70F2B4798}.Release|x86.Build.0 = Release|Win32
		{621B44CE-B314-4E05-B214-5DC70F2B4798}.Static-Debug|x64.ActiveCfg = Static-Debug|x64
		{621B44CE-B314-4E05-B214-5DC70F2B4798}.Static-Debug|x64.Build.0 = Static-Debug|x64
		{621B44CE-B314-4E05-B214-5DC70F2B4798}.Static-Debug|x86.ActiveCfg = Static-Debug|Win32
		{621B44CE-B314-4E05-B214-5DC70F2B4798}.Static-Debug|x86.Build.0 = Static-Debug|Win32
		{621B44CE-B314-4E05-B214-5DC70F2B4798}.Static-Release|x64.ActiveCfg = Static-Release|x64
		{621B44CE-B314-4E05-B214-5DC70F2B4798}.Static-Release|x64.Build.0 = Static-Release|x64
		{621B44CE-B314-4E05-B214-5DC70F2B4798}.Static-Release|x86.ActiveCfg = Static-Release|Win32
		{621B44CE-B314-4E05-B214-5DC70F2B4798}.Static-Release|x86.Build.0 = Static-Release|Win32
		{FBCBA2F1-3BF8-4A25-B815-E228E1AEDCFF}.Debug|x64.ActiveCfg = Debug|x64
		{FBCBA2F1-3BF8-4A25-B815-E228E1AEDCFF}.Debug|x64.Build.0 = Debug|x64
		{FBCBA2F1-3BF8-4A25-B815-E228E1AEDCFF}.Debug|x86.ActiveCfg = Debug|Win32
		{FBCBA2F1-3BF8-4A25-B815-E228E1AEDCFF}.Debug|x86.Build.0 = Debug|Win32
		{FBCBA2F1-3BF8-4A25-B815-E228E1AEDCFF}.Release|x64.ActiveCfg = Release|x64
		{FBCBA2F1-3BF8-4A25-B815-E228E1AEDCFF}.Release|x64.Build.0 = Release|x64
		{FBCBA2F1-3BF8-4A25-B815-E228E1AEDCFF}.Release|x86.ActiveCfg = Release|Win32
		{FBCBA2F1-3BF8-4A25-B815-E228E1AEDCFF}.Release|x86.Build.0 = Release|Win32
		{FBCBA2F1-3BF8-4A25-B815-E228E1AEDCFF}.Static-Debug|x64.ActiveCfg = Static-Debug|x64
		{FBCBA2F1-3BF8-4A25-B815-E228E1AEDCFF}.Static-Debug|x64.Build.0 = Static-Debug|x64
		{FBCBA2F1-3BF8-4A25-B815-E228E1AEDCFF}.Static-Debug|x86.ActiveCfg = Static-Debug|Win32
		{FBCBA2F1-3BF8-4A25-B815-E228E1AEDCFF}.Static-Debug|x86.Build.0 = Static-Debug|Win32
		{FBCBA2F1-3BF8-4A25-B815-E228E1AEDCFF}.Static-Release|x64.ActiveCfg = Static-Release|x64
		{FBCBA2F1-3BF8-4A25-B815-E228E1AEDCFF}.Static-Release|x64.Build.0 = Static-Release|x64
		{FBCBA2F1-3BF8-4A25-B815-E228E1AEDCFF}.Static-Release|x86.ActiveCfg = Static-Release|Win32
		{FBCBA2F1-3BF8-4A25-B815-E228E1AEDCFF}.Static-Release|x86.Build.0 = Static-Release|Win32
		{A0771494-8717-48AB-A0E5-49191252FF2C}.Debug|x64.ActiveCfg = Debug|x64
		{A0771494-8717-48AB-A0E5-49191252FF2C}.Debug|x64.Build.0 = Debug|x64
		{A0771494-8717-48AB-A0E5-49191252FF2C}.Debug|x86.ActiveCfg = Debug|Win32
		{A0771494-8717-48AB-A0E5-49191252FF2C}.Debug|x86.Build.0 = Debug|Win32
		{A0771494-8717-48AB-A0E5-49191252FF2C}.Release|x64.ActiveCfg = Release|x64
		{A0771494-8717-48AB-A0E5-49191252FF2C}.Release|x64.Build.0 = Release|x64
		{A0771494-8717-48AB-A0E5-49191252FF2C}.Release|x86.ActiveCfg = Release|Win32
		{A0771494-8717-48AB-A0E5-49191252FF2C}.Release|x86.Build.0 = Release|Win32
		{A0771494-8717-48AB-A0E5-49191252FF2C}.Static-Debug|x64.ActiveCfg = Static-Debug|x64
		{A0771494-8717-48AB-A0E5-49191252FF2C}.Static-Debug|x64.Build.0 = Static-Debug|x64
		{A0771494-8717-48AB-A0E5-49191252FF2C}.Static-Debug|x86.ActiveCfg = Static-Debug|Win32
		{A0771494-8717-48AB-A0E5-49191252FF2C}.Static-Debug|x86.Build.0 = Static-Debug|Win32
		{A0771494-8717-48AB-A0E5-49191252FF2C}.Static-Release|x64.ActiveCfg = Static-Release|x64
		{A0771494-8717-48AB-A0E5-49191252FF2C}.Static-Release|x64.Build.0 = Static-Release|x64
		{A0771494-8717-48AB-A0E5-49191252FF2C}.Static-Release|x86.ActiveCfg = Static-Release|Win32
		{A0771494-8717-48AB-A0E5-49191252FF2C}.Static-Release|x86.Build.0 = Static-Release|Win32
		{D73F51F3-3C0C-4E82-A0C2-10823534A5D8}.Debug|x64.ActiveCfg = Debug|x64
		{D73F51F3-3C0C-4E82-A0C2-10823534A5D8}.Debug|x64.Build.0 = Debug|x64
		{D73F51F3-3C0C-4E82-A0C2-10823534A5D8}.Debug|x86.ActiveCfg = Debug|Win32
		{D73F51F3-3C0C-4E82-A0C2-10823534A5D8}.Debug|x86.Build.0 = Debug|Win32
		{D73F51F3-3C0C-4E82-A0C2-10823534A5D8}.Release|x64.ActiveCfg = Release|x64
		{D73F51F3-3C0C-4E82-A0C2-10823534A5D8}.Release|x64.Build.0 = Release|x64
		{D73F51F3-3C0C-4E82-A0C2-10823534A5D8}.Release|x86.ActiveCfg = Release|Win32
		{D73F51F3-3C0C-4E82-A0C2-10823534A5D8}.Release|x86.Build.0 = Release|Win32
		{D73F51F3-3C0C-4E82-A0C2-10823534A5D8}.Static-Debug|x64.ActiveCfg = Static-Debug|x64
		{D73F51F3-3C0C-4E82-A0C2-10823534A5D8}.Static-Debug|x64.Build.0 = Static-Debug|x64
		{D73F51F3-3C0C-4E82-A0C2-10823534A5D8}.Static-Debug|x86.ActiveCfg = Static-Debug|Win32
		{D73F51F3-3C0C-4E82-A0C2-10823534A5D8}.Static-Debug|x86.Build.0 = Static-Debug|Win32
		{D73F51F3-3C0C-4E82-A0C2-10823534A5D8}.Static-Release|x64.ActiveCfg = Static-Release|x64
		{D73F51F3-3C0C-4E82-A0C2-10823534A5D8}.Static-Release|x64.Build.0 = Static-Release|x64
		{D73F51F3-3C0C-4E82-A0C2-10823534A5D8}.Static-Release|x86.ActiveCfg = Static-Release|Win32
		{D73F51F3-3C0C-4E82-A0C2-10823534A5D8}.Static-Release|x86.Build.0 = Static-Release|Win32
		{7DAC7F63-E808-47FD-BEEB-33E4A870008B}.Debug|x64.ActiveCfg = Debug|x64
		{7DAC7F63-E808-47FD-BEEB-33E4A870008B}.Debug|x64.Build.0 = Debug|x64
		{7DAC7F63-E808-47FD-BEEB-33E4A870008B}.Debug|x86.ActiveCfg = Debug|Win32
		{7DAC7F63-E808-47FD-BEEB-33E4A870008B}.Debug|x86.Build.0 = Debug|Win32
		{7DAC7F63-E808-47FD-BEEB-33E4A870008B}.Release|x64.ActiveCfg = Release|x64
		{7DAC7F63-E808-47FD-BEEB-33E4A870008B}.Release|x64.Build.0 = Release|x64
		{7DAC7F63-E808-47FD-BEEB-33E4A870008B}.Release|x86.ActiveCfg = Release|Win32
		{7DAC7F63-E808-47FD-BEEB-33E4A870008B}.Release|x86.Build.0 = Release|Win32
		{7DAC7F63-E808-47FD-BEEB-33E4A870008B}.Static-Debug|x64.ActiveCfg = Static-Debug|x64
		{7DAC7F63-E808-47FD-BEEB-33E4A870008B}.Static-Debug|x64.Build.0 = Static-Debug|x64
		{7DAC7F63-E808-47FD-BEEB-33E4A870008B}.Static-Debug|x86.ActiveCfg = Static-Debug|Win32
		{7DAC7F63-E808-47FD-BEEB-33E4A870008B}.Static-Debug|x86.Build.0 = Static-Debug|Win32
		{7DAC7F63-E808-47FD-BEEB-33E4A870008B}.Static-Release|x64.ActiveCfg = Static-Release|x64
		{7DAC7F63-E808-47FD-BEEB-33E4A870008B}.Static-Release|x64.Build.0 = Static-Release|x64
		{7DAC7F63-E808-47FD-BEEB-33E4A870008B}.Static-Release|x86.ActiveCfg = Static-Release|Win32
		{7DAC7F63-E808-47FD-BEEB-33E4A870008B}.Static-Release|x86.Build.0 = Static-Release|Win32
		{EC785B2D-14C3-4AAF-AF33-595BFC96343C}.Debug|x64.ActiveCfg = Debug|x64
		{EC785B2D-14C3-4AAF-AF33-595BFC96343C}.Debug|x64.Build.0 = Debug|x64
		{EC785B2D-14C3-4AAF-AF33-595BFC96343C}.Debug|x86.ActiveCfg = Debug|Win32
		{EC785B2D-14C3-4AAF-AF33-595BFC96343C}.Debug|x86.Build.0 = Debug|Win32
		{EC785B2D-14C3-4AAF-AF33-595BFC96343C}.Release|x64.ActiveCfg = Release|x64
		{EC785B2D-14C3-4AAF-AF33-595BFC96343C}.Release|x64.Build.0 = Release|x64
		{EC785B2D-14C3-4AAF-AF33-595BFC96343C}.Release|x86.ActiveCfg = Release|Win32
		{EC785B2D-14C3-4AAF-AF33-595BFC96343C}.Release|x86.Build.0 = Release|Win32
		{EC785B2D-14C3-4AAF-AF33-595BFC96343C}.Static-Debug|x64.ActiveCfg = Static-Debug|x64
		{EC785B2D-14C3-4AAF-AF33-595BFC96343C}.Static-Debug|x64.Build.0 = Static-Debug|x64
		{EC785B2D-14C3-4AAF-AF33-595BFC96343C}.Static-Debug|x86.ActiveCfg = Static-Debug|Win32
		{EC785B2D-14C3-4AAF-AF33-595BFC96343C}.Static-Debug|x86.Build.0 = Static-Debug|Win32
		{EC785B2D-14C3-4AAF-AF33-595BFC96343C}.Static-Release|x64.ActiveCfg = Static-Release|x64
		{EC785B2D-14C3-4AAF-AF33-595BFC96343C}.Static-Release|x64.Build.0 = Static-Release|x64
		{EC785B2D-14C3-4AAF-AF33-595BFC96343C}.Static-Release|x86.ActiveCfg = Static-Release|Win32
		{EC785B2D-14C3-4AAF-AF33-595BFC96343C}.Static-Release|x86.Build.0 = Static-Release|Win32
		{9F9DF7C9-8D25-435C-B4B1-E0C4CCFE3D51}.Debug|x64.ActiveCfg = Debug|x64
		{9F9DF7C9-8D25-435C-B4B1-E0C4CCFE3D51}.Debug|x86.ActiveCfg = Debug|Win32
		{9F9DF7C9-8D25-435C-B4B1-E0C4CCFE3D51}.Release|x64.ActiveCfg = Release|x64
		{9F9DF7C9-8D25-435C-B4B1-E0C4CCFE3D51}.Release|x86.ActiveCfg = Release|Win32
		{9F9DF7C9-8D25-435C-B4B1-E0C4CCFE3D51}.Static-Debug|x64.ActiveCfg = Static-Debug|x64
		{9F9DF7C9-8D25-435C-B4B1-E0C4CCFE3D51}.Static-Debug|x86.ActiveCfg = Static-Debug|Win32
		{9F9DF7C9-8D25-435C-B4B1-E0C4CCFE3D51}.Static-Release|x64.ActiveCfg = Static-Release|x64
		{9F9DF7C9-8D25-435C-B4B1-E0C4CCFE3D51}.Static-Release|x86.ActiveCfg = Static-Release|Win32
		{AFF70C66-FB14-4031-A59C-8F24943EE0DA}.Debug|x64.ActiveCfg = Debug|x64
		{AFF70C66-FB14-4031-A59C-8F24943EE0DA}.Debug|x64.Build.0 = Debug|x64
		{AFF70C66-FB14-4031-A59C-8F24943EE0DA}.Debug|x86.ActiveCfg = Debug|Win32
		{AFF70C66-FB14-4031-A59C-8F24943EE0DA}.Debug|x86.Build.0 = Debug|Win32
		{AFF70C66-FB14-4031-A59C-8F24943EE0DA}.Release|x64.ActiveCfg = Release|x64
		{AFF70C66-FB14-4031-A59C-8F24943EE0DA}.Release|x64.Build.0 = Release|x64
		{AFF70C66-FB14-4031-A59C-8F24943EE0DA}.Release|x86.ActiveCfg = Release|Win32
		{AFF70C66-FB14-4031-A59C-8F24943EE0DA}.Release|x86.Build.0 = Release|Win32
		{AFF70C66-FB14-4031-A59C-8F24943EE0DA}.Static-Debug|x64.ActiveCfg = Static-Debug|x64
		{AFF70C66-FB14-4031-A59C-8F24943EE0DA}.Static-Debug|x64.Build.0 = Static-Debug|x64
		{AFF70C66-FB14-4031-A59C-8F24943EE0DA}.Static-Debug|x86.ActiveCfg = Static-Debug|Win32
		{AFF70C66-FB14-4031-A59C-8F24943EE0DA}.Static-Debug|x86.Build.0 = Static-Debug|Win32
		{AFF70C66-FB14-4031-A59C-8F24943EE0DA}.Static-Release|x64.ActiveCfg = Static-Release|x64
		{AFF70C66-FB14-4031-A59C-8F24943EE0DA}.Static-Release|x64.Build.0 = Static-Release|x64
		{AFF70C66-FB14-4031-A59C-8F24943EE0DA}.Static-Release|x86.ActiveCfg = Static-Release|Win32
		{AFF70C66-FB14-4031-A59C-8F24943EE0DA}.Static-Release|x86.Build.0 = Static-Release|Win32
		{9492438C-9147-41E8-B8C9-5566BBF3276D}.Debug|x64.ActiveCfg = Debug|x64
		{9492438C-9147-41E8-B8C9-5566BBF3276D}.Debug|x64.Build.0 = Debug|x64
		{9492438C-9147-41E8-B8C9-5566BBF3276D}.Debug|x86.ActiveCfg = Debug|Win32
		{9492438C-9147-41E8-B8C9-5566BBF3276D}.Debug|x86.Build.0 = Debug|Win32
		{9492438C-9147-41E8-B8C9-5566BBF3276D}.Release|x64.ActiveCfg = Release|x64
		{9492438C-9147-41E8-B8C9-5566BBF3276D}.Release|x64.Build.0 = Release|x64
		{9492438C-9147-41E8-B8C9-5566BBF3276D}.Release|x86.ActiveCfg = Release|Win32
		{9492438C-9147-41E8-B8C9-5566BBF3276D}.Release|x86.Build.0 = Release|Win32
		{9492438C-9147-41E8-B8C9-5566BBF3276D}.Static-Debug|x64.ActiveCfg = Static-Debug|x64
		{9492438C-9147-41E8-B8C9-5566BBF3276D}.Static-Debug|x64.Build.0 = Static-Debug|x64
		{9492438C-9147-41E8-B8C9-5566BBF3276D}.Static-Debug|x86.ActiveCfg = Static-Debug|Win32
		{9492438C-9147-41E8-B8C9-5566BBF3276D}.Static-Debug|x86.Build.0 = Static-Debug|Win32
		{9492438C-9147-41E8-B8C9-5566BBF3276D}.Static-Release|x64.ActiveCfg = Static-Release|x64
		{9492438C-9147-41E8-B8C9-5566BBF3276D}.Static-Release|x64.Build.0 = Static-Release|x64
		{9492438C-9147-41E8-B8C9-5566BBF3276D}.Static-Release|x86.ActiveCfg = Static-Release|Win32
		{9492438C-9147-41E8-B8C9-5566BBF3276D}.Static-Release|x86.Build.0 = Static-Release|Win32
		{F0C3E975-0392-4CF8-BB1F-786DF305E045}.Debug|x64.ActiveCfg = Debug|x64
		{F0C3E975-0392-4CF8-BB1F-786DF305E045}.Debug|x64.Build.0 = Debug|x64
		{F0C3E975-0392-4CF8-BB1F-786DF305E045}.Debug|x86.ActiveCfg = Debug|Win32
		{F0C3E975-0392-4CF8-BB1F-786DF305E045}.Debug|x86.Build.0 = Debug|Win32
		{F0C3E975-0392-4CF8-BB1F-786DF305E045}.Release|x64.ActiveCfg = Release|x64
		{F0C3E975-0392-4CF8-BB1F-786DF305E045}.Release|x64.Build.0 = Release|x64
		{F0C3E975-0392-4CF8-BB1F-786DF305E045}.Release|x86.ActiveCfg = Release|Win32
		{F0C3E975-0392-4CF8-BB1F-786DF305E045}.Release|x86.Build.0 = Release|Win32
		{F0C3E975-0392-4CF8-BB1F-786DF305E045}.Static-Debug|x64.ActiveCfg = Static-Debug|x64
		{F0C3E975-0392-4CF8-BB1F-786DF305E045}.Static-Debug|x64.Build.0 = Static-Debug|x64
		{F0C3E975-0392-4CF8-BB1F-786DF305E045}.Static-Debug|x86.ActiveCfg = Static-Debug|Win32
		{F0C3E975-0392-4CF8-BB1F-786DF305E045}.Static-Debug|x86.Build.0 = Static-Debug|Win32
		{F0C3E975-0392-4CF8-BB1F-786DF305E045}.Static-Release|x64.ActiveCfg = Static-Release|x64
		{F0C3E975-0392-4CF8-BB1F-786DF305E045}.Static-Release|x64.Build.0 = Static-Release|x64
		{F0C3E975-0392-4CF8-BB1F-786DF305E045}.Static-Release|x86.ActiveCfg = Static-Release|Win32
		{F0C3E975-0392-4CF8-BB1F-786DF305E045}.Static-Release|x86.Build.0 = Static-Release|Win32
		{E10B445E-AF7B-48D5-AA30-520A839D3AE0}.Debug|x64.ActiveCfg = Debug|x64
		{E10B445E-AF7B-48D5-AA30-520A839D3AE0}.Debug|x64.Build.0 = Debug|x64
		{E10B445E-AF7B-48D5-AA30-520A839D3AE0}.Debug|x86.ActiveCfg = Debug|Win32
		{E10B445E-AF7B-48D5-AA30-520A839D3AE0}.Debug|x86.Build.0 = Debug|Win32
		{E10B445E-AF7B-48D5-AA30-520A839D3AE0}.Release|x64.ActiveCfg = Release|x64
		{E10B445E-AF7B-48D5-AA30-520A839D3AE0}.Release|x64.Build.0 = Release|x64
		{E10B445E-AF7B-48D5-AA30-520A839D3AE0}.Release|x86.ActiveCfg = Release|Win32
		{E10B445E-AF7B-48D5-AA30-520A839D3AE0}.Release|x86.Build.0 = Release|Win32
		{E10B445E-AF7B-48D5-AA30-520A839D3AE0}.Static-Debug|x64.ActiveCfg = Static-Debug|x64
		{E10B445E-AF7B-48D5-AA30-520A839D3AE0}.Static-Debug|x64.Build.0 = Static-Debug|x64
		{E10B445E-AF7B-48D5-AA30-520A839D3AE0}.Static-Debug|x86.ActiveCfg = Static-Debug|Win32
		{E10B445E-AF7B-48D5-AA30-520A839D3AE0}.Static-Debug|x86.Build.0 = Static-Debug|Win32
		{E10B445E-AF7B-48D5-AA30-520A839D3AE0}.Static-Release|x64.ActiveCfg = Static-Release|x64
		{E10B445E-AF7B-48D5-AA30-520A839D3AE0}.Static-Release|x64.Build.0 = Static-Release|x64
		{E10B445E-AF7B-48D5-AA30-520A839D3AE0}.Static-Release|x86.ActiveCfg = Static-Release|Win32
		{E10B445E-AF7B-48D5-AA30-520A839D3AE0}.Static-Release|x86.Build.0 = Static-Release|Win32
		{FD115B9E-7D4A-4ED8-A980-4C90C2F8F15F}.Debug|x64.ActiveCfg = Debug|x64
		{FD115B9E-7D4A-4ED8-A980-4C90C2F8F15F}.Debug|x64.Build.0 = Debug|x64
		{FD115B9E-7D4A-4ED8-A980-4C90C2F8F15F}.Debug|x86.ActiveCfg = Debug|Win32
		{FD115B9E-7D4A-4ED8-A980-4C90C2F8F15F}.Debug|x86.Build.0 = Debug|Win32
		{FD115B9E-7D4A-4ED8-A980-4C90C2F8F15F}.Release|x64.ActiveCfg = Release|x64
		{FD115B9E-7D4A-4ED8-A980-4C90C2F8F15F}.Release|x64.Build.0 = Release|x64
		{FD115B9E-7D4A-4ED8-A980-4C90C2F8F15F}.Release|x86.ActiveCfg = Release|Win32
		{FD115B9E-7D4A-4ED8-A980-4C90C2F8F15F}.Release|x86.Build.0 = Release|Win32
		{FD115B9E-7D4A-4ED8-A980-4C90C2F8F15F}.Static-Debug|x64.ActiveCfg = Static-Debug|x64
		{FD115B9E-7D4A-4ED8-A980-4C90C2F8F15F}.Static-Debug|x64.Build.0 = Static-Debug|x64
		{FD115B9E-7D4A-4ED8-A980-4C90C2F8F15F}.Static-Debug|x86.ActiveCfg = Static-Debug|Win32
		{FD115B9E-7D4A-4ED8-A980-4C90C2F8F15F}.Static-Debug|x86.Build.0 = Static-Debug|Win32
		{FD115B9E-7D4A-4ED8-A980-4C90C2F8F15F}.Static-Release|x64.ActiveCfg = Static-Release|x64
		{FD115B9E-7D4A-4ED8-A980-4C90C2F8F15F}.Static-Release|x64.Build.0 = Static-Release|x64
		{FD115B9E-7D4A-4ED8-A980-4C90C2F8F15F}.Static-Release|x86.ActiveCfg = Static-Release|Win32
		{FD115B9E-7D4A-4ED8-A980-4C90C2F8F15F}.Static-Release|x86.Build.0 = Static-Release|Win32
		{960F7699-DD4A-4B7F-BA6C-3758659089EE}.Debug|x64.ActiveCfg = Debug|x64
		{960F7699-DD4A-4B7F-BA6C-3758659089EE}.Debug|x64.Build.0 = Debug|x64
		{960F7699-DD4A-4B7F-BA6C-3758659089EE}.Debug|x86.ActiveCfg = Debug|Win32
		{960F7699-DD4A-4B7F-BA6C-3758659089EE}.Debug|x86.Build.0 = Debug|Win32
		{960F7699-DD4A-4B7F-BA6C-3758659089EE}.Release|x64.ActiveCfg = Release|x64
		{960F7699-DD4A-4B7F-BA6C-3758659089EE}.Release|x64.Build.0 = Release|x64
		{960F7699-DD4A-4B7F-BA6C-3758659089EE}.Release|x86.ActiveCfg = Release|Win32
		{960F7699-DD4A-4B7F-BA6C-3758659089EE}.Release|x86.Build.0 = Release|Win32
		{960F7699-DD4A-4B7F-BA6C-3758659089EE}.Static-Debug|x64.ActiveCfg = Static-Debug|x64
		{960F7699-DD4A-4B7F-BA6C-3758659089EE}.Static-Debug|x64.Build.0 = Static-Debug|x64
		{960F7699-DD4A-4B7F-BA6C-3758659089EE}.Static-Debug|x86.ActiveCfg = Static-Debug|Win32
		{960F7699-DD4A-4B7F-BA6C-3758659089EE}.Static-Debug|x86.Build.0 = Static-Debug|Win32
		{960F7699-DD4A-4B7F-BA6C-3758659089EE}.Static-Release|x64.ActiveCfg = Static-Release|x64
		{960F7699-DD4A-4B7F-BA6C-3758659089EE}.Static-Release|x64.Build.0 = Static-Release|x64
		{960F7699-DD4A-4B7F-BA6C-3758659089EE}.Static-Release|x86.ActiveCfg = Static-Release|Win32
		{960F7699-DD4A-4B7F-BA6C-3758659089EE}.Static-Release|x86.Build.0 = Static-Release|Win32
		{D48937F1-0799-444A-82DE-594D9DFD2AC2}.Debug|x64.ActiveCfg = Debug|x64
		{D48937F1-0799-444A-82DE-594D9DFD2AC2}.Debug|x64.Build.0 = Debug|x64
		{D48937F1-0799-444A-82DE-594D9DFD2AC2}.Debug|x86.ActiveCfg = Debug|Win32
		{D48937F1-0799-444A-82DE-594D9DFD2AC2}.Debug|x86.Build.0 = Debug|Win32
		{D48937F1-0799-444A-82DE-594D9DFD2AC2}.Release|x64.ActiveCfg = Release|x64
		{D48937F1-0799-444A-82DE-594D9DFD2AC2}.Release|x64.Build.0 = Release|x64
		{D48937F1-0799-444A-82DE-594D9DFD2AC2}.Release|x86.ActiveCfg = Release|Win32
		{D48937F1-0799-444A-82DE-594D9DFD2AC2}.Release|x86.Build.0 = Release|Win32
		{D48937F1-0799-444A-82DE-594D9DFD2AC2}.Static-Debug|x64.ActiveCfg = Static-Debug|x64
		{D48937F1-0799-444A-82DE-594D9DFD2AC2}.Static-Debug|x64.Build.0 = Static-Debug|x64
		{D48937F1-0799-444A-82DE-594D9DFD2AC2}.Static-Debug|x86.ActiveCfg = Static-Debug|Win32
		{D48937F1-0799-444A-82DE-594D9DFD2AC2}.Static-Debug|x86.Build.0 = Static-Debug|Win32
		{D48937F1-0799-444A-82DE-594D9DFD2AC2}.Static-Release|x64.ActiveCfg = Static-Release|x64
		{D48937F1-0799-444A-82DE-594D9DFD2AC2}.Static-Release|x64.Build.0 = Static-Release|x64
		{D48937F1-0799-444A-82DE-594D9DFD2AC2}.Static-Release|x86.ActiveCfg = Static-Release|Win32
		{D48937F1-0799-444A-82DE-594D9DFD2AC2}.Static-Release|x86.Build.0 = Static-Release|Win32
		{9CB786D9-A947-4748-A433-58624D3B1856}.Debug|x64.ActiveCfg = Debug|x64
		{9CB786D9-A947-4748-A433-58624D3B1856}.Debug|x64.Build.0 = Debug|x64
		{9CB786D9-A947-4748-A433-58624D3B1856}.Debug|x86.ActiveCfg = Debug|Win32
		{9CB786D9-A947-4748-A433-58624D3B1856}.Debug|x86.Build.0 = Debug|Win32
		{9CB786D9-A947-4748-A433-58624D3B1856}.Release|x64.ActiveCfg = Release|x64
		{9CB786D9-A947-4748-A433-58624D3B1856}.Release|x64.Build.0 = Release|x64
		{9CB786D9-A947-4748-A433-58624D3B1856}.Release|x86.ActiveCfg = Release|Win32
		{9CB786D9-A947-4748-A433-58624D3B1856}.Release|x86.Build.0 = Release|Win32
		{9CB786D9-A947-4748-A433-58624D3B1856}.Static-Debug|x64.ActiveCfg = Static-Debug|x64
		{9CB786D9-A947-4748-A433-58624D3B1856}.Static-Debug|x64.Build.0 = Static-Debug|x64
		{9CB786D9-A947-4748-A433-58624D3B1856}.Static-Debug|x86.ActiveCfg = Static-Debug|Win32
		{9CB786D9-A947-4748-A433-58624D3B1856}.Static-Debug|x86.Build.0 = Static-Debug|Win32
		{9CB786D9-A947-4748-A433-58624D3B1856}.Static-Release|x64.ActiveCfg = Static-Release|x64
		{9CB786D9-A947-4748-A433-58624D3B1856}.Static-Release|x64.Build.0 = Static-Release|x64
		{9CB786D9-A947-4748-A433-58624D3B1856}.Static-Release|x86.ActiveCfg = Static-Release|Win32
		{9CB786D9-A947-4748-A433-58624D3B1856}.Static-Release|x86.Build.0 = Static-Release|Win32
		{CC7740F4-A4A2-4E3D-BDF4-485826BE4AA6}.Debug|x64.ActiveCfg = Debug|x64
		{CC7740F4-A4A2-4E3D-BDF4-485826BE4AA6}.Debug|x64.Build.0 = Debug|x64
		{CC7740F4-A4A2-4E3D-BDF4-485826BE4AA6}.Debug|x86.ActiveCfg = Debug|Win32
		{CC7740F4-A4A2-4E3D-BDF4-485826BE4AA6}.Debug|x86.Build.0 = Debug|Win32
		{CC7740F4-A4A2-4E3D-BDF4-485826BE4AA6}.Release|x64.ActiveCfg = Release|x64
		{CC7740F4-A4A2-4E3D-BDF4-485826BE4AA6}.Release|x64.Build.0 = Release|x64
		{CC7740F4-A4A2-4E3D-BDF4-485826BE4AA6}.Release|x86.ActiveCfg = Release|Win32
		{CC7740F4-A4A2-4E3D-BDF4-485826BE4AA6}.Release|x86.Build.0 = Release|Win32
		{CC7740F4-A4A2-4E3D-BDF4-485826BE4AA6}.Static-Debug|x64.ActiveCfg = Static-Debug|x64
		{CC7740F4-A4A2-4E3D-BDF4-485826BE4AA6}.Static-Debug|x64.Build.0 = Static-Debug|x64
		{CC7740F4-A4A2-4E3D-BDF4-485826BE4AA6}.Static-Debug|x86.ActiveCfg = Static-Debug|Win32
		{CC7740F4-A4A2-4E3D-BDF4-485826BE4AA6}.Static-Debug|x86.Build.0 = Static-Debug|Win32
		{CC7740F4-A4A2-4E3D-BDF4-485826BE4AA6}.Static-Release|x64.ActiveCfg = Static-Release|x64
		{CC7740F4-A4A2-4E3D-BDF4-485826BE4AA6}.Static-Release|x64.Build.0 = Static-Release|x64
		{CC7740F4-A4A2-4E3D-BDF4-485826BE4AA6}.Static-Release|x86.ActiveCfg = Static-Release|Win32
		{CC7740F4-A4A2-4E3D-BDF4-485826BE4AA6}.Static-Release|x86.Build.0 = Static-Release|Win32
		{7A152E47-364C-41DF-B0B0-B192E73052C3}.Debug|x64.ActiveCfg = Debug|x64
		{7A152E47-364C-41DF-B0B0-B192E73052C3}.Debug|x64.Build.0 = Debug|x64
		{7A152E47-364C-41DF-B0B0-B192E73052C3}.Debug|x86.ActiveCfg = Debug|Win32
		{7A152E47-364C-41DF-B0B0-B192E73052C3}.Debug|x86.Build.0 = Debug|Win32
		{7A152E47-364C-41DF-B0B0-B192E73052C3}.Release|x64.ActiveCfg = Release|x64
		{7A152E47-364C-41DF-B0B0-B192E73052C3}.Release|x64.Build.0 = Release|x64
		{7A152E47-364C-41DF-B0B0-B192E73052C3}.Release|x86.ActiveCfg = Release|Win32
		{7A152E47-364C-41DF-B0B0-B192E73052C3}.Release|x86.Build.0 = Release|Win32
		{7A152E47-364C-41DF-B0B0-B192E73052C3}.Static-Debug|x64.ActiveCfg = Static-Debug|x64
		{7A152E47-364C-41DF-B0B0-B192E73052C3}.Static-Debug|x64.Build.0 = Static-Debug|x64
		{7A152E47-364C-41DF-B0B0-B192E73052C3}.Static-Debug|x86.ActiveCfg = Static-Debug|Win32
		{7A152E47-364C-41DF-B0B0-B192E73052C3}.Static-Debug|x86.Build.0 = Static-Debug|Win32
		{7A152E47-364C-41DF-B0B0-B192E73052C3}.Static-Release|x64.ActiveCfg = Static-Release|x64
		{7A152E47-364C-41DF-B0B0-B192E73052C3}.Static-Release|x64.Build.0 = Static-Release|x64
		{7A152E47-364C-41DF-B0B0-B192E73052C3}.Static-Release|x86.ActiveCfg = Static-Release|Win32
		{7A152E47-364C-41DF-B0B0-B192E73052C3}.Static-Release|x86.Build.0 = Static-Release|Win32
		{761A438C-7BF3-4624-851A-E8FFEC4B1B8A}.Debug|x64.ActiveCfg = Debug|x64
		{761A438C-7BF3-4624-851A-E8FFEC4B1B8A}.Debug|x64.Build.0 = Debug|x64
		{761A438C-7BF3-4624-851A-E8FFEC4B1B8A}.Debug|x86.ActiveCfg = Debug|Win32
		{761A438C-7BF3-4624-851A-E8FFEC4B1B8A}.Debug|x86.Build.0 = Debug|Win32
		{761A438C-7BF3-4624-851A-E8FFEC4B1B8A}.Release|x64.ActiveCfg = Release|x64
		{761A438C-7BF3-4624-851A-E8FFEC4B1B8A}.Release|x64.Build.0 = Release|x64
		{761A438C-7BF3-4624-851A-E8FFEC4B1B8A}.Release|x86.ActiveCfg = Release|Win32
		{761A438C-7BF3-4624-851A-E8FFEC4B1B8A}.Release|x86.Build.0 = Release|Win32
		{761A438C-7BF3-4624-851A-E8FFEC4B1B8A}.Static-Debug|x64.ActiveCfg = Static-Debug|x64
		{761A438C-7BF3-4624-851A-E8FFEC4B1B8A}.Static-Debug|x64.Build.0 = Static-Debug|x64
		{761A438C-7BF3-4624-851A-E8FFEC4B1B8A}.Static-Debug|x86.ActiveCfg = Static-Debug|Win32
		{761A438C-7BF3-4624-851A-E8FFEC4B1B8A}.Static-Debug|x86.Build.0 = Static-Debug|Win32
		{761A438C-7BF3-4624-851A-E8FFEC4B1B8A}.Static-Release|x64.ActiveCfg = Static-Release|x64
		{761A438C-7BF3-4624-851A-E8FFEC4B1B8A}.Static-Release|x64.Build.0 = Static-Release|x64
		{761A438C-7BF3-4624-851A-E8FFEC4B1B8A}.Static-Release|x86.ActiveCfg = Static-Release|Win32
		{761A438C-7BF3-4624-851A-E8FFEC4B1B8A}.Static-Release|x86.Build.0 = Static-Release|Win32
		{582757F6-595F-4014-8D72-264597FC9434}.Debug|x64.ActiveCfg = Debug|x64
		{582757F6-595F-4014-8D72-264597FC9434}.Debug|x64.Build.0 = Debug|x64
		{582757F6-595F-4014-8D72-264597FC9434}.Debug|x86.ActiveCfg = Debug|Win32
		{582757F6-595F-4014-8D72-264597FC9434}.Debug|x86.Build.0 = Debug|Win32
		{582757F6-595F-4014-8D72-264597FC9434}.Release|x64.ActiveCfg = Release|x64
		{582757F6-595F-4014-8D72-264597FC9434}.Release|x64.Build.0 = Release|x64
		{582757F6-595F-4014-8D72-264597FC9434}.Release|x86.ActiveCfg = Release|Win32
		{582757F6-595F-4014-8D72-264597FC9434}.Release|x86.Build.0 = Release|Win32
		{582757F6-595F-4014-8D72-264597FC9434}.Static-Debug|x64.ActiveCfg = Static-Debug|x64
		{582757F6-595F-4014-8D72-264597FC9434}.Static-Debug|x64.Build.0 = Static-Debug|x64
		{582757F6-595F-4014-8D72-264597FC9434}.Static-Debug|x86.ActiveCfg = Static-Debug|Win32
		{582757F6-595F-4014-8D72-264597FC9434}.Static-Debug|x86.Build.0 = Static-Debug|Win32
		{582757F6-595F-4014-8D72-264597FC9434}.Static-Release|x64.ActiveCfg = Static-Release|x64
		{582757F6-595F-4014-8D72-264597FC9434}.Static-Release|x64.Build.0 = Static-Release|x64
		{582757F6-595F-4014-8D72-264597FC9434}.Static-Release|x86.ActiveCfg = Static-Release|Win32
		{582757F6-595F-4014-8D72-264597FC9434}.Static-Release|x86.Build.0 = Static-Release|Win32
		{E93481C6-7D47-4DEB-9505-71CB8AC98112}.Debug|x64.ActiveCfg = Debug|x64
		{E93481C6-7D47-4DEB-9505-71CB8AC98112}.Debug|x64.Build.0 = Debug|x64
		{E93481C6-7D47-4DEB-9505-71CB8AC98112}.Debug|x86.ActiveCfg = Debug|Win32
		{E93481C6-7D47-4DEB-9505-71CB8AC98112}.Debug|x86.Build.0 = Debug|Win32
		{E93481C6-7D47-4DEB-9505-71CB8AC98112}.Release|x64.ActiveCfg = Release|x64
		{E93481C6-7D47-4DEB-9505-71CB8AC98112}.Release|x64.Build.0 = Release|x64
		{E93481C6-7D47-4DEB-9505-71CB8AC98112}.Release|x86.ActiveCfg = Release|Win32
		{E93481C6-7D47-4DEB-9505-71CB8AC98112}.Release|x86.Build.0 = Release|Win32
		{E93481C6-7D47-4DEB-9505-71CB8AC98112}.Static-Debug|x64.ActiveCfg = Static-Debug|x64
		{E93481C6-7D47-4DEB-9505-71CB8AC98112}.Static-Debug|x64.Build.0 = Static-Debug|x64
		{E93481C6-7D47-4DEB-9505-71CB8AC98112}.Static-Debug|x86.ActiveCfg = Static-Debug|Win32
		{E93481C6-7D47-4DEB-9505-71CB8AC98112}.Static-Debug|x86.Build.0 = Static-Debug|Win32
		{E93481C6-7D47-4DEB-9505-71CB8AC98112}.Static-Release|x64.ActiveCfg = Static-Release|x64
		{E93481C6-7D47-4DEB-9505-71CB8AC98112}.Static-Release|x64.Build.0 = Static-Release|x64
		{E93481C6-7D47-4DEB-9505-71CB8AC98112}.Static-Release|x86.ActiveCfg = Static-Release|Win32
		{E93481C6-7D47-4DEB-9505-71CB8AC98112}.Static-Release|x86.Build.0 = Static-Release|Win32
		{6D1D0047-48D8-4637-AFC2-BBAAE99962A6}.Debug|x64.ActiveCfg = Debug|x64
		{6D1D0047-48D8-4637-AFC2-BBAAE99962A6}.Debug|x64.Build.0 = Debug|x64
		{6D1D0047-48D8-4637-AFC2-BBAAE99962A6}.Debug|x86.ActiveCfg = Debug|Win32
		{6D1D0047-48D8-4637-AFC2-BBAAE99962A6}.Debug|x86.Build.0 = Debug|Win32
		{6D1D0047-48D8-4637-AFC2-BBAAE99962A6}.Release|x64.ActiveCfg = Release|x64
		{6D1D0047-48D8-4637-AFC2-BBAAE99962A6}.Release|x64.Build.0 = Release|x64
		{6D1D0047-48D8-4637-AFC2-BBAAE99962A6}.Release|x86.ActiveCfg = Release|Win32
		{6D1D0047-48D8-4637-AFC2-BBAAE99962A6}.Release|x86.Build.0 = Release|Win32
		{6D1D0047-48D8-4637-AFC2-BBAAE99962A6}.Static-Debug|x64.ActiveCfg = Static-Debug|x64
		{6D1D0047-48D8-4637-AFC2-BBAAE99962A6}.Static-Debug|x64.Build.0 = Static-Debug|x64
		{6D1D0047-48D8-4637-AFC2-BBAAE99962A6}.Static-Debug|x86.ActiveCfg = Static-Debug|Win32
		{6D1D0047-48D8-4637-AFC2-BBAAE99962A6}.Static-Debug|x86.Build.0 = Static-Debug|Win32
		{6D1D0047-48D8-4637-AFC2-BBAAE99962A6}.Static-Release|x64.ActiveCfg = Static-Release|x64
		{6D1D0047-48D8-4637-AFC2-BBAAE99962A6}.Static-Release|x64.Build.0 = Static-Release|x64
		{6D1D0047-48D8-4637-AFC2-BBAAE99962A6}.Static-Release|x86.ActiveCfg = Static-Release|Win32
		{6D1D0047-48D8-4637-AFC2-BBAAE99962A6}.Static-Release|x86.Build.0 = Static-Release|Win32
		{1FC37576-14E6-47A0-B50F-AEF276A18A4B}.Debug|x64.ActiveCfg = Debug|x64
		{1FC37576-14E6-47A0-B50F-AEF276A18A4B}.Debug|x64.Build.0 = Debug|x64
		{1FC37576-14E6-47A0-B50F-AEF276A18A4B}.Debug|x86.ActiveCfg = Debug|Win32
		{1FC37576-14E6-47A0-B50F-AEF276A18A4B}.Debug|x86.Build.0 = Debug|Win32
		{1FC37576-14E6-47A0-B50F-AEF276A18A4B}.Release|x64.ActiveCfg = Release|x64
		{1FC37576-14E6-47A0-B50F-AEF276A18A4B}.Release|x64.Build.0 = Release|x64
		{1FC37576-14E6-47A0-B50F-AEF276A18A4B}.Release|x86.ActiveCfg = Release|Win32
		{1FC37576-14E6-47A0-B50F-AEF276A18A4B}.Release|x86.Build.0 = Release|Win32
		{1FC37576-14E6-47A0-B50F-AEF276A18A4B}.Static-Debug|x64.ActiveCfg = Static-Debug|x64
		{1FC37576-14E6-47A0-B50F-AEF276A18A4B}.Static-Debug|x64.Build.0 = Static-Debug|x64
		{1FC37576-14E6-47A0-B50F-AEF276A18A4B}.Static-Debug|x86.ActiveCfg = Static-Debug|Win32
		{1FC37576-14E6-47A0-B50F-AEF276A18A4B}.Static-Debug|x86.Build.0 = Static-Debug|Win32
		{1FC37576-14E6-47A0-B50F-AEF276A18A4B}.Static-Release|x64.ActiveCfg = Static-Release|x64
		{1FC37576-14E6-47A0-B50F-AEF276A18A4B}.Static-Release|x64.Build.0 = Static-Release|x64
		{1FC37576-14E6-47A0-B50F-AEF276A18A4B}.Static-Release|x86.ActiveCfg = Static-Release|Win32
		{1FC37576-14E6-47A0-B50F-AEF276A18A4B}.Static-Release|x86.Build.0 = Static-Release|Win32
	EndGlobalSection
	GlobalSection(SolutionProperties) = preSolution
		HideSolutionNode = FALSE
	EndGlobalSection
EndGlobal
