
Microsoft Visual Studio Solution File, Format Version 12.00
# Visual Studio 2013
VisualStudioVersion = 12.0.40629.0
MinimumVisualStudioVersion = 10.0.40219.1
Project("{8BC9CEB8-8B4A-11D0-8D11-00A0C91BC942}") = "OpenSeaChest_Basics", "OpenSeaChest_Basics\OpenSeaChest_Basics.vcxproj", "{A823876B-1494-431B-8324-B7C43738D41C}"
	ProjectSection(ProjectDependencies) = postProject
		{394BD68F-7AF9-4C27-9B40-5819F24A5B64} = {394BD68F-7AF9-4C27-9B40-5819F24A5B64}
		{9F3EACCC-FD87-407F-81B3-51F67C463106} = {9F3EACCC-FD87-407F-81B3-51F67C463106}
		{621B44CE-B314-4E05-B214-5DC70F2B4798} = {621B44CE-B314-4E05-B214-5DC70F2B4798}
		{02F57AFA-58A6-49D3-8F17-C658CDE630BF} = {02F57AFA-58A6-49D3-8F17-C658CDE630BF}
	EndProjectSection
EndProject
Project("{8BC9CEB8-8B4A-11D0-8D11-00A0C91BC942}") = "Win_getopt", "..\..\subprojects\wingetopt\VS.2013\Win_getopt.vcxproj", "{621B44CE-B314-4E05-B214-5DC70F2B4798}"
EndProject
Project("{8BC9CEB8-8B4A-11D0-8D11-00A0C91BC942}") = "opensea-common", "..\..\subprojects\opensea-common\Make\VS.2013\opensea-common\opensea-common\opensea-common.vcxproj", "{02F57AFA-58A6-49D3-8F17-C658CDE630BF}"
EndProject
Project("{8BC9CEB8-8B4A-11D0-8D11-00A0C91BC942}") = "opensea-transport-Lib", "..\..\subprojects\opensea-transport\Make\VS.2013\opensea-transport\opensea-transport\opensea-transport.vcxproj", "{394BD68F-7AF9-4C27-9B40-5819F24A5B64}"
	ProjectSection(ProjectDependencies) = postProject
		{02F57AFA-58A6-49D3-8F17-C658CDE630BF} = {02F57AFA-58A6-49D3-8F17-C658CDE630BF}
	EndProjectSection
EndProject
Project("{8BC9CEB8-8B4A-11D0-8D11-00A0C91BC942}") = "opensea-transport-DLL", "..\..\subprojects\opensea-transport\Make\VS.2013\opensea-transport\opensea-transport-DLL\opensea-transport-DLL.vcxproj", "{EC785B2D-14C3-4AAF-AF33-595BFC96343C}"
	ProjectSection(ProjectDependencies) = postProject
		{02F57AFA-58A6-49D3-8F17-C658CDE630BF} = {02F57AFA-58A6-49D3-8F17-C658CDE630BF}
	EndProjectSection
EndProject
Project("{8BC9CEB8-8B4A-11D0-8D11-00A0C91BC942}") = "opensea-operations-Lib", "..\..\subprojects\opensea-operations\Make\VS.2013\opensea-operations\opensea-operations\opensea-operations.vcxproj", "{9F3EACCC-FD87-407F-81B3-51F67C463106}"
	ProjectSection(ProjectDependencies) = postProject
		{394BD68F-7AF9-4C27-9B40-5819F24A5B64} = {394BD68F-7AF9-4C27-9B40-5819F24A5B64}
		{02F57AFA-58A6-49D3-8F17-C658CDE630BF} = {02F57AFA-58A6-49D3-8F17-C658CDE630BF}
	EndProjectSection
EndProject
Project("{8BC9CEB8-8B4A-11D0-8D11-00A0C91BC942}") = "opensea-operations-DLL", "..\..\subprojects\opensea-operations\Make\VS.2013\opensea-operations\opensea-operations-DLL\opensea-operations-DLL.vcxproj", "{D73F51F3-3C0C-4E82-A0C2-10823534A5D8}"
	ProjectSection(ProjectDependencies) = postProject
		{EC785B2D-14C3-4AAF-AF33-595BFC96343C} = {EC785B2D-14C3-4AAF-AF33-595BFC96343C}
		{02F57AFA-58A6-49D3-8F17-C658CDE630BF} = {02F57AFA-58A6-49D3-8F17-C658CDE630BF}
	EndProjectSection
EndProject
Project("{8BC9CEB8-8B4A-11D0-8D11-00A0C91BC942}") = "OpenSeaChest_Configure", "OpenSeaChest_Configure\OpenSeaChest_Configure.vcxproj", "{5C35B076-C8CC-44BD-8C84-DF29770EECB4}"
	ProjectSection(ProjectDependencies) = postProject
		{394BD68F-7AF9-4C27-9B40-5819F24A5B64} = {394BD68F-7AF9-4C27-9B40-5819F24A5B64}
		{9F3EACCC-FD87-407F-81B3-51F67C463106} = {9F3EACCC-FD87-407F-81B3-51F67C463106}
		{621B44CE-B314-4E05-B214-5DC70F2B4798} = {621B44CE-B314-4E05-B214-5DC70F2B4798}
		{02F57AFA-58A6-49D3-8F17-C658CDE630BF} = {02F57AFA-58A6-49D3-8F17-C658CDE630BF}
	EndProjectSection
EndProject
Project("{8BC9CEB8-8B4A-11D0-8D11-00A0C91BC942}") = "OpenSeaChest_Erase", "OpenSeaChest_Erase\OpenSeaChest_Erase.vcxproj", "{2102407C-65A1-4C6B-B76C-7C042913DF9E}"
	ProjectSection(ProjectDependencies) = postProject
		{394BD68F-7AF9-4C27-9B40-5819F24A5B64} = {394BD68F-7AF9-4C27-9B40-5819F24A5B64}
		{9F3EACCC-FD87-407F-81B3-51F67C463106} = {9F3EACCC-FD87-407F-81B3-51F67C463106}
		{621B44CE-B314-4E05-B214-5DC70F2B4798} = {621B44CE-B314-4E05-B214-5DC70F2B4798}
		{02F57AFA-58A6-49D3-8F17-C658CDE630BF} = {02F57AFA-58A6-49D3-8F17-C658CDE630BF}
	EndProjectSection
EndProject
Project("{8BC9CEB8-8B4A-11D0-8D11-00A0C91BC942}") = "OpenSeaChest_Firmware", "OpenSeaChest_Firmware\OpenSeaChest_Firmware.vcxproj", "{D819C64C-D6E5-4A16-A148-CD821873F340}"
	ProjectSection(ProjectDependencies) = postProject
		{394BD68F-7AF9-4C27-9B40-5819F24A5B64} = {394BD68F-7AF9-4C27-9B40-5819F24A5B64}
		{9F3EACCC-FD87-407F-81B3-51F67C463106} = {9F3EACCC-FD87-407F-81B3-51F67C463106}
		{621B44CE-B314-4E05-B214-5DC70F2B4798} = {621B44CE-B314-4E05-B214-5DC70F2B4798}
		{02F57AFA-58A6-49D3-8F17-C658CDE630BF} = {02F57AFA-58A6-49D3-8F17-C658CDE630BF}
	EndProjectSection
EndProject
Project("{8BC9CEB8-8B4A-11D0-8D11-00A0C91BC942}") = "OpenSeaChest_Format.c", "OpenSeaChest_Format.c\OpenSeaChest_Format.c.vcxproj", "{85BAEC13-7D82-480E-8B69-C0ACD0E57E41}"
	ProjectSection(ProjectDependencies) = postProject
		{394BD68F-7AF9-4C27-9B40-5819F24A5B64} = {394BD68F-7AF9-4C27-9B40-5819F24A5B64}
		{9F3EACCC-FD87-407F-81B3-51F67C463106} = {9F3EACCC-FD87-407F-81B3-51F67C463106}
		{621B44CE-B314-4E05-B214-5DC70F2B4798} = {621B44CE-B314-4E05-B214-5DC70F2B4798}
		{02F57AFA-58A6-49D3-8F17-C658CDE630BF} = {02F57AFA-58A6-49D3-8F17-C658CDE630BF}
	EndProjectSection
EndProject
Project("{8BC9CEB8-8B4A-11D0-8D11-00A0C91BC942}") = "OpenSeaChest_GenericTests.c", "OpenSeaChest_GenericTests.c\OpenSeaChest_GenericTests.c.vcxproj", "{406C5942-F666-434F-8F70-0AC2E9C82BE1}"
	ProjectSection(ProjectDependencies) = postProject
		{394BD68F-7AF9-4C27-9B40-5819F24A5B64} = {394BD68F-7AF9-4C27-9B40-5819F24A5B64}
		{9F3EACCC-FD87-407F-81B3-51F67C463106} = {9F3EACCC-FD87-407F-81B3-51F67C463106}
		{621B44CE-B314-4E05-B214-5DC70F2B4798} = {621B44CE-B314-4E05-B214-5DC70F2B4798}
		{02F57AFA-58A6-49D3-8F17-C658CDE630BF} = {02F57AFA-58A6-49D3-8F17-C658CDE630BF}
	EndProjectSection
EndProject
Project("{8BC9CEB8-8B4A-11D0-8D11-00A0C91BC942}") = "OpenSeaChest_Info", "OpenSeaChest_Info\OpenSeaChest_Info.vcxproj", "{F90BA7DA-DB48-4A2B-A271-6A6B5E38BB68}"
	ProjectSection(ProjectDependencies) = postProject
		{394BD68F-7AF9-4C27-9B40-5819F24A5B64} = {394BD68F-7AF9-4C27-9B40-5819F24A5B64}
		{9F3EACCC-FD87-407F-81B3-51F67C463106} = {9F3EACCC-FD87-407F-81B3-51F67C463106}
		{621B44CE-B314-4E05-B214-5DC70F2B4798} = {621B44CE-B314-4E05-B214-5DC70F2B4798}
		{02F57AFA-58A6-49D3-8F17-C658CDE630BF} = {02F57AFA-58A6-49D3-8F17-C658CDE630BF}
	EndProjectSection
EndProject
Project("{8BC9CEB8-8B4A-11D0-8D11-00A0C91BC942}") = "OpenSeaChest_PowerControl.c", "OpenSeaChest_PowerControl.c\OpenSeaChest_PowerControl.c.vcxproj", "{6D96CD73-F1E4-44EB-B41A-668335384A01}"
	ProjectSection(ProjectDependencies) = postProject
		{394BD68F-7AF9-4C27-9B40-5819F24A5B64} = {394BD68F-7AF9-4C27-9B40-5819F24A5B64}
		{9F3EACCC-FD87-407F-81B3-51F67C463106} = {9F3EACCC-FD87-407F-81B3-51F67C463106}
		{621B44CE-B314-4E05-B214-5DC70F2B4798} = {621B44CE-B314-4E05-B214-5DC70F2B4798}
		{02F57AFA-58A6-49D3-8F17-C658CDE630BF} = {02F57AFA-58A6-49D3-8F17-C658CDE630BF}
	EndProjectSection
EndProject
Project("{8BC9CEB8-8B4A-11D0-8D11-00A0C91BC942}") = "OpenSeaChest_Sample", "OpenSeaChest_Sample\OpenSeaChest_Sample.vcxproj", "{D3E1FDC9-9E5B-4B01-865B-7D6DC7BC3378}"
	ProjectSection(ProjectDependencies) = postProject
		{394BD68F-7AF9-4C27-9B40-5819F24A5B64} = {394BD68F-7AF9-4C27-9B40-5819F24A5B64}
		{9F3EACCC-FD87-407F-81B3-51F67C463106} = {9F3EACCC-FD87-407F-81B3-51F67C463106}
		{621B44CE-B314-4E05-B214-5DC70F2B4798} = {621B44CE-B314-4E05-B214-5DC70F2B4798}
		{02F57AFA-58A6-49D3-8F17-C658CDE630BF} = {02F57AFA-58A6-49D3-8F17-C658CDE630BF}
	EndProjectSection
EndProject
Project("{8BC9CEB8-8B4A-11D0-8D11-00A0C91BC942}") = "OpenSeaChest_SMART", "OpenSeaChest_SMART\OpenSeaChest_SMART.vcxproj", "{85116009-8ABB-42ED-A208-BE98CF65CFEF}"
	ProjectSection(ProjectDependencies) = postProject
		{394BD68F-7AF9-4C27-9B40-5819F24A5B64} = {394BD68F-7AF9-4C27-9B40-5819F24A5B64}
		{9F3EACCC-FD87-407F-81B3-51F67C463106} = {9F3EACCC-FD87-407F-81B3-51F67C463106}
		{621B44CE-B314-4E05-B214-5DC70F2B4798} = {621B44CE-B314-4E05-B214-5DC70F2B4798}
		{02F57AFA-58A6-49D3-8F17-C658CDE630BF} = {02F57AFA-58A6-49D3-8F17-C658CDE630BF}
	EndProjectSection
EndProject
Project("{8BC9CEB8-8B4A-11D0-8D11-00A0C91BC942}") = "OpenSeaChest_ZBD", "OpenSeaChest_ZBD\OpenSeaChest_ZBD.vcxproj", "{086018B9-059F-40DE-8FAB-9FAED3652BB9}"
	ProjectSection(ProjectDependencies) = postProject
		{394BD68F-7AF9-4C27-9B40-5819F24A5B64} = {394BD68F-7AF9-4C27-9B40-5819F24A5B64}
		{9F3EACCC-FD87-407F-81B3-51F67C463106} = {9F3EACCC-FD87-407F-81B3-51F67C463106}
		{621B44CE-B314-4E05-B214-5DC70F2B4798} = {621B44CE-B314-4E05-B214-5DC70F2B4798}
		{02F57AFA-58A6-49D3-8F17-C658CDE630BF} = {02F57AFA-58A6-49D3-8F17-C658CDE630BF}
	EndProjectSection
EndProject
Project("{8BC9CEB8-8B4A-11D0-8D11-00A0C91BC942}") = "OpenSeaChest_Logs", "OpenSeaChest_Logs\OpenSeaChest_Logs.vcxproj", "{4D479C7B-D20C-4E11-95CB-2AC3A79253FD}"
	ProjectSection(ProjectDependencies) = postProject
		{394BD68F-7AF9-4C27-9B40-5819F24A5B64} = {394BD68F-7AF9-4C27-9B40-5819F24A5B64}
		{9F3EACCC-FD87-407F-81B3-51F67C463106} = {9F3EACCC-FD87-407F-81B3-51F67C463106}
		{621B44CE-B314-4E05-B214-5DC70F2B4798} = {621B44CE-B314-4E05-B214-5DC70F2B4798}
		{02F57AFA-58A6-49D3-8F17-C658CDE630BF} = {02F57AFA-58A6-49D3-8F17-C658CDE630BF}
	EndProjectSection
EndProject
Global
	GlobalSection(SolutionConfigurationPlatforms) = preSolution
		Debug|Win32 = Debug|Win32
		Debug|x64 = Debug|x64
		Release|Win32 = Release|Win32
		Release|x64 = Release|x64
		Static-Debug|Win32 = Static-Debug|Win32
		Static-Debug|x64 = Static-Debug|x64
		Static-Release|Win32 = Static-Release|Win32
		Static-Release|x64 = Static-Release|x64
	EndGlobalSection
	GlobalSection(ProjectConfigurationPlatforms) = postSolution
		{A823876B-1494-431B-8324-B7C43738D41C}.Debug|Win32.ActiveCfg = Debug|Win32
		{A823876B-1494-431B-8324-B7C43738D41C}.Debug|Win32.Build.0 = Debug|Win32
		{A823876B-1494-431B-8324-B7C43738D41C}.Debug|x64.ActiveCfg = Debug|x64
		{A823876B-1494-431B-8324-B7C43738D41C}.Debug|x64.Build.0 = Debug|x64
		{A823876B-1494-431B-8324-B7C43738D41C}.Release|Win32.ActiveCfg = Release|Win32
		{A823876B-1494-431B-8324-B7C43738D41C}.Release|Win32.Build.0 = Release|Win32
		{A823876B-1494-431B-8324-B7C43738D41C}.Release|x64.ActiveCfg = Release|x64
		{A823876B-1494-431B-8324-B7C43738D41C}.Release|x64.Build.0 = Release|x64
		{A823876B-1494-431B-8324-B7C43738D41C}.Static-Debug|Win32.ActiveCfg = Static-Debug|Win32
		{A823876B-1494-431B-8324-B7C43738D41C}.Static-Debug|Win32.Build.0 = Static-Debug|Win32
		{A823876B-1494-431B-8324-B7C43738D41C}.Static-Debug|x64.ActiveCfg = Static-Debug|x64
		{A823876B-1494-431B-8324-B7C43738D41C}.Static-Debug|x64.Build.0 = Static-Debug|x64
		{A823876B-1494-431B-8324-B7C43738D41C}.Static-Release|Win32.ActiveCfg = Static-Release|Win32
		{A823876B-1494-431B-8324-B7C43738D41C}.Static-Release|Win32.Build.0 = Static-Release|Win32
		{A823876B-1494-431B-8324-B7C43738D41C}.Static-Release|x64.ActiveCfg = Static-Release|x64
		{A823876B-1494-431B-8324-B7C43738D41C}.Static-Release|x64.Build.0 = Static-Release|x64
		{621B44CE-B314-4E05-B214-5DC70F2B4798}.Debug|Win32.ActiveCfg = Debug|Win32
		{621B44CE-B314-4E05-B214-5DC70F2B4798}.Debug|Win32.Build.0 = Debug|Win32
		{621B44CE-B314-4E05-B214-5DC70F2B4798}.Debug|x64.ActiveCfg = Debug|x64
		{621B44CE-B314-4E05-B214-5DC70F2B4798}.Debug|x64.Build.0 = Debug|x64
		{621B44CE-B314-4E05-B214-5DC70F2B4798}.Release|Win32.ActiveCfg = Release|Win32
		{621B44CE-B314-4E05-B214-5DC70F2B4798}.Release|Win32.Build.0 = Release|Win32
		{621B44CE-B314-4E05-B214-5DC70F2B4798}.Release|x64.ActiveCfg = Release|x64
		{621B44CE-B314-4E05-B214-5DC70F2B4798}.Release|x64.Build.0 = Release|x64
		{621B44CE-B314-4E05-B214-5DC70F2B4798}.Static-Debug|Win32.ActiveCfg = Static-Debug|Win32
		{621B44CE-B314-4E05-B214-5DC70F2B4798}.Static-Debug|Win32.Build.0 = Static-Debug|Win32
		{621B44CE-B314-4E05-B214-5DC70F2B4798}.Static-Debug|x64.ActiveCfg = Static-Debug|x64
		{621B44CE-B314-4E05-B214-5DC70F2B4798}.Static-Debug|x64.Build.0 = Static-Debug|x64
		{621B44CE-B314-4E05-B214-5DC70F2B4798}.Static-Release|Win32.ActiveCfg = Static-Release|Win32
		{621B44CE-B314-4E05-B214-5DC70F2B4798}.Static-Release|Win32.Build.0 = Static-Release|Win32
		{621B44CE-B314-4E05-B214-5DC70F2B4798}.Static-Release|x64.ActiveCfg = Static-Release|x64
		{621B44CE-B314-4E05-B214-5DC70F2B4798}.Static-Release|x64.Build.0 = Static-Release|x64
		{02F57AFA-58A6-49D3-8F17-C658CDE630BF}.Debug|Win32.ActiveCfg = Debug|Win32
		{02F57AFA-58A6-49D3-8F17-C658CDE630BF}.Debug|Win32.Build.0 = Debug|Win32
		{02F57AFA-58A6-49D3-8F17-C658CDE630BF}.Debug|x64.ActiveCfg = Debug|x64
		{02F57AFA-58A6-49D3-8F17-C658CDE630BF}.Debug|x64.Build.0 = Debug|x64
		{02F57AFA-58A6-49D3-8F17-C658CDE630BF}.Release|Win32.ActiveCfg = Release|Win32
		{02F57AFA-58A6-49D3-8F17-C658CDE630BF}.Release|Win32.Build.0 = Release|Win32
		{02F57AFA-58A6-49D3-8F17-C658CDE630BF}.Release|x64.ActiveCfg = Release|x64
		{02F57AFA-58A6-49D3-8F17-C658CDE630BF}.Release|x64.Build.0 = Release|x64
		{02F57AFA-58A6-49D3-8F17-C658CDE630BF}.Static-Debug|Win32.ActiveCfg = Static-Debug|Win32
		{02F57AFA-58A6-49D3-8F17-C658CDE630BF}.Static-Debug|Win32.Build.0 = Static-Debug|Win32
		{02F57AFA-58A6-49D3-8F17-C658CDE630BF}.Static-Debug|x64.ActiveCfg = Static-Debug|x64
		{02F57AFA-58A6-49D3-8F17-C658CDE630BF}.Static-Debug|x64.Build.0 = Static-Debug|x64
		{02F57AFA-58A6-49D3-8F17-C658CDE630BF}.Static-Release|Win32.ActiveCfg = Static-Release|Win32
		{02F57AFA-58A6-49D3-8F17-C658CDE630BF}.Static-Release|Win32.Build.0 = Static-Release|Win32
		{02F57AFA-58A6-49D3-8F17-C658CDE630BF}.Static-Release|x64.ActiveCfg = Static-Release|x64
		{02F57AFA-58A6-49D3-8F17-C658CDE630BF}.Static-Release|x64.Build.0 = Static-Release|x64
		{394BD68F-7AF9-4C27-9B40-5819F24A5B64}.Debug|Win32.ActiveCfg = Debug|Win32
		{394BD68F-7AF9-4C27-9B40-5819F24A5B64}.Debug|Win32.Build.0 = Debug|Win32
		{394BD68F-7AF9-4C27-9B40-5819F24A5B64}.Debug|x64.ActiveCfg = Debug|x64
		{394BD68F-7AF9-4C27-9B40-5819F24A5B64}.Debug|x64.Build.0 = Debug|x64
		{394BD68F-7AF9-4C27-9B40-5819F24A5B64}.Release|Win32.ActiveCfg = Release|Win32
		{394BD68F-7AF9-4C27-9B40-5819F24A5B64}.Release|Win32.Build.0 = Release|Win32
		{394BD68F-7AF9-4C27-9B40-5819F24A5B64}.Release|x64.ActiveCfg = Release|x64
		{394BD68F-7AF9-4C27-9B40-5819F24A5B64}.Release|x64.Build.0 = Release|x64
		{394BD68F-7AF9-4C27-9B40-5819F24A5B64}.Static-Debug|Win32.ActiveCfg = Static-Debug|Win32
		{394BD68F-7AF9-4C27-9B40-5819F24A5B64}.Static-Debug|Win32.Build.0 = Static-Debug|Win32
		{394BD68F-7AF9-4C27-9B40-5819F24A5B64}.Static-Debug|x64.ActiveCfg = Static-Debug|x64
		{394BD68F-7AF9-4C27-9B40-5819F24A5B64}.Static-Debug|x64.Build.0 = Static-Debug|x64
		{394BD68F-7AF9-4C27-9B40-5819F24A5B64}.Static-Release|Win32.ActiveCfg = Static-Release|Win32
		{394BD68F-7AF9-4C27-9B40-5819F24A5B64}.Static-Release|Win32.Build.0 = Static-Release|Win32
		{394BD68F-7AF9-4C27-9B40-5819F24A5B64}.Static-Release|x64.ActiveCfg = Static-Release|x64
		{394BD68F-7AF9-4C27-9B40-5819F24A5B64}.Static-Release|x64.Build.0 = Static-Release|x64
		{EC785B2D-14C3-4AAF-AF33-595BFC96343C}.Debug|Win32.ActiveCfg = Debug|Win32
		{EC785B2D-14C3-4AAF-AF33-595BFC96343C}.Debug|Win32.Build.0 = Debug|Win32
		{EC785B2D-14C3-4AAF-AF33-595BFC96343C}.Debug|x64.ActiveCfg = Debug|x64
		{EC785B2D-14C3-4AAF-AF33-595BFC96343C}.Debug|x64.Build.0 = Debug|x64
		{EC785B2D-14C3-4AAF-AF33-595BFC96343C}.Release|Win32.ActiveCfg = Release|Win32
		{EC785B2D-14C3-4AAF-AF33-595BFC96343C}.Release|Win32.Build.0 = Release|Win32
		{EC785B2D-14C3-4AAF-AF33-595BFC96343C}.Release|x64.ActiveCfg = Release|x64
		{EC785B2D-14C3-4AAF-AF33-595BFC96343C}.Release|x64.Build.0 = Release|x64
		{EC785B2D-14C3-4AAF-AF33-595BFC96343C}.Static-Debug|Win32.ActiveCfg = Static-Debug|Win32
		{EC785B2D-14C3-4AAF-AF33-595BFC96343C}.Static-Debug|Win32.Build.0 = Static-Debug|Win32
		{EC785B2D-14C3-4AAF-AF33-595BFC96343C}.Static-Debug|x64.ActiveCfg = Static-Debug|x64
		{EC785B2D-14C3-4AAF-AF33-595BFC96343C}.Static-Debug|x64.Build.0 = Static-Debug|x64
		{EC785B2D-14C3-4AAF-AF33-595BFC96343C}.Static-Release|Win32.ActiveCfg = Static-Release|Win32
		{EC785B2D-14C3-4AAF-AF33-595BFC96343C}.Static-Release|Win32.Build.0 = Static-Release|Win32
		{EC785B2D-14C3-4AAF-AF33-595BFC96343C}.Static-Release|x64.ActiveCfg = Static-Release|x64
		{EC785B2D-14C3-4AAF-AF33-595BFC96343C}.Static-Release|x64.Build.0 = Static-Release|x64
		{9F3EACCC-FD87-407F-81B3-51F67C463106}.Debug|Win32.ActiveCfg = Debug|Win32
		{9F3EACCC-FD87-407F-81B3-51F67C463106}.Debug|Win32.Build.0 = Debug|Win32
		{9F3EACCC-FD87-407F-81B3-51F67C463106}.Debug|x64.ActiveCfg = Debug|x64
		{9F3EACCC-FD87-407F-81B3-51F67C463106}.Debug|x64.Build.0 = Debug|x64
		{9F3EACCC-FD87-407F-81B3-51F67C463106}.Release|Win32.ActiveCfg = Release|Win32
		{9F3EACCC-FD87-407F-81B3-51F67C463106}.Release|Win32.Build.0 = Release|Win32
		{9F3EACCC-FD87-407F-81B3-51F67C463106}.Release|x64.ActiveCfg = Release|x64
		{9F3EACCC-FD87-407F-81B3-51F67C463106}.Release|x64.Build.0 = Release|x64
		{9F3EACCC-FD87-407F-81B3-51F67C463106}.Static-Debug|Win32.ActiveCfg = Static-Debug|Win32
		{9F3EACCC-FD87-407F-81B3-51F67C463106}.Static-Debug|Win32.Build.0 = Static-Debug|Win32
		{9F3EACCC-FD87-407F-81B3-51F67C463106}.Static-Debug|x64.ActiveCfg = Static-Debug|x64
		{9F3EACCC-FD87-407F-81B3-51F67C463106}.Static-Debug|x64.Build.0 = Static-Debug|x64
		{9F3EACCC-FD87-407F-81B3-51F67C463106}.Static-Release|Win32.ActiveCfg = Static-Release|Win32
		{9F3EACCC-FD87-407F-81B3-51F67C463106}.Static-Release|Win32.Build.0 = Static-Release|Win32
		{9F3EACCC-FD87-407F-81B3-51F67C463106}.Static-Release|x64.ActiveCfg = Static-Release|x64
		{9F3EACCC-FD87-407F-81B3-51F67C463106}.Static-Release|x64.Build.0 = Static-Release|x64
		{D73F51F3-3C0C-4E82-A0C2-10823534A5D8}.Debug|Win32.ActiveCfg = Debug|Win32
		{D73F51F3-3C0C-4E82-A0C2-10823534A5D8}.Debug|Win32.Build.0 = Debug|Win32
		{D73F51F3-3C0C-4E82-A0C2-10823534A5D8}.Debug|x64.ActiveCfg = Debug|x64
		{D73F51F3-3C0C-4E82-A0C2-10823534A5D8}.Debug|x64.Build.0 = Debug|x64
		{D73F51F3-3C0C-4E82-A0C2-10823534A5D8}.Release|Win32.ActiveCfg = Release|Win32
		{D73F51F3-3C0C-4E82-A0C2-10823534A5D8}.Release|Win32.Build.0 = Release|Win32
		{D73F51F3-3C0C-4E82-A0C2-10823534A5D8}.Release|x64.ActiveCfg = Release|x64
		{D73F51F3-3C0C-4E82-A0C2-10823534A5D8}.Release|x64.Build.0 = Release|x64
		{D73F51F3-3C0C-4E82-A0C2-10823534A5D8}.Static-Debug|Win32.ActiveCfg = Static-Debug|Win32
		{D73F51F3-3C0C-4E82-A0C2-10823534A5D8}.Static-Debug|Win32.Build.0 = Static-Debug|Win32
		{D73F51F3-3C0C-4E82-A0C2-10823534A5D8}.Static-Debug|x64.ActiveCfg = Static-Debug|x64
		{D73F51F3-3C0C-4E82-A0C2-10823534A5D8}.Static-Debug|x64.Build.0 = Static-Debug|x64
		{D73F51F3-3C0C-4E82-A0C2-10823534A5D8}.Static-Release|Win32.ActiveCfg = Static-Release|Win32
		{D73F51F3-3C0C-4E82-A0C2-10823534A5D8}.Static-Release|Win32.Build.0 = Static-Release|Win32
		{D73F51F3-3C0C-4E82-A0C2-10823534A5D8}.Static-Release|x64.ActiveCfg = Static-Release|x64
		{D73F51F3-3C0C-4E82-A0C2-10823534A5D8}.Static-Release|x64.Build.0 = Static-Release|x64
		{5C35B076-C8CC-44BD-8C84-DF29770EECB4}.Debug|Win32.ActiveCfg = Debug|Win32
		{5C35B076-C8CC-44BD-8C84-DF29770EECB4}.Debug|Win32.Build.0 = Debug|Win32
		{5C35B076-C8CC-44BD-8C84-DF29770EECB4}.Debug|x64.ActiveCfg = Debug|x64
		{5C35B076-C8CC-44BD-8C84-DF29770EECB4}.Debug|x64.Build.0 = Debug|x64
		{5C35B076-C8CC-44BD-8C84-DF29770EECB4}.Release|Win32.ActiveCfg = Release|Win32
		{5C35B076-C8CC-44BD-8C84-DF29770EECB4}.Release|Win32.Build.0 = Release|Win32
		{5C35B076-C8CC-44BD-8C84-DF29770EECB4}.Release|x64.ActiveCfg = Release|x64
		{5C35B076-C8CC-44BD-8C84-DF29770EECB4}.Release|x64.Build.0 = Release|x64
		{5C35B076-C8CC-44BD-8C84-DF29770EECB4}.Static-Debug|Win32.ActiveCfg = Static-Debug|Win32
		{5C35B076-C8CC-44BD-8C84-DF29770EECB4}.Static-Debug|Win32.Build.0 = Static-Debug|Win32
		{5C35B076-C8CC-44BD-8C84-DF29770EECB4}.Static-Debug|x64.ActiveCfg = Static-Debug|x64
		{5C35B076-C8CC-44BD-8C84-DF29770EECB4}.Static-Debug|x64.Build.0 = Static-Debug|x64
		{5C35B076-C8CC-44BD-8C84-DF29770EECB4}.Static-Release|Win32.ActiveCfg = Static-Release|Win32
		{5C35B076-C8CC-44BD-8C84-DF29770EECB4}.Static-Release|Win32.Build.0 = Static-Release|Win32
		{5C35B076-C8CC-44BD-8C84-DF29770EECB4}.Static-Release|x64.ActiveCfg = Static-Release|x64
		{5C35B076-C8CC-44BD-8C84-DF29770EECB4}.Static-Release|x64.Build.0 = Static-Release|x64
		{2102407C-65A1-4C6B-B76C-7C042913DF9E}.Debug|Win32.ActiveCfg = Debug|Win32
		{2102407C-65A1-4C6B-B76C-7C042913DF9E}.Debug|Win32.Build.0 = Debug|Win32
		{2102407C-65A1-4C6B-B76C-7C042913DF9E}.Debug|x64.ActiveCfg = Debug|x64
		{2102407C-65A1-4C6B-B76C-7C042913DF9E}.Debug|x64.Build.0 = Debug|x64
		{2102407C-65A1-4C6B-B76C-7C042913DF9E}.Release|Win32.ActiveCfg = Release|Win32
		{2102407C-65A1-4C6B-B76C-7C042913DF9E}.Release|Win32.Build.0 = Release|Win32
		{2102407C-65A1-4C6B-B76C-7C042913DF9E}.Release|x64.ActiveCfg = Release|x64
		{2102407C-65A1-4C6B-B76C-7C042913DF9E}.Release|x64.Build.0 = Release|x64
		{2102407C-65A1-4C6B-B76C-7C042913DF9E}.Static-Debug|Win32.ActiveCfg = Static-Debug|Win32
		{2102407C-65A1-4C6B-B76C-7C042913DF9E}.Static-Debug|Win32.Build.0 = Static-Debug|Win32
		{2102407C-65A1-4C6B-B76C-7C042913DF9E}.Static-Debug|x64.ActiveCfg = Static-Debug|x64
		{2102407C-65A1-4C6B-B76C-7C042913DF9E}.Static-Debug|x64.Build.0 = Static-Debug|x64
		{2102407C-65A1-4C6B-B76C-7C042913DF9E}.Static-Release|Win32.ActiveCfg = Static-Release|Win32
		{2102407C-65A1-4C6B-B76C-7C042913DF9E}.Static-Release|Win32.Build.0 = Static-Release|Win32
		{2102407C-65A1-4C6B-B76C-7C042913DF9E}.Static-Release|x64.ActiveCfg = Static-Release|x64
		{2102407C-65A1-4C6B-B76C-7C042913DF9E}.Static-Release|x64.Build.0 = Static-Release|x64
		{D819C64C-D6E5-4A16-A148-CD821873F340}.Debug|Win32.ActiveCfg = Debug|Win32
		{D819C64C-D6E5-4A16-A148-CD821873F340}.Debug|Win32.Build.0 = Debug|Win32
		{D819C64C-D6E5-4A16-A148-CD821873F340}.Debug|x64.ActiveCfg = Debug|x64
		{D819C64C-D6E5-4A16-A148-CD821873F340}.Debug|x64.Build.0 = Debug|x64
		{D819C64C-D6E5-4A16-A148-CD821873F340}.Release|Win32.ActiveCfg = Release|Win32
		{D819C64C-D6E5-4A16-A148-CD821873F340}.Release|Win32.Build.0 = Release|Win32
		{D819C64C-D6E5-4A16-A148-CD821873F340}.Release|x64.ActiveCfg = Release|x64
		{D819C64C-D6E5-4A16-A148-CD821873F340}.Release|x64.Build.0 = Release|x64
		{D819C64C-D6E5-4A16-A148-CD821873F340}.Static-Debug|Win32.ActiveCfg = Static-Debug|Win32
		{D819C64C-D6E5-4A16-A148-CD821873F340}.Static-Debug|Win32.Build.0 = Static-Debug|Win32
		{D819C64C-D6E5-4A16-A148-CD821873F340}.Static-Debug|x64.ActiveCfg = Static-Debug|x64
		{D819C64C-D6E5-4A16-A148-CD821873F340}.Static-Debug|x64.Build.0 = Static-Debug|x64
		{D819C64C-D6E5-4A16-A148-CD821873F340}.Static-Release|Win32.ActiveCfg = Static-Release|Win32
		{D819C64C-D6E5-4A16-A148-CD821873F340}.Static-Release|Win32.Build.0 = Static-Release|Win32
		{D819C64C-D6E5-4A16-A148-CD821873F340}.Static-Release|x64.ActiveCfg = Static-Release|x64
		{D819C64C-D6E5-4A16-A148-CD821873F340}.Static-Release|x64.Build.0 = Static-Release|x64
		{85BAEC13-7D82-480E-8B69-C0ACD0E57E41}.Debug|Win32.ActiveCfg = Debug|Win32
		{85BAEC13-7D82-480E-8B69-C0ACD0E57E41}.Debug|Win32.Build.0 = Debug|Win32
		{85BAEC13-7D82-480E-8B69-C0ACD0E57E41}.Debug|x64.ActiveCfg = Debug|x64
		{85BAEC13-7D82-480E-8B69-C0ACD0E57E41}.Debug|x64.Build.0 = Debug|x64
		{85BAEC13-7D82-480E-8B69-C0ACD0E57E41}.Release|Win32.ActiveCfg = Release|Win32
		{85BAEC13-7D82-480E-8B69-C0ACD0E57E41}.Release|Win32.Build.0 = Release|Win32
		{85BAEC13-7D82-480E-8B69-C0ACD0E57E41}.Release|x64.ActiveCfg = Release|x64
		{85BAEC13-7D82-480E-8B69-C0ACD0E57E41}.Release|x64.Build.0 = Release|x64
		{85BAEC13-7D82-480E-8B69-C0ACD0E57E41}.Static-Debug|Win32.ActiveCfg = Static-Debug|Win32
		{85BAEC13-7D82-480E-8B69-C0ACD0E57E41}.Static-Debug|Win32.Build.0 = Static-Debug|Win32
		{85BAEC13-7D82-480E-8B69-C0ACD0E57E41}.Static-Debug|x64.ActiveCfg = Static-Debug|x64
		{85BAEC13-7D82-480E-8B69-C0ACD0E57E41}.Static-Debug|x64.Build.0 = Static-Debug|x64
		{85BAEC13-7D82-480E-8B69-C0ACD0E57E41}.Static-Release|Win32.ActiveCfg = Static-Release|Win32
		{85BAEC13-7D82-480E-8B69-C0ACD0E57E41}.Static-Release|Win32.Build.0 = Static-Release|Win32
		{85BAEC13-7D82-480E-8B69-C0ACD0E57E41}.Static-Release|x64.ActiveCfg = Static-Release|x64
		{85BAEC13-7D82-480E-8B69-C0ACD0E57E41}.Static-Release|x64.Build.0 = Static-Release|x64
		{406C5942-F666-434F-8F70-0AC2E9C82BE1}.Debug|Win32.ActiveCfg = Debug|Win32
		{406C5942-F666-434F-8F70-0AC2E9C82BE1}.Debug|Win32.Build.0 = Debug|Win32
		{406C5942-F666-434F-8F70-0AC2E9C82BE1}.Debug|x64.ActiveCfg = Debug|x64
		{406C5942-F666-434F-8F70-0AC2E9C82BE1}.Debug|x64.Build.0 = Debug|x64
		{406C5942-F666-434F-8F70-0AC2E9C82BE1}.Release|Win32.ActiveCfg = Release|Win32
		{406C5942-F666-434F-8F70-0AC2E9C82BE1}.Release|Win32.Build.0 = Release|Win32
		{406C5942-F666-434F-8F70-0AC2E9C82BE1}.Release|x64.ActiveCfg = Release|x64
		{406C5942-F666-434F-8F70-0AC2E9C82BE1}.Release|x64.Build.0 = Release|x64
		{406C5942-F666-434F-8F70-0AC2E9C82BE1}.Static-Debug|Win32.ActiveCfg = Static-Debug|Win32
		{406C5942-F666-434F-8F70-0AC2E9C82BE1}.Static-Debug|Win32.Build.0 = Static-Debug|Win32
		{406C5942-F666-434F-8F70-0AC2E9C82BE1}.Static-Debug|x64.ActiveCfg = Static-Debug|x64
		{406C5942-F666-434F-8F70-0AC2E9C82BE1}.Static-Debug|x64.Build.0 = Static-Debug|x64
		{406C5942-F666-434F-8F70-0AC2E9C82BE1}.Static-Release|Win32.ActiveCfg = Static-Release|Win32
		{406C5942-F666-434F-8F70-0AC2E9C82BE1}.Static-Release|Win32.Build.0 = Static-Release|Win32
		{406C5942-F666-434F-8F70-0AC2E9C82BE1}.Static-Release|x64.ActiveCfg = Static-Release|x64
		{406C5942-F666-434F-8F70-0AC2E9C82BE1}.Static-Release|x64.Build.0 = Static-Release|x64
		{F90BA7DA-DB48-4A2B-A271-6A6B5E38BB68}.Debug|Win32.ActiveCfg = Debug|Win32
		{F90BA7DA-DB48-4A2B-A271-6A6B5E38BB68}.Debug|Win32.Build.0 = Debug|Win32
		{F90BA7DA-DB48-4A2B-A271-6A6B5E38BB68}.Debug|x64.ActiveCfg = Debug|x64
		{F90BA7DA-DB48-4A2B-A271-6A6B5E38BB68}.Debug|x64.Build.0 = Debug|x64
		{F90BA7DA-DB48-4A2B-A271-6A6B5E38BB68}.Release|Win32.ActiveCfg = Release|Win32
		{F90BA7DA-DB48-4A2B-A271-6A6B5E38BB68}.Release|Win32.Build.0 = Release|Win32
		{F90BA7DA-DB48-4A2B-A271-6A6B5E38BB68}.Release|x64.ActiveCfg = Release|x64
		{F90BA7DA-DB48-4A2B-A271-6A6B5E38BB68}.Release|x64.Build.0 = Release|x64
		{F90BA7DA-DB48-4A2B-A271-6A6B5E38BB68}.Static-Debug|Win32.ActiveCfg = Static-Debug|Win32
		{F90BA7DA-DB48-4A2B-A271-6A6B5E38BB68}.Static-Debug|Win32.Build.0 = Static-Debug|Win32
		{F90BA7DA-DB48-4A2B-A271-6A6B5E38BB68}.Static-Debug|x64.ActiveCfg = Static-Debug|x64
		{F90BA7DA-DB48-4A2B-A271-6A6B5E38BB68}.Static-Debug|x64.Build.0 = Static-Debug|x64
		{F90BA7DA-DB48-4A2B-A271-6A6B5E38BB68}.Static-Release|Win32.ActiveCfg = Static-Release|Win32
		{F90BA7DA-DB48-4A2B-A271-6A6B5E38BB68}.Static-Release|Win32.Build.0 = Static-Release|Win32
		{F90BA7DA-DB48-4A2B-A271-6A6B5E38BB68}.Static-Release|x64.ActiveCfg = Static-Release|x64
		{F90BA7DA-DB48-4A2B-A271-6A6B5E38BB68}.Static-Release|x64.Build.0 = Static-Release|x64
		{6D96CD73-F1E4-44EB-B41A-668335384A01}.Debug|Win32.ActiveCfg = Debug|Win32
		{6D96CD73-F1E4-44EB-B41A-668335384A01}.Debug|Win32.Build.0 = Debug|Win32
		{6D96CD73-F1E4-44EB-B41A-668335384A01}.Debug|x64.ActiveCfg = Debug|x64
		{6D96CD73-F1E4-44EB-B41A-668335384A01}.Debug|x64.Build.0 = Debug|x64
		{6D96CD73-F1E4-44EB-B41A-668335384A01}.Release|Win32.ActiveCfg = Release|Win32
		{6D96CD73-F1E4-44EB-B41A-668335384A01}.Release|Win32.Build.0 = Release|Win32
		{6D96CD73-F1E4-44EB-B41A-668335384A01}.Release|x64.ActiveCfg = Release|x64
		{6D96CD73-F1E4-44EB-B41A-668335384A01}.Release|x64.Build.0 = Release|x64
		{6D96CD73-F1E4-44EB-B41A-668335384A01}.Static-Debug|Win32.ActiveCfg = Static-Debug|Win32
		{6D96CD73-F1E4-44EB-B41A-668335384A01}.Static-Debug|Win32.Build.0 = Static-Debug|Win32
		{6D96CD73-F1E4-44EB-B41A-668335384A01}.Static-Debug|x64.ActiveCfg = Static-Debug|x64
		{6D96CD73-F1E4-44EB-B41A-668335384A01}.Static-Debug|x64.Build.0 = Static-Debug|x64
		{6D96CD73-F1E4-44EB-B41A-668335384A01}.Static-Release|Win32.ActiveCfg = Static-Release|Win32
		{6D96CD73-F1E4-44EB-B41A-668335384A01}.Static-Release|Win32.Build.0 = Static-Release|Win32
		{6D96CD73-F1E4-44EB-B41A-668335384A01}.Static-Release|x64.ActiveCfg = Static-Release|x64
		{6D96CD73-F1E4-44EB-B41A-668335384A01}.Static-Release|x64.Build.0 = Static-Release|x64
		{D3E1FDC9-9E5B-4B01-865B-7D6DC7BC3378}.Debug|Win32.ActiveCfg = Debug|Win32
		{D3E1FDC9-9E5B-4B01-865B-7D6DC7BC3378}.Debug|x64.ActiveCfg = Debug|x64
		{D3E1FDC9-9E5B-4B01-865B-7D6DC7BC3378}.Release|Win32.ActiveCfg = Release|Win32
		{D3E1FDC9-9E5B-4B01-865B-7D6DC7BC3378}.Release|x64.ActiveCfg = Release|x64
		{D3E1FDC9-9E5B-4B01-865B-7D6DC7BC3378}.Static-Debug|Win32.ActiveCfg = Static-Debug|Win32
		{D3E1FDC9-9E5B-4B01-865B-7D6DC7BC3378}.Static-Debug|Win32.Build.0 = Static-Debug|Win32
		{D3E1FDC9-9E5B-4B01-865B-7D6DC7BC3378}.Static-Debug|x64.ActiveCfg = Static-Debug|x64
		{D3E1FDC9-9E5B-4B01-865B-7D6DC7BC3378}.Static-Debug|x64.Build.0 = Static-Debug|x64
		{D3E1FDC9-9E5B-4B01-865B-7D6DC7BC3378}.Static-Release|Win32.ActiveCfg = Static-Release|Win32
		{D3E1FDC9-9E5B-4B01-865B-7D6DC7BC3378}.Static-Release|x64.ActiveCfg = Static-Release|x64
		{85116009-8ABB-42ED-A208-BE98CF65CFEF}.Debug|Win32.ActiveCfg = Debug|Win32
		{85116009-8ABB-42ED-A208-BE98CF65CFEF}.Debug|Win32.Build.0 = Debug|Win32
		{85116009-8ABB-42ED-A208-BE98CF65CFEF}.Debug|x64.ActiveCfg = Debug|x64
		{85116009-8ABB-42ED-A208-BE98CF65CFEF}.Debug|x64.Build.0 = Debug|x64
		{85116009-8ABB-42ED-A208-BE98CF65CFEF}.Release|Win32.ActiveCfg = Release|Win32
		{85116009-8ABB-42ED-A208-BE98CF65CFEF}.Release|Win32.Build.0 = Release|Win32
		{85116009-8ABB-42ED-A208-BE98CF65CFEF}.Release|x64.ActiveCfg = Release|x64
		{85116009-8ABB-42ED-A208-BE98CF65CFEF}.Release|x64.Build.0 = Release|x64
		{85116009-8ABB-42ED-A208-BE98CF65CFEF}.Static-Debug|Win32.ActiveCfg = Static-Debug|Win32
		{85116009-8ABB-42ED-A208-BE98CF65CFEF}.Static-Debug|Win32.Build.0 = Static-Debug|Win32
		{85116009-8ABB-42ED-A208-BE98CF65CFEF}.Static-Debug|x64.ActiveCfg = Static-Debug|x64
		{85116009-8ABB-42ED-A208-BE98CF65CFEF}.Static-Debug|x64.Build.0 = Static-Debug|x64
		{85116009-8ABB-42ED-A208-BE98CF65CFEF}.Static-Release|Win32.ActiveCfg = Static-Release|Win32
		{85116009-8ABB-42ED-A208-BE98CF65CFEF}.Static-Release|Win32.Build.0 = Static-Release|Win32
		{85116009-8ABB-42ED-A208-BE98CF65CFEF}.Static-Release|x64.ActiveCfg = Static-Release|x64
		{85116009-8ABB-42ED-A208-BE98CF65CFEF}.Static-Release|x64.Build.0 = Static-Release|x64
		{086018B9-059F-40DE-8FAB-9FAED3652BB9}.Debug|Win32.ActiveCfg = Debug|Win32
		{086018B9-059F-40DE-8FAB-9FAED3652BB9}.Debug|Win32.Build.0 = Debug|Win32
		{086018B9-059F-40DE-8FAB-9FAED3652BB9}.Debug|x64.ActiveCfg = Debug|x64
		{086018B9-059F-40DE-8FAB-9FAED3652BB9}.Debug|x64.Build.0 = Debug|x64
		{086018B9-059F-40DE-8FAB-9FAED3652BB9}.Release|Win32.ActiveCfg = Release|Win32
		{086018B9-059F-40DE-8FAB-9FAED3652BB9}.Release|Win32.Build.0 = Release|Win32
		{086018B9-059F-40DE-8FAB-9FAED3652BB9}.Release|x64.ActiveCfg = Release|x64
		{086018B9-059F-40DE-8FAB-9FAED3652BB9}.Release|x64.Build.0 = Release|x64
		{086018B9-059F-40DE-8FAB-9FAED3652BB9}.Static-Debug|Win32.ActiveCfg = Static-Debug|Win32
		{086018B9-059F-40DE-8FAB-9FAED3652BB9}.Static-Debug|Win32.Build.0 = Static-Debug|Win32
		{086018B9-059F-40DE-8FAB-9FAED3652BB9}.Static-Debug|x64.ActiveCfg = Static-Debug|x64
		{086018B9-059F-40DE-8FAB-9FAED3652BB9}.Static-Debug|x64.Build.0 = Static-Debug|x64
		{086018B9-059F-40DE-8FAB-9FAED3652BB9}.Static-Release|Win32.ActiveCfg = Static-Release|Win32
		{086018B9-059F-40DE-8FAB-9FAED3652BB9}.Static-Release|Win32.Build.0 = Static-Release|Win32
		{086018B9-059F-40DE-8FAB-9FAED3652BB9}.Static-Release|x64.ActiveCfg = Static-Release|x64
		{086018B9-059F-40DE-8FAB-9FAED3652BB9}.Static-Release|x64.Build.0 = Static-Release|x64
		{4D479C7B-D20C-4E11-95CB-2AC3A79253FD}.Debug|Win32.ActiveCfg = Debug|Win32
		{4D479C7B-D20C-4E11-95CB-2AC3A79253FD}.Debug|Win32.Build.0 = Debug|Win32
		{4D479C7B-D20C-4E11-95CB-2AC3A79253FD}.Debug|x64.ActiveCfg = Debug|x64
		{4D479C7B-D20C-4E11-95CB-2AC3A79253FD}.Debug|x64.Build.0 = Debug|x64
		{4D479C7B-D20C-4E11-95CB-2AC3A79253FD}.Release|Win32.ActiveCfg = Release|Win32
		{4D479C7B-D20C-4E11-95CB-2AC3A79253FD}.Release|Win32.Build.0 = Release|Win32
		{4D479C7B-D20C-4E11-95CB-2AC3A79253FD}.Release|x64.ActiveCfg = Release|x64
		{4D479C7B-D20C-4E11-95CB-2AC3A79253FD}.Release|x64.Build.0 = Release|x64
		{4D479C7B-D20C-4E11-95CB-2AC3A79253FD}.Static-Debug|Win32.ActiveCfg = Static-Debug|Win32
		{4D479C7B-D20C-4E11-95CB-2AC3A79253FD}.Static-Debug|Win32.Build.0 = Static-Debug|Win32
		{4D479C7B-D20C-4E11-95CB-2AC3A79253FD}.Static-Debug|x64.ActiveCfg = Static-Debug|x64
		{4D479C7B-D20C-4E11-95CB-2AC3A79253FD}.Static-Debug|x64.Build.0 = Static-Debug|x64
		{4D479C7B-D20C-4E11-95CB-2AC3A79253FD}.Static-Release|Win32.ActiveCfg = Static-Release|Win32
		{4D479C7B-D20C-4E11-95CB-2AC3A79253FD}.Static-Release|Win32.Build.0 = Static-Release|Win32
		{4D479C7B-D20C-4E11-95CB-2AC3A79253FD}.Static-Release|x64.ActiveCfg = Static-Release|x64
		{4D479C7B-D20C-4E11-95CB-2AC3A79253FD}.Static-Release|x64.Build.0 = Static-Release|x64
	EndGlobalSection
	GlobalSection(SolutionProperties) = preSolution
		HideSolutionNode = FALSE
	EndGlobalSection
EndGlobal
